Microsoft Visual Studio Solution File, Format Version 12.00
# Visual Studio 2013
Project("{8BC9CEB8-8B4A-11D0-8D11-00A0C91BC942}") = "ALL_BUILD", "ALL_BUILD.vcxproj", "{3A3924F9-7B3A-474C-94BF-8EF8E3BD0C17}"
	ProjectSection(ProjectDependencies) = postProject
		{EA9D9CE5-2EEB-4181-A74F-ECA1328152EF} = {EA9D9CE5-2EEB-4181-A74F-ECA1328152EF}
		{C60B84E3-23F6-42C2-AD05-2BD34D0D0A76} = {C60B84E3-23F6-42C2-AD05-2BD34D0D0A76}
		{6129F3E0-6C04-45F1-83E5-5979B8EC630D} = {6129F3E0-6C04-45F1-83E5-5979B8EC630D}
		{F04A999C-A041-4642-AC4D-70E32DF447A4} = {F04A999C-A041-4642-AC4D-70E32DF447A4}
		{0B5DC5C8-56F2-42E3-8C23-5AF1B01D6B07} = {0B5DC5C8-56F2-42E3-8C23-5AF1B01D6B07}
		{203AD3EB-E92D-4C5C-BCCF-5D9156F6E2C2} = {203AD3EB-E92D-4C5C-BCCF-5D9156F6E2C2}
		{B4C51807-982F-426E-BEF1-1744892C61F3} = {B4C51807-982F-426E-BEF1-1744892C61F3}
		{485063B6-98C1-4F4C-B012-D4386ADE11DC} = {485063B6-98C1-4F4C-B012-D4386ADE11DC}
		{2B016443-4CB0-460B-B6AE-ECE8CA9CA74E} = {2B016443-4CB0-460B-B6AE-ECE8CA9CA74E}
		{0ED2174E-2BDB-456B-BF8B-CBF0DCD6FB14} = {0ED2174E-2BDB-456B-BF8B-CBF0DCD6FB14}
		{5F725D27-9741-4746-B67F-F9504087D7D0} = {5F725D27-9741-4746-B67F-F9504087D7D0}
		{4391DF16-526A-492F-A2E0-6653B5A1F5E3} = {4391DF16-526A-492F-A2E0-6653B5A1F5E3}
		{78D6826A-3396-45AF-A615-1C3F691D5788} = {78D6826A-3396-45AF-A615-1C3F691D5788}
		{42E7EF30-86BC-42CD-8AF9-9555D430FEBE} = {42E7EF30-86BC-42CD-8AF9-9555D430FEBE}
		{21088D21-F918-4875-93B4-11B1827DC3DD} = {21088D21-F918-4875-93B4-11B1827DC3DD}
		{B3A0C056-E6E9-4053-BEFA-E2C2EC158984} = {B3A0C056-E6E9-4053-BEFA-E2C2EC158984}
		{64B2B477-9E39-4E6A-8858-5BBE7B08237B} = {64B2B477-9E39-4E6A-8858-5BBE7B08237B}
		{77484277-75D0-45E0-BFD8-C4B2199609FD} = {77484277-75D0-45E0-BFD8-C4B2199609FD}
		{1EC8C528-6145-4F77-A867-9634DABA58EE} = {1EC8C528-6145-4F77-A867-9634DABA58EE}
		{BE1BFA3A-8988-4129-B66A-C0B2FCD7B5F4} = {BE1BFA3A-8988-4129-B66A-C0B2FCD7B5F4}
		{9A4A3CB8-D60B-4F5B-A984-8BE0C604769B} = {9A4A3CB8-D60B-4F5B-A984-8BE0C604769B}
		{2CDB23FC-E28D-4FEA-9333-27EE9E626D8D} = {2CDB23FC-E28D-4FEA-9333-27EE9E626D8D}
		{4749B77F-0F53-49DF-BFE3-31FCD8296045} = {4749B77F-0F53-49DF-BFE3-31FCD8296045}
		{C0DCE39D-7179-49D4-BD0B-04E866DE10F8} = {C0DCE39D-7179-49D4-BD0B-04E866DE10F8}
		{30A72776-2EA5-4113-B47B-498019710BE9} = {30A72776-2EA5-4113-B47B-498019710BE9}
		{81067B17-75FF-4EE2-8AAD-C2DE281B4AC9} = {81067B17-75FF-4EE2-8AAD-C2DE281B4AC9}
		{5B87FE50-8935-4DA9-9DF6-19684E623F3A} = {5B87FE50-8935-4DA9-9DF6-19684E623F3A}
		{48766CBF-6AE0-4F44-BA92-D2FB9FA954ED} = {48766CBF-6AE0-4F44-BA92-D2FB9FA954ED}
		{2B334156-E4AC-4DF9-9805-172B38110500} = {2B334156-E4AC-4DF9-9805-172B38110500}
		{6F72CF1B-6122-4D8D-BE0B-C0F4E4CBCD54} = {6F72CF1B-6122-4D8D-BE0B-C0F4E4CBCD54}
		{27DD94CF-76A8-4875-8370-B3139D528C1C} = {27DD94CF-76A8-4875-8370-B3139D528C1C}
		{FFB9A3DC-F9EC-4E88-9BE5-D06ADF2A378F} = {FFB9A3DC-F9EC-4E88-9BE5-D06ADF2A378F}
		{855E5477-0676-4E1F-9C92-F1578B2C42E3} = {855E5477-0676-4E1F-9C92-F1578B2C42E3}
		{D4E04D5C-5E00-479F-B2AC-0E791D2BEC80} = {D4E04D5C-5E00-479F-B2AC-0E791D2BEC80}
		{625F3245-E70D-4A54-9DA9-CFA47C095C9E} = {625F3245-E70D-4A54-9DA9-CFA47C095C9E}
		{B698B960-89AB-4B8C-801A-0BCCB53B4B63} = {B698B960-89AB-4B8C-801A-0BCCB53B4B63}
		{369F7691-F952-45C4-BDC7-347322B52B9A} = {369F7691-F952-45C4-BDC7-347322B52B9A}
		{8C53F1C5-BF87-40E5-AB7B-760B8279DA61} = {8C53F1C5-BF87-40E5-AB7B-760B8279DA61}
		{DAB5DC97-73AA-47C1-A2B4-83D7E2FB430A} = {DAB5DC97-73AA-47C1-A2B4-83D7E2FB430A}
		{D30DF97C-270B-4451-9B9B-5CB6C1CB8F2C} = {D30DF97C-270B-4451-9B9B-5CB6C1CB8F2C}
		{6466D5B9-E407-490F-AF20-13E310D6BCBB} = {6466D5B9-E407-490F-AF20-13E310D6BCBB}
		{D4433D05-B900-415E-962B-1EBB5B943290} = {D4433D05-B900-415E-962B-1EBB5B943290}
		{FFBC5AB5-8996-4AF1-867E-603397DA680A} = {FFBC5AB5-8996-4AF1-867E-603397DA680A}
		{BD8DE974-A9F3-4E40-BCFC-F6029BC6677D} = {BD8DE974-A9F3-4E40-BCFC-F6029BC6677D}
		{77ABFF4B-5173-478E-9B7C-D4C57D0D8B19} = {77ABFF4B-5173-478E-9B7C-D4C57D0D8B19}
		{4F0D333E-4601-4FAE-97DE-BF17A6EFCEB2} = {4F0D333E-4601-4FAE-97DE-BF17A6EFCEB2}
		{DA27D3B2-5E86-454A-B50A-530463FA0A0F} = {DA27D3B2-5E86-454A-B50A-530463FA0A0F}
		{88015B5F-4C87-4296-B3BE-583DC16BF24B} = {88015B5F-4C87-4296-B3BE-583DC16BF24B}
		{B766F918-1BBE-45AB-97D7-F1B7E40B3C0E} = {B766F918-1BBE-45AB-97D7-F1B7E40B3C0E}
		{F84BAF40-3E36-4DEA-9DEC-64DC45518520} = {F84BAF40-3E36-4DEA-9DEC-64DC45518520}
		{329E53AF-7260-4867-AA35-BEB2798B2643} = {329E53AF-7260-4867-AA35-BEB2798B2643}
		{2E3C7776-637D-47F3-9D97-D728991DB070} = {2E3C7776-637D-47F3-9D97-D728991DB070}
		{A66FE44E-9A9F-46AC-945C-3620ED52F385} = {A66FE44E-9A9F-46AC-945C-3620ED52F385}
		{025B165C-4C94-4387-BBE7-B22DC31952BB} = {025B165C-4C94-4387-BBE7-B22DC31952BB}
		{74B1879F-26E5-4CA8-8A42-7F059E51951C} = {74B1879F-26E5-4CA8-8A42-7F059E51951C}
		{8D580032-BF6F-48CB-BC90-4C300CD1BAC9} = {8D580032-BF6F-48CB-BC90-4C300CD1BAC9}
		{BB88005F-F05F-414C-B17B-ED7CAA8F78B8} = {BB88005F-F05F-414C-B17B-ED7CAA8F78B8}
		{54AA1735-3316-4BF7-88F1-24B551628BDF} = {54AA1735-3316-4BF7-88F1-24B551628BDF}
		{FF512C42-15BD-4BE0-BD45-0940F6527D04} = {FF512C42-15BD-4BE0-BD45-0940F6527D04}
		{071CB40D-5245-4F86-B0E1-E62AE2950192} = {071CB40D-5245-4F86-B0E1-E62AE2950192}
		{AB938CD2-B646-4603-9D04-3054DE9944E2} = {AB938CD2-B646-4603-9D04-3054DE9944E2}
		{E0364A85-F9D4-4A77-92A4-9F378A0F499A} = {E0364A85-F9D4-4A77-92A4-9F378A0F499A}
	EndProjectSection
EndProject
Project("{8BC9CEB8-8B4A-11D0-8D11-00A0C91BC942}") = "AppAllBulletDemos", "Demos\AllBulletDemos\AppAllBulletDemos.vcxproj", "{EA9D9CE5-2EEB-4181-A74F-ECA1328152EF}"
	ProjectSection(ProjectDependencies) = postProject
		{4F0D333E-4601-4FAE-97DE-BF17A6EFCEB2} = {4F0D333E-4601-4FAE-97DE-BF17A6EFCEB2}
		{DA27D3B2-5E86-454A-B50A-530463FA0A0F} = {DA27D3B2-5E86-454A-B50A-530463FA0A0F}
		{88015B5F-4C87-4296-B3BE-583DC16BF24B} = {88015B5F-4C87-4296-B3BE-583DC16BF24B}
		{F84BAF40-3E36-4DEA-9DEC-64DC45518520} = {F84BAF40-3E36-4DEA-9DEC-64DC45518520}
		{A66FE44E-9A9F-46AC-945C-3620ED52F385} = {A66FE44E-9A9F-46AC-945C-3620ED52F385}
		{74B1879F-26E5-4CA8-8A42-7F059E51951C} = {74B1879F-26E5-4CA8-8A42-7F059E51951C}
		{8D580032-BF6F-48CB-BC90-4C300CD1BAC9} = {8D580032-BF6F-48CB-BC90-4C300CD1BAC9}
		{BB88005F-F05F-414C-B17B-ED7CAA8F78B8} = {BB88005F-F05F-414C-B17B-ED7CAA8F78B8}
		{54AA1735-3316-4BF7-88F1-24B551628BDF} = {54AA1735-3316-4BF7-88F1-24B551628BDF}
		{FF512C42-15BD-4BE0-BD45-0940F6527D04} = {FF512C42-15BD-4BE0-BD45-0940F6527D04}
		{AB938CD2-B646-4603-9D04-3054DE9944E2} = {AB938CD2-B646-4603-9D04-3054DE9944E2}
		{E0364A85-F9D4-4A77-92A4-9F378A0F499A} = {E0364A85-F9D4-4A77-92A4-9F378A0F499A}
	EndProjectSection
EndProject
Project("{8BC9CEB8-8B4A-11D0-8D11-00A0C91BC942}") = "AppBasicDemo", "Demos\BasicDemo\AppBasicDemo.vcxproj", "{C60B84E3-23F6-42C2-AD05-2BD34D0D0A76}"
	ProjectSection(ProjectDependencies) = postProject
		{4F0D333E-4601-4FAE-97DE-BF17A6EFCEB2} = {4F0D333E-4601-4FAE-97DE-BF17A6EFCEB2}
		{DA27D3B2-5E86-454A-B50A-530463FA0A0F} = {DA27D3B2-5E86-454A-B50A-530463FA0A0F}
		{FF512C42-15BD-4BE0-BD45-0940F6527D04} = {FF512C42-15BD-4BE0-BD45-0940F6527D04}
		{AB938CD2-B646-4603-9D04-3054DE9944E2} = {AB938CD2-B646-4603-9D04-3054DE9944E2}
		{E0364A85-F9D4-4A77-92A4-9F378A0F499A} = {E0364A85-F9D4-4A77-92A4-9F378A0F499A}
	EndProjectSection
EndProject
Project("{8BC9CEB8-8B4A-11D0-8D11-00A0C91BC942}") = "AppBenchmarks", "Demos\Benchmarks\AppBenchmarks.vcxproj", "{6129F3E0-6C04-45F1-83E5-5979B8EC630D}"
	ProjectSection(ProjectDependencies) = postProject
		{4F0D333E-4601-4FAE-97DE-BF17A6EFCEB2} = {4F0D333E-4601-4FAE-97DE-BF17A6EFCEB2}
		{DA27D3B2-5E86-454A-B50A-530463FA0A0F} = {DA27D3B2-5E86-454A-B50A-530463FA0A0F}
		{FF512C42-15BD-4BE0-BD45-0940F6527D04} = {FF512C42-15BD-4BE0-BD45-0940F6527D04}
		{AB938CD2-B646-4603-9D04-3054DE9944E2} = {AB938CD2-B646-4603-9D04-3054DE9944E2}
		{E0364A85-F9D4-4A77-92A4-9F378A0F499A} = {E0364A85-F9D4-4A77-92A4-9F378A0F499A}
	EndProjectSection
EndProject
Project("{8BC9CEB8-8B4A-11D0-8D11-00A0C91BC942}") = "AppBox2dDemo", "Demos\Box2dDemo\AppBox2dDemo.vcxproj", "{F04A999C-A041-4642-AC4D-70E32DF447A4}"
	ProjectSection(ProjectDependencies) = postProject
		{4F0D333E-4601-4FAE-97DE-BF17A6EFCEB2} = {4F0D333E-4601-4FAE-97DE-BF17A6EFCEB2}
		{DA27D3B2-5E86-454A-B50A-530463FA0A0F} = {DA27D3B2-5E86-454A-B50A-530463FA0A0F}
		{FF512C42-15BD-4BE0-BD45-0940F6527D04} = {FF512C42-15BD-4BE0-BD45-0940F6527D04}
		{AB938CD2-B646-4603-9D04-3054DE9944E2} = {AB938CD2-B646-4603-9D04-3054DE9944E2}
		{E0364A85-F9D4-4A77-92A4-9F378A0F499A} = {E0364A85-F9D4-4A77-92A4-9F378A0F499A}
	EndProjectSection
EndProject
Project("{8BC9CEB8-8B4A-11D0-8D11-00A0C91BC942}") = "AppBspPhysicsDemo", "Demos\BspDemo\AppBspPhysicsDemo.vcxproj", "{0B5DC5C8-56F2-42E3-8C23-5AF1B01D6B07}"
	ProjectSection(ProjectDependencies) = postProject
		{4F0D333E-4601-4FAE-97DE-BF17A6EFCEB2} = {4F0D333E-4601-4FAE-97DE-BF17A6EFCEB2}
		{DA27D3B2-5E86-454A-B50A-530463FA0A0F} = {DA27D3B2-5E86-454A-B50A-530463FA0A0F}
		{FF512C42-15BD-4BE0-BD45-0940F6527D04} = {FF512C42-15BD-4BE0-BD45-0940F6527D04}
		{AB938CD2-B646-4603-9D04-3054DE9944E2} = {AB938CD2-B646-4603-9D04-3054DE9944E2}
		{E0364A85-F9D4-4A77-92A4-9F378A0F499A} = {E0364A85-F9D4-4A77-92A4-9F378A0F499A}
	EndProjectSection
EndProject
Project("{8BC9CEB8-8B4A-11D0-8D11-00A0C91BC942}") = "AppBulletXmlImportDemo", "Demos\BulletXmlImportDemo\AppBulletXmlImportDemo.vcxproj", "{203AD3EB-E92D-4C5C-BCCF-5D9156F6E2C2}"
	ProjectSection(ProjectDependencies) = postProject
		{4F0D333E-4601-4FAE-97DE-BF17A6EFCEB2} = {4F0D333E-4601-4FAE-97DE-BF17A6EFCEB2}
		{DA27D3B2-5E86-454A-B50A-530463FA0A0F} = {DA27D3B2-5E86-454A-B50A-530463FA0A0F}
		{88015B5F-4C87-4296-B3BE-583DC16BF24B} = {88015B5F-4C87-4296-B3BE-583DC16BF24B}
		{F84BAF40-3E36-4DEA-9DEC-64DC45518520} = {F84BAF40-3E36-4DEA-9DEC-64DC45518520}
		{A66FE44E-9A9F-46AC-945C-3620ED52F385} = {A66FE44E-9A9F-46AC-945C-3620ED52F385}
		{025B165C-4C94-4387-BBE7-B22DC31952BB} = {025B165C-4C94-4387-BBE7-B22DC31952BB}
		{FF512C42-15BD-4BE0-BD45-0940F6527D04} = {FF512C42-15BD-4BE0-BD45-0940F6527D04}
		{AB938CD2-B646-4603-9D04-3054DE9944E2} = {AB938CD2-B646-4603-9D04-3054DE9944E2}
		{E0364A85-F9D4-4A77-92A4-9F378A0F499A} = {E0364A85-F9D4-4A77-92A4-9F378A0F499A}
	EndProjectSection
EndProject
Project("{8BC9CEB8-8B4A-11D0-8D11-00A0C91BC942}") = "AppCcdPhysicsDemo", "Demos\CcdPhysicsDemo\AppCcdPhysicsDemo.vcxproj", "{B4C51807-982F-426E-BEF1-1744892C61F3}"
	ProjectSection(ProjectDependencies) = postProject
		{4F0D333E-4601-4FAE-97DE-BF17A6EFCEB2} = {4F0D333E-4601-4FAE-97DE-BF17A6EFCEB2}
		{DA27D3B2-5E86-454A-B50A-530463FA0A0F} = {DA27D3B2-5E86-454A-B50A-530463FA0A0F}
		{FF512C42-15BD-4BE0-BD45-0940F6527D04} = {FF512C42-15BD-4BE0-BD45-0940F6527D04}
		{AB938CD2-B646-4603-9D04-3054DE9944E2} = {AB938CD2-B646-4603-9D04-3054DE9944E2}
		{E0364A85-F9D4-4A77-92A4-9F378A0F499A} = {E0364A85-F9D4-4A77-92A4-9F378A0F499A}
	EndProjectSection
EndProject
Project("{8BC9CEB8-8B4A-11D0-8D11-00A0C91BC942}") = "AppCharacterDemo", "Demos\CharacterDemo\AppCharacterDemo.vcxproj", "{485063B6-98C1-4F4C-B012-D4386ADE11DC}"
	ProjectSection(ProjectDependencies) = postProject
		{4F0D333E-4601-4FAE-97DE-BF17A6EFCEB2} = {4F0D333E-4601-4FAE-97DE-BF17A6EFCEB2}
		{DA27D3B2-5E86-454A-B50A-530463FA0A0F} = {DA27D3B2-5E86-454A-B50A-530463FA0A0F}
		{FF512C42-15BD-4BE0-BD45-0940F6527D04} = {FF512C42-15BD-4BE0-BD45-0940F6527D04}
		{AB938CD2-B646-4603-9D04-3054DE9944E2} = {AB938CD2-B646-4603-9D04-3054DE9944E2}
		{E0364A85-F9D4-4A77-92A4-9F378A0F499A} = {E0364A85-F9D4-4A77-92A4-9F378A0F499A}
	EndProjectSection
EndProject
Project("{8BC9CEB8-8B4A-11D0-8D11-00A0C91BC942}") = "AppCollisionDemo", "Demos\CollisionDemo\AppCollisionDemo.vcxproj", "{2B016443-4CB0-460B-B6AE-ECE8CA9CA74E}"
	ProjectSection(ProjectDependencies) = postProject
		{4F0D333E-4601-4FAE-97DE-BF17A6EFCEB2} = {4F0D333E-4601-4FAE-97DE-BF17A6EFCEB2}
		{DA27D3B2-5E86-454A-B50A-530463FA0A0F} = {DA27D3B2-5E86-454A-B50A-530463FA0A0F}
		{FF512C42-15BD-4BE0-BD45-0940F6527D04} = {FF512C42-15BD-4BE0-BD45-0940F6527D04}
		{AB938CD2-B646-4603-9D04-3054DE9944E2} = {AB938CD2-B646-4603-9D04-3054DE9944E2}
		{E0364A85-F9D4-4A77-92A4-9F378A0F499A} = {E0364A85-F9D4-4A77-92A4-9F378A0F499A}
	EndProjectSection
EndProject
Project("{8BC9CEB8-8B4A-11D0-8D11-00A0C91BC942}") = "AppCollisionInterfaceDemo", "Demos\CollisionInterfaceDemo\AppCollisionInterfaceDemo.vcxproj", "{0ED2174E-2BDB-456B-BF8B-CBF0DCD6FB14}"
	ProjectSection(ProjectDependencies) = postProject
		{4F0D333E-4601-4FAE-97DE-BF17A6EFCEB2} = {4F0D333E-4601-4FAE-97DE-BF17A6EFCEB2}
		{DA27D3B2-5E86-454A-B50A-530463FA0A0F} = {DA27D3B2-5E86-454A-B50A-530463FA0A0F}
		{FF512C42-15BD-4BE0-BD45-0940F6527D04} = {FF512C42-15BD-4BE0-BD45-0940F6527D04}
		{AB938CD2-B646-4603-9D04-3054DE9944E2} = {AB938CD2-B646-4603-9D04-3054DE9944E2}
		{E0364A85-F9D4-4A77-92A4-9F378A0F499A} = {E0364A85-F9D4-4A77-92A4-9F378A0F499A}
	EndProjectSection
EndProject
Project("{8BC9CEB8-8B4A-11D0-8D11-00A0C91BC942}") = "AppConcaveConvexCastDemo", "Demos\ConcaveConvexcastDemo\AppConcaveConvexCastDemo.vcxproj", "{5F725D27-9741-4746-B67F-F9504087D7D0}"
	ProjectSection(ProjectDependencies) = postProject
		{4F0D333E-4601-4FAE-97DE-BF17A6EFCEB2} = {4F0D333E-4601-4FAE-97DE-BF17A6EFCEB2}
		{DA27D3B2-5E86-454A-B50A-530463FA0A0F} = {DA27D3B2-5E86-454A-B50A-530463FA0A0F}
		{FF512C42-15BD-4BE0-BD45-0940F6527D04} = {FF512C42-15BD-4BE0-BD45-0940F6527D04}
		{AB938CD2-B646-4603-9D04-3054DE9944E2} = {AB938CD2-B646-4603-9D04-3054DE9944E2}
		{E0364A85-F9D4-4A77-92A4-9F378A0F499A} = {E0364A85-F9D4-4A77-92A4-9F378A0F499A}
	EndProjectSection
EndProject
Project("{8BC9CEB8-8B4A-11D0-8D11-00A0C91BC942}") = "AppConcaveDemo", "Demos\ConcaveDemo\AppConcaveDemo.vcxproj", "{4391DF16-526A-492F-A2E0-6653B5A1F5E3}"
	ProjectSection(ProjectDependencies) = postProject
		{4F0D333E-4601-4FAE-97DE-BF17A6EFCEB2} = {4F0D333E-4601-4FAE-97DE-BF17A6EFCEB2}
		{DA27D3B2-5E86-454A-B50A-530463FA0A0F} = {DA27D3B2-5E86-454A-B50A-530463FA0A0F}
		{88015B5F-4C87-4296-B3BE-583DC16BF24B} = {88015B5F-4C87-4296-B3BE-583DC16BF24B}
		{A66FE44E-9A9F-46AC-945C-3620ED52F385} = {A66FE44E-9A9F-46AC-945C-3620ED52F385}
		{FF512C42-15BD-4BE0-BD45-0940F6527D04} = {FF512C42-15BD-4BE0-BD45-0940F6527D04}
		{AB938CD2-B646-4603-9D04-3054DE9944E2} = {AB938CD2-B646-4603-9D04-3054DE9944E2}
		{E0364A85-F9D4-4A77-92A4-9F378A0F499A} = {E0364A85-F9D4-4A77-92A4-9F378A0F499A}
	EndProjectSection
EndProject
Project("{8BC9CEB8-8B4A-11D0-8D11-00A0C91BC942}") = "AppConcaveRayCastDemo", "Demos\ConcaveRaycastDemo\AppConcaveRayCastDemo.vcxproj", "{78D6826A-3396-45AF-A615-1C3F691D5788}"
	ProjectSection(ProjectDependencies) = postProject
		{4F0D333E-4601-4FAE-97DE-BF17A6EFCEB2} = {4F0D333E-4601-4FAE-97DE-BF17A6EFCEB2}
		{DA27D3B2-5E86-454A-B50A-530463FA0A0F} = {DA27D3B2-5E86-454A-B50A-530463FA0A0F}
		{FF512C42-15BD-4BE0-BD45-0940F6527D04} = {FF512C42-15BD-4BE0-BD45-0940F6527D04}
		{AB938CD2-B646-4603-9D04-3054DE9944E2} = {AB938CD2-B646-4603-9D04-3054DE9944E2}
		{E0364A85-F9D4-4A77-92A4-9F378A0F499A} = {E0364A85-F9D4-4A77-92A4-9F378A0F499A}
	EndProjectSection
EndProject
Project("{8BC9CEB8-8B4A-11D0-8D11-00A0C91BC942}") = "AppConstraintDemo", "Demos\ConstraintDemo\AppConstraintDemo.vcxproj", "{42E7EF30-86BC-42CD-8AF9-9555D430FEBE}"
	ProjectSection(ProjectDependencies) = postProject
		{4F0D333E-4601-4FAE-97DE-BF17A6EFCEB2} = {4F0D333E-4601-4FAE-97DE-BF17A6EFCEB2}
		{DA27D3B2-5E86-454A-B50A-530463FA0A0F} = {DA27D3B2-5E86-454A-B50A-530463FA0A0F}
		{88015B5F-4C87-4296-B3BE-583DC16BF24B} = {88015B5F-4C87-4296-B3BE-583DC16BF24B}
		{A66FE44E-9A9F-46AC-945C-3620ED52F385} = {A66FE44E-9A9F-46AC-945C-3620ED52F385}
		{FF512C42-15BD-4BE0-BD45-0940F6527D04} = {FF512C42-15BD-4BE0-BD45-0940F6527D04}
		{AB938CD2-B646-4603-9D04-3054DE9944E2} = {AB938CD2-B646-4603-9D04-3054DE9944E2}
		{E0364A85-F9D4-4A77-92A4-9F378A0F499A} = {E0364A85-F9D4-4A77-92A4-9F378A0F499A}
	EndProjectSection
EndProject
Project("{8BC9CEB8-8B4A-11D0-8D11-00A0C91BC942}") = "AppContinuousConvexCollisionDemo", "Demos\ContinuousConvexCollision\AppContinuousConvexCollisionDemo.vcxproj", "{21088D21-F918-4875-93B4-11B1827DC3DD}"
	ProjectSection(ProjectDependencies) = postProject
		{4F0D333E-4601-4FAE-97DE-BF17A6EFCEB2} = {4F0D333E-4601-4FAE-97DE-BF17A6EFCEB2}
		{DA27D3B2-5E86-454A-B50A-530463FA0A0F} = {DA27D3B2-5E86-454A-B50A-530463FA0A0F}
		{FF512C42-15BD-4BE0-BD45-0940F6527D04} = {FF512C42-15BD-4BE0-BD45-0940F6527D04}
		{AB938CD2-B646-4603-9D04-3054DE9944E2} = {AB938CD2-B646-4603-9D04-3054DE9944E2}
		{E0364A85-F9D4-4A77-92A4-9F378A0F499A} = {E0364A85-F9D4-4A77-92A4-9F378A0F499A}
	EndProjectSection
EndProject
Project("{8BC9CEB8-8B4A-11D0-8D11-00A0C91BC942}") = "AppConvexDecompositionDemo", "Demos\ConvexDecompositionDemo\AppConvexDecompositionDemo.vcxproj", "{B3A0C056-E6E9-4053-BEFA-E2C2EC158984}"
	ProjectSection(ProjectDependencies) = postProject
		{4F0D333E-4601-4FAE-97DE-BF17A6EFCEB2} = {4F0D333E-4601-4FAE-97DE-BF17A6EFCEB2}
		{DA27D3B2-5E86-454A-B50A-530463FA0A0F} = {DA27D3B2-5E86-454A-B50A-530463FA0A0F}
		{88015B5F-4C87-4296-B3BE-583DC16BF24B} = {88015B5F-4C87-4296-B3BE-583DC16BF24B}
		{A66FE44E-9A9F-46AC-945C-3620ED52F385} = {A66FE44E-9A9F-46AC-945C-3620ED52F385}
		{74B1879F-26E5-4CA8-8A42-7F059E51951C} = {74B1879F-26E5-4CA8-8A42-7F059E51951C}
		{54AA1735-3316-4BF7-88F1-24B551628BDF} = {54AA1735-3316-4BF7-88F1-24B551628BDF}
		{FF512C42-15BD-4BE0-BD45-0940F6527D04} = {FF512C42-15BD-4BE0-BD45-0940F6527D04}
		{AB938CD2-B646-4603-9D04-3054DE9944E2} = {AB938CD2-B646-4603-9D04-3054DE9944E2}
		{E0364A85-F9D4-4A77-92A4-9F378A0F499A} = {E0364A85-F9D4-4A77-92A4-9F378A0F499A}
	EndProjectSection
EndProject
Project("{8BC9CEB8-8B4A-11D0-8D11-00A0C91BC942}") = "AppConvexHullDistanceDemo", "Demos\ConvexHullDistance\AppConvexHullDistanceDemo.vcxproj", "{64B2B477-9E39-4E6A-8858-5BBE7B08237B}"
	ProjectSection(ProjectDependencies) = postProject
		{4F0D333E-4601-4FAE-97DE-BF17A6EFCEB2} = {4F0D333E-4601-4FAE-97DE-BF17A6EFCEB2}
		{DA27D3B2-5E86-454A-B50A-530463FA0A0F} = {DA27D3B2-5E86-454A-B50A-530463FA0A0F}
		{FF512C42-15BD-4BE0-BD45-0940F6527D04} = {FF512C42-15BD-4BE0-BD45-0940F6527D04}
		{AB938CD2-B646-4603-9D04-3054DE9944E2} = {AB938CD2-B646-4603-9D04-3054DE9944E2}
		{E0364A85-F9D4-4A77-92A4-9F378A0F499A} = {E0364A85-F9D4-4A77-92A4-9F378A0F499A}
	EndProjectSection
EndProject
Project("{8BC9CEB8-8B4A-11D0-8D11-00A0C91BC942}") = "AppDX11ClothDemo", "Demos\DX11ClothDemo\AppDX11ClothDemo.vcxproj", "{77484277-75D0-45E0-BFD8-C4B2199609FD}"
	ProjectSection(ProjectDependencies) = postProject
		{4F0D333E-4601-4FAE-97DE-BF17A6EFCEB2} = {4F0D333E-4601-4FAE-97DE-BF17A6EFCEB2}
		{DA27D3B2-5E86-454A-B50A-530463FA0A0F} = {DA27D3B2-5E86-454A-B50A-530463FA0A0F}
		{F84BAF40-3E36-4DEA-9DEC-64DC45518520} = {F84BAF40-3E36-4DEA-9DEC-64DC45518520}
		{329E53AF-7260-4867-AA35-BEB2798B2643} = {329E53AF-7260-4867-AA35-BEB2798B2643}
		{FF512C42-15BD-4BE0-BD45-0940F6527D04} = {FF512C42-15BD-4BE0-BD45-0940F6527D04}
		{E0364A85-F9D4-4A77-92A4-9F378A0F499A} = {E0364A85-F9D4-4A77-92A4-9F378A0F499A}
	EndProjectSection
EndProject
Project("{8BC9CEB8-8B4A-11D0-8D11-00A0C91BC942}") = "AppDoublePrecisionDemo", "Demos\DoublePrecisionDemo\AppDoublePrecisionDemo.vcxproj", "{1EC8C528-6145-4F77-A867-9634DABA58EE}"
	ProjectSection(ProjectDependencies) = postProject
		{4F0D333E-4601-4FAE-97DE-BF17A6EFCEB2} = {4F0D333E-4601-4FAE-97DE-BF17A6EFCEB2}
		{DA27D3B2-5E86-454A-B50A-530463FA0A0F} = {DA27D3B2-5E86-454A-B50A-530463FA0A0F}
		{FF512C42-15BD-4BE0-BD45-0940F6527D04} = {FF512C42-15BD-4BE0-BD45-0940F6527D04}
		{AB938CD2-B646-4603-9D04-3054DE9944E2} = {AB938CD2-B646-4603-9D04-3054DE9944E2}
		{E0364A85-F9D4-4A77-92A4-9F378A0F499A} = {E0364A85-F9D4-4A77-92A4-9F378A0F499A}
	EndProjectSection
EndProject
Project("{8BC9CEB8-8B4A-11D0-8D11-00A0C91BC942}") = "AppFeatherstoneMultiBodyDemo", "Demos\FeatherstoneMultiBodyDemo\AppFeatherstoneMultiBodyDemo.vcxproj", "{BE1BFA3A-8988-4129-B66A-C0B2FCD7B5F4}"
	ProjectSection(ProjectDependencies) = postProject
		{4F0D333E-4601-4FAE-97DE-BF17A6EFCEB2} = {4F0D333E-4601-4FAE-97DE-BF17A6EFCEB2}
		{DA27D3B2-5E86-454A-B50A-530463FA0A0F} = {DA27D3B2-5E86-454A-B50A-530463FA0A0F}
		{FF512C42-15BD-4BE0-BD45-0940F6527D04} = {FF512C42-15BD-4BE0-BD45-0940F6527D04}
		{AB938CD2-B646-4603-9D04-3054DE9944E2} = {AB938CD2-B646-4603-9D04-3054DE9944E2}
		{E0364A85-F9D4-4A77-92A4-9F378A0F499A} = {E0364A85-F9D4-4A77-92A4-9F378A0F499A}
	EndProjectSection
EndProject
Project("{8BC9CEB8-8B4A-11D0-8D11-00A0C91BC942}") = "AppForkLiftDemo", "Demos\ForkLiftDemo\AppForkLiftDemo.vcxproj", "{9A4A3CB8-D60B-4F5B-A984-8BE0C604769B}"
	ProjectSection(ProjectDependencies) = postProject
		{4F0D333E-4601-4FAE-97DE-BF17A6EFCEB2} = {4F0D333E-4601-4FAE-97DE-BF17A6EFCEB2}
		{DA27D3B2-5E86-454A-B50A-530463FA0A0F} = {DA27D3B2-5E86-454A-B50A-530463FA0A0F}
		{FF512C42-15BD-4BE0-BD45-0940F6527D04} = {FF512C42-15BD-4BE0-BD45-0940F6527D04}
		{AB938CD2-B646-4603-9D04-3054DE9944E2} = {AB938CD2-B646-4603-9D04-3054DE9944E2}
		{E0364A85-F9D4-4A77-92A4-9F378A0F499A} = {E0364A85-F9D4-4A77-92A4-9F378A0F499A}
	EndProjectSection
EndProject
Project("{8BC9CEB8-8B4A-11D0-8D11-00A0C91BC942}") = "AppFractureDemo", "Demos\FractureDemo\AppFractureDemo.vcxproj", "{2CDB23FC-E28D-4FEA-9333-27EE9E626D8D}"
	ProjectSection(ProjectDependencies) = postProject
		{4F0D333E-4601-4FAE-97DE-BF17A6EFCEB2} = {4F0D333E-4601-4FAE-97DE-BF17A6EFCEB2}
		{DA27D3B2-5E86-454A-B50A-530463FA0A0F} = {DA27D3B2-5E86-454A-B50A-530463FA0A0F}
		{FF512C42-15BD-4BE0-BD45-0940F6527D04} = {FF512C42-15BD-4BE0-BD45-0940F6527D04}
		{AB938CD2-B646-4603-9D04-3054DE9944E2} = {AB938CD2-B646-4603-9D04-3054DE9944E2}
		{E0364A85-F9D4-4A77-92A4-9F378A0F499A} = {E0364A85-F9D4-4A77-92A4-9F378A0F499A}
	EndProjectSection
EndProject
Project("{8BC9CEB8-8B4A-11D0-8D11-00A0C91BC942}") = "AppGenericJointDemo", "Demos\GenericJointDemo\AppGenericJointDemo.vcxproj", "{4749B77F-0F53-49DF-BFE3-31FCD8296045}"
	ProjectSection(ProjectDependencies) = postProject
		{4F0D333E-4601-4FAE-97DE-BF17A6EFCEB2} = {4F0D333E-4601-4FAE-97DE-BF17A6EFCEB2}
		{DA27D3B2-5E86-454A-B50A-530463FA0A0F} = {DA27D3B2-5E86-454A-B50A-530463FA0A0F}
		{FF512C42-15BD-4BE0-BD45-0940F6527D04} = {FF512C42-15BD-4BE0-BD45-0940F6527D04}
		{AB938CD2-B646-4603-9D04-3054DE9944E2} = {AB938CD2-B646-4603-9D04-3054DE9944E2}
		{E0364A85-F9D4-4A77-92A4-9F378A0F499A} = {E0364A85-F9D4-4A77-92A4-9F378A0F499A}
	EndProjectSection
EndProject
Project("{8BC9CEB8-8B4A-11D0-8D11-00A0C91BC942}") = "AppGyroscopicDemo", "Demos\GyroscopicDemo\AppGyroscopicDemo.vcxproj", "{C0DCE39D-7179-49D4-BD0B-04E866DE10F8}"
	ProjectSection(ProjectDependencies) = postProject
		{4F0D333E-4601-4FAE-97DE-BF17A6EFCEB2} = {4F0D333E-4601-4FAE-97DE-BF17A6EFCEB2}
		{DA27D3B2-5E86-454A-B50A-530463FA0A0F} = {DA27D3B2-5E86-454A-B50A-530463FA0A0F}
		{88015B5F-4C87-4296-B3BE-583DC16BF24B} = {88015B5F-4C87-4296-B3BE-583DC16BF24B}
		{A66FE44E-9A9F-46AC-945C-3620ED52F385} = {A66FE44E-9A9F-46AC-945C-3620ED52F385}
		{FF512C42-15BD-4BE0-BD45-0940F6527D04} = {FF512C42-15BD-4BE0-BD45-0940F6527D04}
		{AB938CD2-B646-4603-9D04-3054DE9944E2} = {AB938CD2-B646-4603-9D04-3054DE9944E2}
		{E0364A85-F9D4-4A77-92A4-9F378A0F499A} = {E0364A85-F9D4-4A77-92A4-9F378A0F499A}
	EndProjectSection
EndProject
Project("{8BC9CEB8-8B4A-11D0-8D11-00A0C91BC942}") = "AppHelloWorld", "Demos\HelloWorld\AppHelloWorld.vcxproj", "{30A72776-2EA5-4113-B47B-498019710BE9}"
	ProjectSection(ProjectDependencies) = postProject
		{4F0D333E-4601-4FAE-97DE-BF17A6EFCEB2} = {4F0D333E-4601-4FAE-97DE-BF17A6EFCEB2}
		{DA27D3B2-5E86-454A-B50A-530463FA0A0F} = {DA27D3B2-5E86-454A-B50A-530463FA0A0F}
		{FF512C42-15BD-4BE0-BD45-0940F6527D04} = {FF512C42-15BD-4BE0-BD45-0940F6527D04}
		{E0364A85-F9D4-4A77-92A4-9F378A0F499A} = {E0364A85-F9D4-4A77-92A4-9F378A0F499A}
	EndProjectSection
EndProject
Project("{8BC9CEB8-8B4A-11D0-8D11-00A0C91BC942}") = "AppInternalEdgeDemo", "Demos\InternalEdgeDemo\AppInternalEdgeDemo.vcxproj", "{81067B17-75FF-4EE2-8AAD-C2DE281B4AC9}"
	ProjectSection(ProjectDependencies) = postProject
		{4F0D333E-4601-4FAE-97DE-BF17A6EFCEB2} = {4F0D333E-4601-4FAE-97DE-BF17A6EFCEB2}
		{DA27D3B2-5E86-454A-B50A-530463FA0A0F} = {DA27D3B2-5E86-454A-B50A-530463FA0A0F}
		{FF512C42-15BD-4BE0-BD45-0940F6527D04} = {FF512C42-15BD-4BE0-BD45-0940F6527D04}
		{AB938CD2-B646-4603-9D04-3054DE9944E2} = {AB938CD2-B646-4603-9D04-3054DE9944E2}
		{E0364A85-F9D4-4A77-92A4-9F378A0F499A} = {E0364A85-F9D4-4A77-92A4-9F378A0F499A}
	EndProjectSection
EndProject
Project("{8BC9CEB8-8B4A-11D0-8D11-00A0C91BC942}") = "AppLinearConvexCastDemo", "Demos\GjkConvexCastDemo\AppLinearConvexCastDemo.vcxproj", "{5B87FE50-8935-4DA9-9DF6-19684E623F3A}"
	ProjectSection(ProjectDependencies) = postProject
		{4F0D333E-4601-4FAE-97DE-BF17A6EFCEB2} = {4F0D333E-4601-4FAE-97DE-BF17A6EFCEB2}
		{DA27D3B2-5E86-454A-B50A-530463FA0A0F} = {DA27D3B2-5E86-454A-B50A-530463FA0A0F}
		{FF512C42-15BD-4BE0-BD45-0940F6527D04} = {FF512C42-15BD-4BE0-BD45-0940F6527D04}
		{AB938CD2-B646-4603-9D04-3054DE9944E2} = {AB938CD2-B646-4603-9D04-3054DE9944E2}
		{E0364A85-F9D4-4A77-92A4-9F378A0F499A} = {E0364A85-F9D4-4A77-92A4-9F378A0F499A}
	EndProjectSection
EndProject
Project("{8BC9CEB8-8B4A-11D0-8D11-00A0C91BC942}") = "AppMotorDemo", "Demos\DynamicControlDemo\AppMotorDemo.vcxproj", "{48766CBF-6AE0-4F44-BA92-D2FB9FA954ED}"
	ProjectSection(ProjectDependencies) = postProject
		{4F0D333E-4601-4FAE-97DE-BF17A6EFCEB2} = {4F0D333E-4601-4FAE-97DE-BF17A6EFCEB2}
		{DA27D3B2-5E86-454A-B50A-530463FA0A0F} = {DA27D3B2-5E86-454A-B50A-530463FA0A0F}
		{FF512C42-15BD-4BE0-BD45-0940F6527D04} = {FF512C42-15BD-4BE0-BD45-0940F6527D04}
		{AB938CD2-B646-4603-9D04-3054DE9944E2} = {AB938CD2-B646-4603-9D04-3054DE9944E2}
		{E0364A85-F9D4-4A77-92A4-9F378A0F499A} = {E0364A85-F9D4-4A77-92A4-9F378A0F499A}
	EndProjectSection
EndProject
Project("{8BC9CEB8-8B4A-11D0-8D11-00A0C91BC942}") = "AppMovingConcaveDemo", "Demos\MovingConcaveDemo\AppMovingConcaveDemo.vcxproj", "{2B334156-E4AC-4DF9-9805-172B38110500}"
	ProjectSection(ProjectDependencies) = postProject
		{4F0D333E-4601-4FAE-97DE-BF17A6EFCEB2} = {4F0D333E-4601-4FAE-97DE-BF17A6EFCEB2}
		{DA27D3B2-5E86-454A-B50A-530463FA0A0F} = {DA27D3B2-5E86-454A-B50A-530463FA0A0F}
		{FF512C42-15BD-4BE0-BD45-0940F6527D04} = {FF512C42-15BD-4BE0-BD45-0940F6527D04}
		{AB938CD2-B646-4603-9D04-3054DE9944E2} = {AB938CD2-B646-4603-9D04-3054DE9944E2}
		{E0364A85-F9D4-4A77-92A4-9F378A0F499A} = {E0364A85-F9D4-4A77-92A4-9F378A0F499A}
	EndProjectSection
EndProject
Project("{8BC9CEB8-8B4A-11D0-8D11-00A0C91BC942}") = "AppMultiMaterialDemo", "Demos\MultiMaterialDemo\AppMultiMaterialDemo.vcxproj", "{6F72CF1B-6122-4D8D-BE0B-C0F4E4CBCD54}"
	ProjectSection(ProjectDependencies) = postProject
		{4F0D333E-4601-4FAE-97DE-BF17A6EFCEB2} = {4F0D333E-4601-4FAE-97DE-BF17A6EFCEB2}
		{DA27D3B2-5E86-454A-B50A-530463FA0A0F} = {DA27D3B2-5E86-454A-B50A-530463FA0A0F}
		{FF512C42-15BD-4BE0-BD45-0940F6527D04} = {FF512C42-15BD-4BE0-BD45-0940F6527D04}
		{AB938CD2-B646-4603-9D04-3054DE9944E2} = {AB938CD2-B646-4603-9D04-3054DE9944E2}
		{E0364A85-F9D4-4A77-92A4-9F378A0F499A} = {E0364A85-F9D4-4A77-92A4-9F378A0F499A}
	EndProjectSection
EndProject
Project("{8BC9CEB8-8B4A-11D0-8D11-00A0C91BC942}") = "AppMultiThreadedDemo", "Demos\MultiThreadedDemo\AppMultiThreadedDemo.vcxproj", "{27DD94CF-76A8-4875-8370-B3139D528C1C}"
	ProjectSection(ProjectDependencies) = postProject
		{4F0D333E-4601-4FAE-97DE-BF17A6EFCEB2} = {4F0D333E-4601-4FAE-97DE-BF17A6EFCEB2}
		{DA27D3B2-5E86-454A-B50A-530463FA0A0F} = {DA27D3B2-5E86-454A-B50A-530463FA0A0F}
		{B766F918-1BBE-45AB-97D7-F1B7E40B3C0E} = {B766F918-1BBE-45AB-97D7-F1B7E40B3C0E}
		{FF512C42-15BD-4BE0-BD45-0940F6527D04} = {FF512C42-15BD-4BE0-BD45-0940F6527D04}
		{AB938CD2-B646-4603-9D04-3054DE9944E2} = {AB938CD2-B646-4603-9D04-3054DE9944E2}
		{E0364A85-F9D4-4A77-92A4-9F378A0F499A} = {E0364A85-F9D4-4A77-92A4-9F378A0F499A}
	EndProjectSection
EndProject
Project("{8BC9CEB8-8B4A-11D0-8D11-00A0C91BC942}") = "AppOpenCLClothDemo_Mini", "Demos\OpenCLClothDemo\MiniCL\AppOpenCLClothDemo_Mini.vcxproj", "{FFB9A3DC-F9EC-4E88-9BE5-D06ADF2A378F}"
	ProjectSection(ProjectDependencies) = postProject
		{4F0D333E-4601-4FAE-97DE-BF17A6EFCEB2} = {4F0D333E-4601-4FAE-97DE-BF17A6EFCEB2}
		{DA27D3B2-5E86-454A-B50A-530463FA0A0F} = {DA27D3B2-5E86-454A-B50A-530463FA0A0F}
		{B766F918-1BBE-45AB-97D7-F1B7E40B3C0E} = {B766F918-1BBE-45AB-97D7-F1B7E40B3C0E}
		{F84BAF40-3E36-4DEA-9DEC-64DC45518520} = {F84BAF40-3E36-4DEA-9DEC-64DC45518520}
		{2E3C7776-637D-47F3-9D97-D728991DB070} = {2E3C7776-637D-47F3-9D97-D728991DB070}
		{FF512C42-15BD-4BE0-BD45-0940F6527D04} = {FF512C42-15BD-4BE0-BD45-0940F6527D04}
		{071CB40D-5245-4F86-B0E1-E62AE2950192} = {071CB40D-5245-4F86-B0E1-E62AE2950192}
		{AB938CD2-B646-4603-9D04-3054DE9944E2} = {AB938CD2-B646-4603-9D04-3054DE9944E2}
		{E0364A85-F9D4-4A77-92A4-9F378A0F499A} = {E0364A85-F9D4-4A77-92A4-9F378A0F499A}
	EndProjectSection
EndProject
Project("{8BC9CEB8-8B4A-11D0-8D11-00A0C91BC942}") = "AppRagdollDemo", "Demos\RagdollDemo\AppRagdollDemo.vcxproj", "{855E5477-0676-4E1F-9C92-F1578B2C42E3}"
	ProjectSection(ProjectDependencies) = postProject
		{4F0D333E-4601-4FAE-97DE-BF17A6EFCEB2} = {4F0D333E-4601-4FAE-97DE-BF17A6EFCEB2}
		{DA27D3B2-5E86-454A-B50A-530463FA0A0F} = {DA27D3B2-5E86-454A-B50A-530463FA0A0F}
		{FF512C42-15BD-4BE0-BD45-0940F6527D04} = {FF512C42-15BD-4BE0-BD45-0940F6527D04}
		{AB938CD2-B646-4603-9D04-3054DE9944E2} = {AB938CD2-B646-4603-9D04-3054DE9944E2}
		{E0364A85-F9D4-4A77-92A4-9F378A0F499A} = {E0364A85-F9D4-4A77-92A4-9F378A0F499A}
	EndProjectSection
EndProject
Project("{8BC9CEB8-8B4A-11D0-8D11-00A0C91BC942}") = "AppRaytestDemo", "Demos\RaytestDemo\AppRaytestDemo.vcxproj", "{D4E04D5C-5E00-479F-B2AC-0E791D2BEC80}"
	ProjectSection(ProjectDependencies) = postProject
		{4F0D333E-4601-4FAE-97DE-BF17A6EFCEB2} = {4F0D333E-4601-4FAE-97DE-BF17A6EFCEB2}
		{DA27D3B2-5E86-454A-B50A-530463FA0A0F} = {DA27D3B2-5E86-454A-B50A-530463FA0A0F}
		{FF512C42-15BD-4BE0-BD45-0940F6527D04} = {FF512C42-15BD-4BE0-BD45-0940F6527D04}
		{AB938CD2-B646-4603-9D04-3054DE9944E2} = {AB938CD2-B646-4603-9D04-3054DE9944E2}
		{E0364A85-F9D4-4A77-92A4-9F378A0F499A} = {E0364A85-F9D4-4A77-92A4-9F378A0F499A}
	EndProjectSection
EndProject
Project("{8BC9CEB8-8B4A-11D0-8D11-00A0C91BC942}") = "AppRaytracer", "Demos\Raytracer\AppRaytracer.vcxproj", "{625F3245-E70D-4A54-9DA9-CFA47C095C9E}"
	ProjectSection(ProjectDependencies) = postProject
		{4F0D333E-4601-4FAE-97DE-BF17A6EFCEB2} = {4F0D333E-4601-4FAE-97DE-BF17A6EFCEB2}
		{DA27D3B2-5E86-454A-B50A-530463FA0A0F} = {DA27D3B2-5E86-454A-B50A-530463FA0A0F}
		{FF512C42-15BD-4BE0-BD45-0940F6527D04} = {FF512C42-15BD-4BE0-BD45-0940F6527D04}
		{AB938CD2-B646-4603-9D04-3054DE9944E2} = {AB938CD2-B646-4603-9D04-3054DE9944E2}
		{E0364A85-F9D4-4A77-92A4-9F378A0F499A} = {E0364A85-F9D4-4A77-92A4-9F378A0F499A}
	EndProjectSection
EndProject
Project("{8BC9CEB8-8B4A-11D0-8D11-00A0C91BC942}") = "AppRollingFrictionDemo", "Demos\RollingFrictionDemo\AppRollingFrictionDemo.vcxproj", "{B698B960-89AB-4B8C-801A-0BCCB53B4B63}"
	ProjectSection(ProjectDependencies) = postProject
		{4F0D333E-4601-4FAE-97DE-BF17A6EFCEB2} = {4F0D333E-4601-4FAE-97DE-BF17A6EFCEB2}
		{DA27D3B2-5E86-454A-B50A-530463FA0A0F} = {DA27D3B2-5E86-454A-B50A-530463FA0A0F}
		{FF512C42-15BD-4BE0-BD45-0940F6527D04} = {FF512C42-15BD-4BE0-BD45-0940F6527D04}
		{AB938CD2-B646-4603-9D04-3054DE9944E2} = {AB938CD2-B646-4603-9D04-3054DE9944E2}
		{E0364A85-F9D4-4A77-92A4-9F378A0F499A} = {E0364A85-F9D4-4A77-92A4-9F378A0F499A}
	EndProjectSection
EndProject
Project("{8BC9CEB8-8B4A-11D0-8D11-00A0C91BC942}") = "AppSerializeDemo", "Demos\SerializeDemo\AppSerializeDemo.vcxproj", "{369F7691-F952-45C4-BDC7-347322B52B9A}"
	ProjectSection(ProjectDependencies) = postProject
		{4F0D333E-4601-4FAE-97DE-BF17A6EFCEB2} = {4F0D333E-4601-4FAE-97DE-BF17A6EFCEB2}
		{DA27D3B2-5E86-454A-B50A-530463FA0A0F} = {DA27D3B2-5E86-454A-B50A-530463FA0A0F}
		{88015B5F-4C87-4296-B3BE-583DC16BF24B} = {88015B5F-4C87-4296-B3BE-583DC16BF24B}
		{F84BAF40-3E36-4DEA-9DEC-64DC45518520} = {F84BAF40-3E36-4DEA-9DEC-64DC45518520}
		{A66FE44E-9A9F-46AC-945C-3620ED52F385} = {A66FE44E-9A9F-46AC-945C-3620ED52F385}
		{FF512C42-15BD-4BE0-BD45-0940F6527D04} = {FF512C42-15BD-4BE0-BD45-0940F6527D04}
		{AB938CD2-B646-4603-9D04-3054DE9944E2} = {AB938CD2-B646-4603-9D04-3054DE9944E2}
		{E0364A85-F9D4-4A77-92A4-9F378A0F499A} = {E0364A85-F9D4-4A77-92A4-9F378A0F499A}
	EndProjectSection
EndProject
Project("{8BC9CEB8-8B4A-11D0-8D11-00A0C91BC942}") = "AppSimplexDemo", "Demos\SimplexDemo\AppSimplexDemo.vcxproj", "{8C53F1C5-BF87-40E5-AB7B-760B8279DA61}"
	ProjectSection(ProjectDependencies) = postProject
		{4F0D333E-4601-4FAE-97DE-BF17A6EFCEB2} = {4F0D333E-4601-4FAE-97DE-BF17A6EFCEB2}
		{DA27D3B2-5E86-454A-B50A-530463FA0A0F} = {DA27D3B2-5E86-454A-B50A-530463FA0A0F}
		{FF512C42-15BD-4BE0-BD45-0940F6527D04} = {FF512C42-15BD-4BE0-BD45-0940F6527D04}
		{AB938CD2-B646-4603-9D04-3054DE9944E2} = {AB938CD2-B646-4603-9D04-3054DE9944E2}
		{E0364A85-F9D4-4A77-92A4-9F378A0F499A} = {E0364A85-F9D4-4A77-92A4-9F378A0F499A}
	EndProjectSection
EndProject
Project("{8BC9CEB8-8B4A-11D0-8D11-00A0C91BC942}") = "AppSliderConstraintDemo", "Demos\SliderConstraintDemo\AppSliderConstraintDemo.vcxproj", "{DAB5DC97-73AA-47C1-A2B4-83D7E2FB430A}"
	ProjectSection(ProjectDependencies) = postProject
		{4F0D333E-4601-4FAE-97DE-BF17A6EFCEB2} = {4F0D333E-4601-4FAE-97DE-BF17A6EFCEB2}
		{DA27D3B2-5E86-454A-B50A-530463FA0A0F} = {DA27D3B2-5E86-454A-B50A-530463FA0A0F}
		{FF512C42-15BD-4BE0-BD45-0940F6527D04} = {FF512C42-15BD-4BE0-BD45-0940F6527D04}
		{AB938CD2-B646-4603-9D04-3054DE9944E2} = {AB938CD2-B646-4603-9D04-3054DE9944E2}
		{E0364A85-F9D4-4A77-92A4-9F378A0F499A} = {E0364A85-F9D4-4A77-92A4-9F378A0F499A}
	EndProjectSection
EndProject
Project("{8BC9CEB8-8B4A-11D0-8D11-00A0C91BC942}") = "AppSoftBodyDemo", "Demos\SoftDemo\AppSoftBodyDemo.vcxproj", "{D30DF97C-270B-4451-9B9B-5CB6C1CB8F2C}"
	ProjectSection(ProjectDependencies) = postProject
		{4F0D333E-4601-4FAE-97DE-BF17A6EFCEB2} = {4F0D333E-4601-4FAE-97DE-BF17A6EFCEB2}
		{DA27D3B2-5E86-454A-B50A-530463FA0A0F} = {DA27D3B2-5E86-454A-B50A-530463FA0A0F}
		{F84BAF40-3E36-4DEA-9DEC-64DC45518520} = {F84BAF40-3E36-4DEA-9DEC-64DC45518520}
		{FF512C42-15BD-4BE0-BD45-0940F6527D04} = {FF512C42-15BD-4BE0-BD45-0940F6527D04}
		{AB938CD2-B646-4603-9D04-3054DE9944E2} = {AB938CD2-B646-4603-9D04-3054DE9944E2}
		{E0364A85-F9D4-4A77-92A4-9F378A0F499A} = {E0364A85-F9D4-4A77-92A4-9F378A0F499A}
	EndProjectSection
EndProject
Project("{8BC9CEB8-8B4A-11D0-8D11-00A0C91BC942}") = "AppThreadingDemo", "Demos\ThreadingDemo\AppThreadingDemo.vcxproj", "{6466D5B9-E407-490F-AF20-13E310D6BCBB}"
	ProjectSection(ProjectDependencies) = postProject
		{4F0D333E-4601-4FAE-97DE-BF17A6EFCEB2} = {4F0D333E-4601-4FAE-97DE-BF17A6EFCEB2}
		{DA27D3B2-5E86-454A-B50A-530463FA0A0F} = {DA27D3B2-5E86-454A-B50A-530463FA0A0F}
		{B766F918-1BBE-45AB-97D7-F1B7E40B3C0E} = {B766F918-1BBE-45AB-97D7-F1B7E40B3C0E}
		{FF512C42-15BD-4BE0-BD45-0940F6527D04} = {FF512C42-15BD-4BE0-BD45-0940F6527D04}
		{E0364A85-F9D4-4A77-92A4-9F378A0F499A} = {E0364A85-F9D4-4A77-92A4-9F378A0F499A}
	EndProjectSection
EndProject
Project("{8BC9CEB8-8B4A-11D0-8D11-00A0C91BC942}") = "AppUserCollisionAlgorithm", "Demos\UserCollisionAlgorithm\AppUserCollisionAlgorithm.vcxproj", "{D4433D05-B900-415E-962B-1EBB5B943290}"
	ProjectSection(ProjectDependencies) = postProject
		{4F0D333E-4601-4FAE-97DE-BF17A6EFCEB2} = {4F0D333E-4601-4FAE-97DE-BF17A6EFCEB2}
		{DA27D3B2-5E86-454A-B50A-530463FA0A0F} = {DA27D3B2-5E86-454A-B50A-530463FA0A0F}
		{FF512C42-15BD-4BE0-BD45-0940F6527D04} = {FF512C42-15BD-4BE0-BD45-0940F6527D04}
		{AB938CD2-B646-4603-9D04-3054DE9944E2} = {AB938CD2-B646-4603-9D04-3054DE9944E2}
		{E0364A85-F9D4-4A77-92A4-9F378A0F499A} = {E0364A85-F9D4-4A77-92A4-9F378A0F499A}
	EndProjectSection
EndProject
Project("{8BC9CEB8-8B4A-11D0-8D11-00A0C91BC942}") = "AppVectorAdd_Mini", "Demos\VectorAdd_OpenCL\MiniCL\AppVectorAdd_Mini.vcxproj", "{FFBC5AB5-8996-4AF1-867E-603397DA680A}"
	ProjectSection(ProjectDependencies) = postProject
		{B766F918-1BBE-45AB-97D7-F1B7E40B3C0E} = {B766F918-1BBE-45AB-97D7-F1B7E40B3C0E}
		{FF512C42-15BD-4BE0-BD45-0940F6527D04} = {FF512C42-15BD-4BE0-BD45-0940F6527D04}
		{071CB40D-5245-4F86-B0E1-E62AE2950192} = {071CB40D-5245-4F86-B0E1-E62AE2950192}
		{E0364A85-F9D4-4A77-92A4-9F378A0F499A} = {E0364A85-F9D4-4A77-92A4-9F378A0F499A}
	EndProjectSection
EndProject
Project("{8BC9CEB8-8B4A-11D0-8D11-00A0C91BC942}") = "AppVehicleDemo", "Demos\VehicleDemo\AppVehicleDemo.vcxproj", "{BD8DE974-A9F3-4E40-BCFC-F6029BC6677D}"
	ProjectSection(ProjectDependencies) = postProject
		{4F0D333E-4601-4FAE-97DE-BF17A6EFCEB2} = {4F0D333E-4601-4FAE-97DE-BF17A6EFCEB2}
		{DA27D3B2-5E86-454A-B50A-530463FA0A0F} = {DA27D3B2-5E86-454A-B50A-530463FA0A0F}
		{FF512C42-15BD-4BE0-BD45-0940F6527D04} = {FF512C42-15BD-4BE0-BD45-0940F6527D04}
		{AB938CD2-B646-4603-9D04-3054DE9944E2} = {AB938CD2-B646-4603-9D04-3054DE9944E2}
		{E0364A85-F9D4-4A77-92A4-9F378A0F499A} = {E0364A85-F9D4-4A77-92A4-9F378A0F499A}
	EndProjectSection
EndProject
Project("{8BC9CEB8-8B4A-11D0-8D11-00A0C91BC942}") = "AppVoronoiFractureDemo", "Demos\VoronoiFractureDemo\AppVoronoiFractureDemo.vcxproj", "{77ABFF4B-5173-478E-9B7C-D4C57D0D8B19}"
	ProjectSection(ProjectDependencies) = postProject
		{4F0D333E-4601-4FAE-97DE-BF17A6EFCEB2} = {4F0D333E-4601-4FAE-97DE-BF17A6EFCEB2}
		{DA27D3B2-5E86-454A-B50A-530463FA0A0F} = {DA27D3B2-5E86-454A-B50A-530463FA0A0F}
		{FF512C42-15BD-4BE0-BD45-0940F6527D04} = {FF512C42-15BD-4BE0-BD45-0940F6527D04}
		{AB938CD2-B646-4603-9D04-3054DE9944E2} = {AB938CD2-B646-4603-9D04-3054DE9944E2}
		{E0364A85-F9D4-4A77-92A4-9F378A0F499A} = {E0364A85-F9D4-4A77-92A4-9F378A0F499A}
	EndProjectSection
EndProject
Project("{8BC9CEB8-8B4A-11D0-8D11-00A0C91BC942}") = "BulletCollision", "src\BulletCollision\BulletCollision.vcxproj", "{4F0D333E-4601-4FAE-97DE-BF17A6EFCEB2}"
	ProjectSection(ProjectDependencies) = postProject
		{E0364A85-F9D4-4A77-92A4-9F378A0F499A} = {E0364A85-F9D4-4A77-92A4-9F378A0F499A}
	EndProjectSection
EndProject
Project("{8BC9CEB8-8B4A-11D0-8D11-00A0C91BC942}") = "BulletDynamics", "src\BulletDynamics\BulletDynamics.vcxproj", "{DA27D3B2-5E86-454A-B50A-530463FA0A0F}"
	ProjectSection(ProjectDependencies) = postProject
		{E0364A85-F9D4-4A77-92A4-9F378A0F499A} = {E0364A85-F9D4-4A77-92A4-9F378A0F499A}
	EndProjectSection
EndProject
Project("{8BC9CEB8-8B4A-11D0-8D11-00A0C91BC942}") = "BulletFileLoader", "Extras\Serialize\BulletFileLoader\BulletFileLoader.vcxproj", "{88015B5F-4C87-4296-B3BE-583DC16BF24B}"
	ProjectSection(ProjectDependencies) = postProject
		{E0364A85-F9D4-4A77-92A4-9F378A0F499A} = {E0364A85-F9D4-4A77-92A4-9F378A0F499A}
	EndProjectSection
EndProject
Project("{8BC9CEB8-8B4A-11D0-8D11-00A0C91BC942}") = "BulletMultiThreaded", "src\BulletMultiThreaded\BulletMultiThreaded.vcxproj", "{B766F918-1BBE-45AB-97D7-F1B7E40B3C0E}"
	ProjectSection(ProjectDependencies) = postProject
		{E0364A85-F9D4-4A77-92A4-9F378A0F499A} = {E0364A85-F9D4-4A77-92A4-9F378A0F499A}
	EndProjectSection
EndProject
Project("{8BC9CEB8-8B4A-11D0-8D11-00A0C91BC942}") = "BulletSoftBody", "src\BulletSoftBody\BulletSoftBody.vcxproj", "{F84BAF40-3E36-4DEA-9DEC-64DC45518520}"
	ProjectSection(ProjectDependencies) = postProject
		{E0364A85-F9D4-4A77-92A4-9F378A0F499A} = {E0364A85-F9D4-4A77-92A4-9F378A0F499A}
	EndProjectSection
EndProject
Project("{8BC9CEB8-8B4A-11D0-8D11-00A0C91BC942}") = "BulletSoftBodySolvers_DX11", "src\BulletMultiThreaded\GpuSoftBodySolvers\DX11\BulletSoftBodySolvers_DX11.vcxproj", "{329E53AF-7260-4867-AA35-BEB2798B2643}"
	ProjectSection(ProjectDependencies) = postProject
		{E0364A85-F9D4-4A77-92A4-9F378A0F499A} = {E0364A85-F9D4-4A77-92A4-9F378A0F499A}
	EndProjectSection
EndProject
Project("{8BC9CEB8-8B4A-11D0-8D11-00A0C91BC942}") = "BulletSoftBodySolvers_OpenCL_Mini", "src\BulletMultiThreaded\GpuSoftBodySolvers\OpenCL\MiniCL\BulletSoftBodySolvers_OpenCL_Mini.vcxproj", "{2E3C7776-637D-47F3-9D97-D728991DB070}"
	ProjectSection(ProjectDependencies) = postProject
		{E0364A85-F9D4-4A77-92A4-9F378A0F499A} = {E0364A85-F9D4-4A77-92A4-9F378A0F499A}
	EndProjectSection
EndProject
Project("{8BC9CEB8-8B4A-11D0-8D11-00A0C91BC942}") = "BulletWorldImporter", "Extras\Serialize\BulletWorldImporter\BulletWorldImporter.vcxproj", "{A66FE44E-9A9F-46AC-945C-3620ED52F385}"
	ProjectSection(ProjectDependencies) = postProject
		{E0364A85-F9D4-4A77-92A4-9F378A0F499A} = {E0364A85-F9D4-4A77-92A4-9F378A0F499A}
	EndProjectSection
EndProject
Project("{8BC9CEB8-8B4A-11D0-8D11-00A0C91BC942}") = "BulletXmlWorldImporter", "Extras\Serialize\BulletXmlWorldImporter\BulletXmlWorldImporter.vcxproj", "{025B165C-4C94-4387-BBE7-B22DC31952BB}"
	ProjectSection(ProjectDependencies) = postProject
		{E0364A85-F9D4-4A77-92A4-9F378A0F499A} = {E0364A85-F9D4-4A77-92A4-9F378A0F499A}
	EndProjectSection
EndProject
Project("{8BC9CEB8-8B4A-11D0-8D11-00A0C91BC942}") = "ConvexDecomposition", "Extras\ConvexDecomposition\ConvexDecomposition.vcxproj", "{74B1879F-26E5-4CA8-8A42-7F059E51951C}"
	ProjectSection(ProjectDependencies) = postProject
		{E0364A85-F9D4-4A77-92A4-9F378A0F499A} = {E0364A85-F9D4-4A77-92A4-9F378A0F499A}
	EndProjectSection
EndProject
Project("{8BC9CEB8-8B4A-11D0-8D11-00A0C91BC942}") = "GIMPACTUtils", "Extras\GIMPACTUtils\GIMPACTUtils.vcxproj", "{8D580032-BF6F-48CB-BC90-4C300CD1BAC9}"
	ProjectSection(ProjectDependencies) = postProject
		{E0364A85-F9D4-4A77-92A4-9F378A0F499A} = {E0364A85-F9D4-4A77-92A4-9F378A0F499A}
	EndProjectSection
EndProject
Project("{8BC9CEB8-8B4A-11D0-8D11-00A0C91BC942}") = "GLUI", "Extras\glui\GLUI.vcxproj", "{BB88005F-F05F-414C-B17B-ED7CAA8F78B8}"
	ProjectSection(ProjectDependencies) = postProject
		{E0364A85-F9D4-4A77-92A4-9F378A0F499A} = {E0364A85-F9D4-4A77-92A4-9F378A0F499A}
	EndProjectSection
EndProject
Project("{8BC9CEB8-8B4A-11D0-8D11-00A0C91BC942}") = "HACD", "Extras\HACD\HACD.vcxproj", "{54AA1735-3316-4BF7-88F1-24B551628BDF}"
	ProjectSection(ProjectDependencies) = postProject
		{E0364A85-F9D4-4A77-92A4-9F378A0F499A} = {E0364A85-F9D4-4A77-92A4-9F378A0F499A}
	EndProjectSection
EndProject
Project("{8BC9CEB8-8B4A-11D0-8D11-00A0C91BC942}") = "INSTALL", "INSTALL.vcxproj", "{1CEC84EF-A39F-4196-8A5C-2B929A993F00}"
	ProjectSection(ProjectDependencies) = postProject
		{3A3924F9-7B3A-474C-94BF-8EF8E3BD0C17} = {3A3924F9-7B3A-474C-94BF-8EF8E3BD0C17}
	EndProjectSection
EndProject
Project("{8BC9CEB8-8B4A-11D0-8D11-00A0C91BC942}") = "LinearMath", "src\LinearMath\LinearMath.vcxproj", "{FF512C42-15BD-4BE0-BD45-0940F6527D04}"
	ProjectSection(ProjectDependencies) = postProject
		{E0364A85-F9D4-4A77-92A4-9F378A0F499A} = {E0364A85-F9D4-4A77-92A4-9F378A0F499A}
	EndProjectSection
EndProject
Project("{8BC9CEB8-8B4A-11D0-8D11-00A0C91BC942}") = "MiniCL", "src\MiniCL\MiniCL.vcxproj", "{071CB40D-5245-4F86-B0E1-E62AE2950192}"
	ProjectSection(ProjectDependencies) = postProject
		{E0364A85-F9D4-4A77-92A4-9F378A0F499A} = {E0364A85-F9D4-4A77-92A4-9F378A0F499A}
	EndProjectSection
EndProject
Project("{8BC9CEB8-8B4A-11D0-8D11-00A0C91BC942}") = "OpenGLSupport", "Demos\OpenGL\OpenGLSupport.vcxproj", "{AB938CD2-B646-4603-9D04-3054DE9944E2}"
	ProjectSection(ProjectDependencies) = postProject
		{E0364A85-F9D4-4A77-92A4-9F378A0F499A} = {E0364A85-F9D4-4A77-92A4-9F378A0F499A}
	EndProjectSection
EndProject
Project("{8BC9CEB8-8B4A-11D0-8D11-00A0C91BC942}") = "ZERO_CHECK", "ZERO_CHECK.vcxproj", "{E0364A85-F9D4-4A77-92A4-9F378A0F499A}"
	ProjectSection(ProjectDependencies) = postProject
	EndProjectSection
EndProject
Global
	GlobalSection(SolutionConfigurationPlatforms) = preSolution
		Debug|Win32 = Debug|Win32
		Release|Win32 = Release|Win32
		MinSizeRel|Win32 = MinSizeRel|Win32
		RelWithDebInfo|Win32 = RelWithDebInfo|Win32
	EndGlobalSection
	GlobalSection(ProjectConfigurationPlatforms) = postSolution
		{3A3924F9-7B3A-474C-94BF-8EF8E3BD0C17}.Debug|Win32.ActiveCfg = Debug|Win32
		{3A3924F9-7B3A-474C-94BF-8EF8E3BD0C17}.Debug|Win32.Build.0 = Debug|Win32
		{3A3924F9-7B3A-474C-94BF-8EF8E3BD0C17}.Release|Win32.ActiveCfg = Release|Win32
		{3A3924F9-7B3A-474C-94BF-8EF8E3BD0C17}.Release|Win32.Build.0 = Release|Win32
		{3A3924F9-7B3A-474C-94BF-8EF8E3BD0C17}.MinSizeRel|Win32.ActiveCfg = MinSizeRel|Win32
		{3A3924F9-7B3A-474C-94BF-8EF8E3BD0C17}.MinSizeRel|Win32.Build.0 = MinSizeRel|Win32
		{3A3924F9-7B3A-474C-94BF-8EF8E3BD0C17}.RelWithDebInfo|Win32.ActiveCfg = RelWithDebInfo|Win32
		{3A3924F9-7B3A-474C-94BF-8EF8E3BD0C17}.RelWithDebInfo|Win32.Build.0 = RelWithDebInfo|Win32
		{EA9D9CE5-2EEB-4181-A74F-ECA1328152EF}.Debug|Win32.ActiveCfg = Debug|Win32
		{EA9D9CE5-2EEB-4181-A74F-ECA1328152EF}.Debug|Win32.Build.0 = Debug|Win32
		{EA9D9CE5-2EEB-4181-A74F-ECA1328152EF}.Release|Win32.ActiveCfg = Release|Win32
		{EA9D9CE5-2EEB-4181-A74F-ECA1328152EF}.Release|Win32.Build.0 = Release|Win32
		{EA9D9CE5-2EEB-4181-A74F-ECA1328152EF}.MinSizeRel|Win32.ActiveCfg = MinSizeRel|Win32
		{EA9D9CE5-2EEB-4181-A74F-ECA1328152EF}.MinSizeRel|Win32.Build.0 = MinSizeRel|Win32
		{EA9D9CE5-2EEB-4181-A74F-ECA1328152EF}.RelWithDebInfo|Win32.ActiveCfg = RelWithDebInfo|Win32
		{EA9D9CE5-2EEB-4181-A74F-ECA1328152EF}.RelWithDebInfo|Win32.Build.0 = RelWithDebInfo|Win32
		{C60B84E3-23F6-42C2-AD05-2BD34D0D0A76}.Debug|Win32.ActiveCfg = Debug|Win32
		{C60B84E3-23F6-42C2-AD05-2BD34D0D0A76}.Debug|Win32.Build.0 = Debug|Win32
		{C60B84E3-23F6-42C2-AD05-2BD34D0D0A76}.Release|Win32.ActiveCfg = Release|Win32
		{C60B84E3-23F6-42C2-AD05-2BD34D0D0A76}.Release|Win32.Build.0 = Release|Win32
		{C60B84E3-23F6-42C2-AD05-2BD34D0D0A76}.MinSizeRel|Win32.ActiveCfg = MinSizeRel|Win32
		{C60B84E3-23F6-42C2-AD05-2BD34D0D0A76}.MinSizeRel|Win32.Build.0 = MinSizeRel|Win32
		{C60B84E3-23F6-42C2-AD05-2BD34D0D0A76}.RelWithDebInfo|Win32.ActiveCfg = RelWithDebInfo|Win32
		{C60B84E3-23F6-42C2-AD05-2BD34D0D0A76}.RelWithDebInfo|Win32.Build.0 = RelWithDebInfo|Win32
		{6129F3E0-6C04-45F1-83E5-5979B8EC630D}.Debug|Win32.ActiveCfg = Debug|Win32
		{6129F3E0-6C04-45F1-83E5-5979B8EC630D}.Debug|Win32.Build.0 = Debug|Win32
		{6129F3E0-6C04-45F1-83E5-5979B8EC630D}.Release|Win32.ActiveCfg = Release|Win32
		{6129F3E0-6C04-45F1-83E5-5979B8EC630D}.Release|Win32.Build.0 = Release|Win32
		{6129F3E0-6C04-45F1-83E5-5979B8EC630D}.MinSizeRel|Win32.ActiveCfg = MinSizeRel|Win32
		{6129F3E0-6C04-45F1-83E5-5979B8EC630D}.MinSizeRel|Win32.Build.0 = MinSizeRel|Win32
		{6129F3E0-6C04-45F1-83E5-5979B8EC630D}.RelWithDebInfo|Win32.ActiveCfg = RelWithDebInfo|Win32
		{6129F3E0-6C04-45F1-83E5-5979B8EC630D}.RelWithDebInfo|Win32.Build.0 = RelWithDebInfo|Win32
		{F04A999C-A041-4642-AC4D-70E32DF447A4}.Debug|Win32.ActiveCfg = Debug|Win32
		{F04A999C-A041-4642-AC4D-70E32DF447A4}.Debug|Win32.Build.0 = Debug|Win32
		{F04A999C-A041-4642-AC4D-70E32DF447A4}.Release|Win32.ActiveCfg = Release|Win32
		{F04A999C-A041-4642-AC4D-70E32DF447A4}.Release|Win32.Build.0 = Release|Win32
		{F04A999C-A041-4642-AC4D-70E32DF447A4}.MinSizeRel|Win32.ActiveCfg = MinSizeRel|Win32
		{F04A999C-A041-4642-AC4D-70E32DF447A4}.MinSizeRel|Win32.Build.0 = MinSizeRel|Win32
		{F04A999C-A041-4642-AC4D-70E32DF447A4}.RelWithDebInfo|Win32.ActiveCfg = RelWithDebInfo|Win32
		{F04A999C-A041-4642-AC4D-70E32DF447A4}.RelWithDebInfo|Win32.Build.0 = RelWithDebInfo|Win32
		{0B5DC5C8-56F2-42E3-8C23-5AF1B01D6B07}.Debug|Win32.ActiveCfg = Debug|Win32
		{0B5DC5C8-56F2-42E3-8C23-5AF1B01D6B07}.Debug|Win32.Build.0 = Debug|Win32
		{0B5DC5C8-56F2-42E3-8C23-5AF1B01D6B07}.Release|Win32.ActiveCfg = Release|Win32
		{0B5DC5C8-56F2-42E3-8C23-5AF1B01D6B07}.Release|Win32.Build.0 = Release|Win32
		{0B5DC5C8-56F2-42E3-8C23-5AF1B01D6B07}.MinSizeRel|Win32.ActiveCfg = MinSizeRel|Win32
		{0B5DC5C8-56F2-42E3-8C23-5AF1B01D6B07}.MinSizeRel|Win32.Build.0 = MinSizeRel|Win32
		{0B5DC5C8-56F2-42E3-8C23-5AF1B01D6B07}.RelWithDebInfo|Win32.ActiveCfg = RelWithDebInfo|Win32
		{0B5DC5C8-56F2-42E3-8C23-5AF1B01D6B07}.RelWithDebInfo|Win32.Build.0 = RelWithDebInfo|Win32
		{203AD3EB-E92D-4C5C-BCCF-5D9156F6E2C2}.Debug|Win32.ActiveCfg = Debug|Win32
		{203AD3EB-E92D-4C5C-BCCF-5D9156F6E2C2}.Debug|Win32.Build.0 = Debug|Win32
		{203AD3EB-E92D-4C5C-BCCF-5D9156F6E2C2}.Release|Win32.ActiveCfg = Release|Win32
		{203AD3EB-E92D-4C5C-BCCF-5D9156F6E2C2}.Release|Win32.Build.0 = Release|Win32
		{203AD3EB-E92D-4C5C-BCCF-5D9156F6E2C2}.MinSizeRel|Win32.ActiveCfg = MinSizeRel|Win32
		{203AD3EB-E92D-4C5C-BCCF-5D9156F6E2C2}.MinSizeRel|Win32.Build.0 = MinSizeRel|Win32
		{203AD3EB-E92D-4C5C-BCCF-5D9156F6E2C2}.RelWithDebInfo|Win32.ActiveCfg = RelWithDebInfo|Win32
		{203AD3EB-E92D-4C5C-BCCF-5D9156F6E2C2}.RelWithDebInfo|Win32.Build.0 = RelWithDebInfo|Win32
		{B4C51807-982F-426E-BEF1-1744892C61F3}.Debug|Win32.ActiveCfg = Debug|Win32
		{B4C51807-982F-426E-BEF1-1744892C61F3}.Debug|Win32.Build.0 = Debug|Win32
		{B4C51807-982F-426E-BEF1-1744892C61F3}.Release|Win32.ActiveCfg = Release|Win32
		{B4C51807-982F-426E-BEF1-1744892C61F3}.Release|Win32.Build.0 = Release|Win32
		{B4C51807-982F-426E-BEF1-1744892C61F3}.MinSizeRel|Win32.ActiveCfg = MinSizeRel|Win32
		{B4C51807-982F-426E-BEF1-1744892C61F3}.MinSizeRel|Win32.Build.0 = MinSizeRel|Win32
		{B4C51807-982F-426E-BEF1-1744892C61F3}.RelWithDebInfo|Win32.ActiveCfg = RelWithDebInfo|Win32
		{B4C51807-982F-426E-BEF1-1744892C61F3}.RelWithDebInfo|Win32.Build.0 = RelWithDebInfo|Win32
		{485063B6-98C1-4F4C-B012-D4386ADE11DC}.Debug|Win32.ActiveCfg = Debug|Win32
		{485063B6-98C1-4F4C-B012-D4386ADE11DC}.Debug|Win32.Build.0 = Debug|Win32
		{485063B6-98C1-4F4C-B012-D4386ADE11DC}.Release|Win32.ActiveCfg = Release|Win32
		{485063B6-98C1-4F4C-B012-D4386ADE11DC}.Release|Win32.Build.0 = Release|Win32
		{485063B6-98C1-4F4C-B012-D4386ADE11DC}.MinSizeRel|Win32.ActiveCfg = MinSizeRel|Win32
		{485063B6-98C1-4F4C-B012-D4386ADE11DC}.MinSizeRel|Win32.Build.0 = MinSizeRel|Win32
		{485063B6-98C1-4F4C-B012-D4386ADE11DC}.RelWithDebInfo|Win32.ActiveCfg = RelWithDebInfo|Win32
		{485063B6-98C1-4F4C-B012-D4386ADE11DC}.RelWithDebInfo|Win32.Build.0 = RelWithDebInfo|Win32
		{2B016443-4CB0-460B-B6AE-ECE8CA9CA74E}.Debug|Win32.ActiveCfg = Debug|Win32
		{2B016443-4CB0-460B-B6AE-ECE8CA9CA74E}.Debug|Win32.Build.0 = Debug|Win32
		{2B016443-4CB0-460B-B6AE-ECE8CA9CA74E}.Release|Win32.ActiveCfg = Release|Win32
		{2B016443-4CB0-460B-B6AE-ECE8CA9CA74E}.Release|Win32.Build.0 = Release|Win32
		{2B016443-4CB0-460B-B6AE-ECE8CA9CA74E}.MinSizeRel|Win32.ActiveCfg = MinSizeRel|Win32
		{2B016443-4CB0-460B-B6AE-ECE8CA9CA74E}.MinSizeRel|Win32.Build.0 = MinSizeRel|Win32
		{2B016443-4CB0-460B-B6AE-ECE8CA9CA74E}.RelWithDebInfo|Win32.ActiveCfg = RelWithDebInfo|Win32
		{2B016443-4CB0-460B-B6AE-ECE8CA9CA74E}.RelWithDebInfo|Win32.Build.0 = RelWithDebInfo|Win32
		{0ED2174E-2BDB-456B-BF8B-CBF0DCD6FB14}.Debug|Win32.ActiveCfg = Debug|Win32
		{0ED2174E-2BDB-456B-BF8B-CBF0DCD6FB14}.Debug|Win32.Build.0 = Debug|Win32
		{0ED2174E-2BDB-456B-BF8B-CBF0DCD6FB14}.Release|Win32.ActiveCfg = Release|Win32
		{0ED2174E-2BDB-456B-BF8B-CBF0DCD6FB14}.Release|Win32.Build.0 = Release|Win32
		{0ED2174E-2BDB-456B-BF8B-CBF0DCD6FB14}.MinSizeRel|Win32.ActiveCfg = MinSizeRel|Win32
		{0ED2174E-2BDB-456B-BF8B-CBF0DCD6FB14}.MinSizeRel|Win32.Build.0 = MinSizeRel|Win32
		{0ED2174E-2BDB-456B-BF8B-CBF0DCD6FB14}.RelWithDebInfo|Win32.ActiveCfg = RelWithDebInfo|Win32
		{0ED2174E-2BDB-456B-BF8B-CBF0DCD6FB14}.RelWithDebInfo|Win32.Build.0 = RelWithDebInfo|Win32
		{5F725D27-9741-4746-B67F-F9504087D7D0}.Debug|Win32.ActiveCfg = Debug|Win32
		{5F725D27-9741-4746-B67F-F9504087D7D0}.Debug|Win32.Build.0 = Debug|Win32
		{5F725D27-9741-4746-B67F-F9504087D7D0}.Release|Win32.ActiveCfg = Release|Win32
		{5F725D27-9741-4746-B67F-F9504087D7D0}.Release|Win32.Build.0 = Release|Win32
		{5F725D27-9741-4746-B67F-F9504087D7D0}.MinSizeRel|Win32.ActiveCfg = MinSizeRel|Win32
		{5F725D27-9741-4746-B67F-F9504087D7D0}.MinSizeRel|Win32.Build.0 = MinSizeRel|Win32
		{5F725D27-9741-4746-B67F-F9504087D7D0}.RelWithDebInfo|Win32.ActiveCfg = RelWithDebInfo|Win32
		{5F725D27-9741-4746-B67F-F9504087D7D0}.RelWithDebInfo|Win32.Build.0 = RelWithDebInfo|Win32
		{4391DF16-526A-492F-A2E0-6653B5A1F5E3}.Debug|Win32.ActiveCfg = Debug|Win32
		{4391DF16-526A-492F-A2E0-6653B5A1F5E3}.Debug|Win32.Build.0 = Debug|Win32
		{4391DF16-526A-492F-A2E0-6653B5A1F5E3}.Release|Win32.ActiveCfg = Release|Win32
		{4391DF16-526A-492F-A2E0-6653B5A1F5E3}.Release|Win32.Build.0 = Release|Win32
		{4391DF16-526A-492F-A2E0-6653B5A1F5E3}.MinSizeRel|Win32.ActiveCfg = MinSizeRel|Win32
		{4391DF16-526A-492F-A2E0-6653B5A1F5E3}.MinSizeRel|Win32.Build.0 = MinSizeRel|Win32
		{4391DF16-526A-492F-A2E0-6653B5A1F5E3}.RelWithDebInfo|Win32.ActiveCfg = RelWithDebInfo|Win32
		{4391DF16-526A-492F-A2E0-6653B5A1F5E3}.RelWithDebInfo|Win32.Build.0 = RelWithDebInfo|Win32
		{78D6826A-3396-45AF-A615-1C3F691D5788}.Debug|Win32.ActiveCfg = Debug|Win32
		{78D6826A-3396-45AF-A615-1C3F691D5788}.Debug|Win32.Build.0 = Debug|Win32
		{78D6826A-3396-45AF-A615-1C3F691D5788}.Release|Win32.ActiveCfg = Release|Win32
		{78D6826A-3396-45AF-A615-1C3F691D5788}.Release|Win32.Build.0 = Release|Win32
		{78D6826A-3396-45AF-A615-1C3F691D5788}.MinSizeRel|Win32.ActiveCfg = MinSizeRel|Win32
		{78D6826A-3396-45AF-A615-1C3F691D5788}.MinSizeRel|Win32.Build.0 = MinSizeRel|Win32
		{78D6826A-3396-45AF-A615-1C3F691D5788}.RelWithDebInfo|Win32.ActiveCfg = RelWithDebInfo|Win32
		{78D6826A-3396-45AF-A615-1C3F691D5788}.RelWithDebInfo|Win32.Build.0 = RelWithDebInfo|Win32
		{42E7EF30-86BC-42CD-8AF9-9555D430FEBE}.Debug|Win32.ActiveCfg = Debug|Win32
		{42E7EF30-86BC-42CD-8AF9-9555D430FEBE}.Debug|Win32.Build.0 = Debug|Win32
		{42E7EF30-86BC-42CD-8AF9-9555D430FEBE}.Release|Win32.ActiveCfg = Release|Win32
		{42E7EF30-86BC-42CD-8AF9-9555D430FEBE}.Release|Win32.Build.0 = Release|Win32
		{42E7EF30-86BC-42CD-8AF9-9555D430FEBE}.MinSizeRel|Win32.ActiveCfg = MinSizeRel|Win32
		{42E7EF30-86BC-42CD-8AF9-9555D430FEBE}.MinSizeRel|Win32.Build.0 = MinSizeRel|Win32
		{42E7EF30-86BC-42CD-8AF9-9555D430FEBE}.RelWithDebInfo|Win32.ActiveCfg = RelWithDebInfo|Win32
		{42E7EF30-86BC-42CD-8AF9-9555D430FEBE}.RelWithDebInfo|Win32.Build.0 = RelWithDebInfo|Win32
		{21088D21-F918-4875-93B4-11B1827DC3DD}.Debug|Win32.ActiveCfg = Debug|Win32
		{21088D21-F918-4875-93B4-11B1827DC3DD}.Debug|Win32.Build.0 = Debug|Win32
		{21088D21-F918-4875-93B4-11B1827DC3DD}.Release|Win32.ActiveCfg = Release|Win32
		{21088D21-F918-4875-93B4-11B1827DC3DD}.Release|Win32.Build.0 = Release|Win32
		{21088D21-F918-4875-93B4-11B1827DC3DD}.MinSizeRel|Win32.ActiveCfg = MinSizeRel|Win32
		{21088D21-F918-4875-93B4-11B1827DC3DD}.MinSizeRel|Win32.Build.0 = MinSizeRel|Win32
		{21088D21-F918-4875-93B4-11B1827DC3DD}.RelWithDebInfo|Win32.ActiveCfg = RelWithDebInfo|Win32
		{21088D21-F918-4875-93B4-11B1827DC3DD}.RelWithDebInfo|Win32.Build.0 = RelWithDebInfo|Win32
		{B3A0C056-E6E9-4053-BEFA-E2C2EC158984}.Debug|Win32.ActiveCfg = Debug|Win32
		{B3A0C056-E6E9-4053-BEFA-E2C2EC158984}.Debug|Win32.Build.0 = Debug|Win32
		{B3A0C056-E6E9-4053-BEFA-E2C2EC158984}.Release|Win32.ActiveCfg = Release|Win32
		{B3A0C056-E6E9-4053-BEFA-E2C2EC158984}.Release|Win32.Build.0 = Release|Win32
		{B3A0C056-E6E9-4053-BEFA-E2C2EC158984}.MinSizeRel|Win32.ActiveCfg = MinSizeRel|Win32
		{B3A0C056-E6E9-4053-BEFA-E2C2EC158984}.MinSizeRel|Win32.Build.0 = MinSizeRel|Win32
		{B3A0C056-E6E9-4053-BEFA-E2C2EC158984}.RelWithDebInfo|Win32.ActiveCfg = RelWithDebInfo|Win32
		{B3A0C056-E6E9-4053-BEFA-E2C2EC158984}.RelWithDebInfo|Win32.Build.0 = RelWithDebInfo|Win32
		{64B2B477-9E39-4E6A-8858-5BBE7B08237B}.Debug|Win32.ActiveCfg = Debug|Win32
		{64B2B477-9E39-4E6A-8858-5BBE7B08237B}.Debug|Win32.Build.0 = Debug|Win32
		{64B2B477-9E39-4E6A-8858-5BBE7B08237B}.Release|Win32.ActiveCfg = Release|Win32
		{64B2B477-9E39-4E6A-8858-5BBE7B08237B}.Release|Win32.Build.0 = Release|Win32
		{64B2B477-9E39-4E6A-8858-5BBE7B08237B}.MinSizeRel|Win32.ActiveCfg = MinSizeRel|Win32
		{64B2B477-9E39-4E6A-8858-5BBE7B08237B}.MinSizeRel|Win32.Build.0 = MinSizeRel|Win32
		{64B2B477-9E39-4E6A-8858-5BBE7B08237B}.RelWithDebInfo|Win32.ActiveCfg = RelWithDebInfo|Win32
		{64B2B477-9E39-4E6A-8858-5BBE7B08237B}.RelWithDebInfo|Win32.Build.0 = RelWithDebInfo|Win32
		{77484277-75D0-45E0-BFD8-C4B2199609FD}.Debug|Win32.ActiveCfg = Debug|Win32
		{77484277-75D0-45E0-BFD8-C4B2199609FD}.Debug|Win32.Build.0 = Debug|Win32
		{77484277-75D0-45E0-BFD8-C4B2199609FD}.Release|Win32.ActiveCfg = Release|Win32
		{77484277-75D0-45E0-BFD8-C4B2199609FD}.Release|Win32.Build.0 = Release|Win32
		{77484277-75D0-45E0-BFD8-C4B2199609FD}.MinSizeRel|Win32.ActiveCfg = MinSizeRel|Win32
		{77484277-75D0-45E0-BFD8-C4B2199609FD}.MinSizeRel|Win32.Build.0 = MinSizeRel|Win32
		{77484277-75D0-45E0-BFD8-C4B2199609FD}.RelWithDebInfo|Win32.ActiveCfg = RelWithDebInfo|Win32
		{77484277-75D0-45E0-BFD8-C4B2199609FD}.RelWithDebInfo|Win32.Build.0 = RelWithDebInfo|Win32
		{1EC8C528-6145-4F77-A867-9634DABA58EE}.Debug|Win32.ActiveCfg = Debug|Win32
		{1EC8C528-6145-4F77-A867-9634DABA58EE}.Debug|Win32.Build.0 = Debug|Win32
		{1EC8C528-6145-4F77-A867-9634DABA58EE}.Release|Win32.ActiveCfg = Release|Win32
		{1EC8C528-6145-4F77-A867-9634DABA58EE}.Release|Win32.Build.0 = Release|Win32
		{1EC8C528-6145-4F77-A867-9634DABA58EE}.MinSizeRel|Win32.ActiveCfg = MinSizeRel|Win32
		{1EC8C528-6145-4F77-A867-9634DABA58EE}.MinSizeRel|Win32.Build.0 = MinSizeRel|Win32
		{1EC8C528-6145-4F77-A867-9634DABA58EE}.RelWithDebInfo|Win32.ActiveCfg = RelWithDebInfo|Win32
		{1EC8C528-6145-4F77-A867-9634DABA58EE}.RelWithDebInfo|Win32.Build.0 = RelWithDebInfo|Win32
		{BE1BFA3A-8988-4129-B66A-C0B2FCD7B5F4}.Debug|Win32.ActiveCfg = Debug|Win32
		{BE1BFA3A-8988-4129-B66A-C0B2FCD7B5F4}.Debug|Win32.Build.0 = Debug|Win32
		{BE1BFA3A-8988-4129-B66A-C0B2FCD7B5F4}.Release|Win32.ActiveCfg = Release|Win32
		{BE1BFA3A-8988-4129-B66A-C0B2FCD7B5F4}.Release|Win32.Build.0 = Release|Win32
		{BE1BFA3A-8988-4129-B66A-C0B2FCD7B5F4}.MinSizeRel|Win32.ActiveCfg = MinSizeRel|Win32
		{BE1BFA3A-8988-4129-B66A-C0B2FCD7B5F4}.MinSizeRel|Win32.Build.0 = MinSizeRel|Win32
		{BE1BFA3A-8988-4129-B66A-C0B2FCD7B5F4}.RelWithDebInfo|Win32.ActiveCfg = RelWithDebInfo|Win32
		{BE1BFA3A-8988-4129-B66A-C0B2FCD7B5F4}.RelWithDebInfo|Win32.Build.0 = RelWithDebInfo|Win32
		{9A4A3CB8-D60B-4F5B-A984-8BE0C604769B}.Debug|Win32.ActiveCfg = Debug|Win32
		{9A4A3CB8-D60B-4F5B-A984-8BE0C604769B}.Debug|Win32.Build.0 = Debug|Win32
		{9A4A3CB8-D60B-4F5B-A984-8BE0C604769B}.Release|Win32.ActiveCfg = Release|Win32
		{9A4A3CB8-D60B-4F5B-A984-8BE0C604769B}.Release|Win32.Build.0 = Release|Win32
		{9A4A3CB8-D60B-4F5B-A984-8BE0C604769B}.MinSizeRel|Win32.ActiveCfg = MinSizeRel|Win32
		{9A4A3CB8-D60B-4F5B-A984-8BE0C604769B}.MinSizeRel|Win32.Build.0 = MinSizeRel|Win32
		{9A4A3CB8-D60B-4F5B-A984-8BE0C604769B}.RelWithDebInfo|Win32.ActiveCfg = RelWithDebInfo|Win32
		{9A4A3CB8-D60B-4F5B-A984-8BE0C604769B}.RelWithDebInfo|Win32.Build.0 = RelWithDebInfo|Win32
		{2CDB23FC-E28D-4FEA-9333-27EE9E626D8D}.Debug|Win32.ActiveCfg = Debug|Win32
		{2CDB23FC-E28D-4FEA-9333-27EE9E626D8D}.Debug|Win32.Build.0 = Debug|Win32
		{2CDB23FC-E28D-4FEA-9333-27EE9E626D8D}.Release|Win32.ActiveCfg = Release|Win32
		{2CDB23FC-E28D-4FEA-9333-27EE9E626D8D}.Release|Win32.Build.0 = Release|Win32
		{2CDB23FC-E28D-4FEA-9333-27EE9E626D8D}.MinSizeRel|Win32.ActiveCfg = MinSizeRel|Win32
		{2CDB23FC-E28D-4FEA-9333-27EE9E626D8D}.MinSizeRel|Win32.Build.0 = MinSizeRel|Win32
		{2CDB23FC-E28D-4FEA-9333-27EE9E626D8D}.RelWithDebInfo|Win32.ActiveCfg = RelWithDebInfo|Win32
		{2CDB23FC-E28D-4FEA-9333-27EE9E626D8D}.RelWithDebInfo|Win32.Build.0 = RelWithDebInfo|Win32
		{4749B77F-0F53-49DF-BFE3-31FCD8296045}.Debug|Win32.ActiveCfg = Debug|Win32
		{4749B77F-0F53-49DF-BFE3-31FCD8296045}.Debug|Win32.Build.0 = Debug|Win32
		{4749B77F-0F53-49DF-BFE3-31FCD8296045}.Release|Win32.ActiveCfg = Release|Win32
		{4749B77F-0F53-49DF-BFE3-31FCD8296045}.Release|Win32.Build.0 = Release|Win32
		{4749B77F-0F53-49DF-BFE3-31FCD8296045}.MinSizeRel|Win32.ActiveCfg = MinSizeRel|Win32
		{4749B77F-0F53-49DF-BFE3-31FCD8296045}.MinSizeRel|Win32.Build.0 = MinSizeRel|Win32
		{4749B77F-0F53-49DF-BFE3-31FCD8296045}.RelWithDebInfo|Win32.ActiveCfg = RelWithDebInfo|Win32
		{4749B77F-0F53-49DF-BFE3-31FCD8296045}.RelWithDebInfo|Win32.Build.0 = RelWithDebInfo|Win32
		{C0DCE39D-7179-49D4-BD0B-04E866DE10F8}.Debug|Win32.ActiveCfg = Debug|Win32
		{C0DCE39D-7179-49D4-BD0B-04E866DE10F8}.Debug|Win32.Build.0 = Debug|Win32
		{C0DCE39D-7179-49D4-BD0B-04E866DE10F8}.Release|Win32.ActiveCfg = Release|Win32
		{C0DCE39D-7179-49D4-BD0B-04E866DE10F8}.Release|Win32.Build.0 = Release|Win32
		{C0DCE39D-7179-49D4-BD0B-04E866DE10F8}.MinSizeRel|Win32.ActiveCfg = MinSizeRel|Win32
		{C0DCE39D-7179-49D4-BD0B-04E866DE10F8}.MinSizeRel|Win32.Build.0 = MinSizeRel|Win32
		{C0DCE39D-7179-49D4-BD0B-04E866DE10F8}.RelWithDebInfo|Win32.ActiveCfg = RelWithDebInfo|Win32
		{C0DCE39D-7179-49D4-BD0B-04E866DE10F8}.RelWithDebInfo|Win32.Build.0 = RelWithDebInfo|Win32
		{30A72776-2EA5-4113-B47B-498019710BE9}.Debug|Win32.ActiveCfg = Debug|Win32
		{30A72776-2EA5-4113-B47B-498019710BE9}.Debug|Win32.Build.0 = Debug|Win32
		{30A72776-2EA5-4113-B47B-498019710BE9}.Release|Win32.ActiveCfg = Release|Win32
		{30A72776-2EA5-4113-B47B-498019710BE9}.Release|Win32.Build.0 = Release|Win32
		{30A72776-2EA5-4113-B47B-498019710BE9}.MinSizeRel|Win32.ActiveCfg = MinSizeRel|Win32
		{30A72776-2EA5-4113-B47B-498019710BE9}.MinSizeRel|Win32.Build.0 = MinSizeRel|Win32
		{30A72776-2EA5-4113-B47B-498019710BE9}.RelWithDebInfo|Win32.ActiveCfg = RelWithDebInfo|Win32
		{30A72776-2EA5-4113-B47B-498019710BE9}.RelWithDebInfo|Win32.Build.0 = RelWithDebInfo|Win32
		{81067B17-75FF-4EE2-8AAD-C2DE281B4AC9}.Debug|Win32.ActiveCfg = Debug|Win32
		{81067B17-75FF-4EE2-8AAD-C2DE281B4AC9}.Debug|Win32.Build.0 = Debug|Win32
		{81067B17-75FF-4EE2-8AAD-C2DE281B4AC9}.Release|Win32.ActiveCfg = Release|Win32
		{81067B17-75FF-4EE2-8AAD-C2DE281B4AC9}.Release|Win32.Build.0 = Release|Win32
		{81067B17-75FF-4EE2-8AAD-C2DE281B4AC9}.MinSizeRel|Win32.ActiveCfg = MinSizeRel|Win32
		{81067B17-75FF-4EE2-8AAD-C2DE281B4AC9}.MinSizeRel|Win32.Build.0 = MinSizeRel|Win32
		{81067B17-75FF-4EE2-8AAD-C2DE281B4AC9}.RelWithDebInfo|Win32.ActiveCfg = RelWithDebInfo|Win32
		{81067B17-75FF-4EE2-8AAD-C2DE281B4AC9}.RelWithDebInfo|Win32.Build.0 = RelWithDebInfo|Win32
		{5B87FE50-8935-4DA9-9DF6-19684E623F3A}.Debug|Win32.ActiveCfg = Debug|Win32
		{5B87FE50-8935-4DA9-9DF6-19684E623F3A}.Debug|Win32.Build.0 = Debug|Win32
		{5B87FE50-8935-4DA9-9DF6-19684E623F3A}.Release|Win32.ActiveCfg = Release|Win32
		{5B87FE50-8935-4DA9-9DF6-19684E623F3A}.Release|Win32.Build.0 = Release|Win32
		{5B87FE50-8935-4DA9-9DF6-19684E623F3A}.MinSizeRel|Win32.ActiveCfg = MinSizeRel|Win32
		{5B87FE50-8935-4DA9-9DF6-19684E623F3A}.MinSizeRel|Win32.Build.0 = MinSizeRel|Win32
		{5B87FE50-8935-4DA9-9DF6-19684E623F3A}.RelWithDebInfo|Win32.ActiveCfg = RelWithDebInfo|Win32
		{5B87FE50-8935-4DA9-9DF6-19684E623F3A}.RelWithDebInfo|Win32.Build.0 = RelWithDebInfo|Win32
		{48766CBF-6AE0-4F44-BA92-D2FB9FA954ED}.Debug|Win32.ActiveCfg = Debug|Win32
		{48766CBF-6AE0-4F44-BA92-D2FB9FA954ED}.Debug|Win32.Build.0 = Debug|Win32
		{48766CBF-6AE0-4F44-BA92-D2FB9FA954ED}.Release|Win32.ActiveCfg = Release|Win32
		{48766CBF-6AE0-4F44-BA92-D2FB9FA954ED}.Release|Win32.Build.0 = Release|Win32
		{48766CBF-6AE0-4F44-BA92-D2FB9FA954ED}.MinSizeRel|Win32.ActiveCfg = MinSizeRel|Win32
		{48766CBF-6AE0-4F44-BA92-D2FB9FA954ED}.MinSizeRel|Win32.Build.0 = MinSizeRel|Win32
		{48766CBF-6AE0-4F44-BA92-D2FB9FA954ED}.RelWithDebInfo|Win32.ActiveCfg = RelWithDebInfo|Win32
		{48766CBF-6AE0-4F44-BA92-D2FB9FA954ED}.RelWithDebInfo|Win32.Build.0 = RelWithDebInfo|Win32
		{2B334156-E4AC-4DF9-9805-172B38110500}.Debug|Win32.ActiveCfg = Debug|Win32
		{2B334156-E4AC-4DF9-9805-172B38110500}.Debug|Win32.Build.0 = Debug|Win32
		{2B334156-E4AC-4DF9-9805-172B38110500}.Release|Win32.ActiveCfg = Release|Win32
		{2B334156-E4AC-4DF9-9805-172B38110500}.Release|Win32.Build.0 = Release|Win32
		{2B334156-E4AC-4DF9-9805-172B38110500}.MinSizeRel|Win32.ActiveCfg = MinSizeRel|Win32
		{2B334156-E4AC-4DF9-9805-172B38110500}.MinSizeRel|Win32.Build.0 = MinSizeRel|Win32
		{2B334156-E4AC-4DF9-9805-172B38110500}.RelWithDebInfo|Win32.ActiveCfg = RelWithDebInfo|Win32
		{2B334156-E4AC-4DF9-9805-172B38110500}.RelWithDebInfo|Win32.Build.0 = RelWithDebInfo|Win32
		{6F72CF1B-6122-4D8D-BE0B-C0F4E4CBCD54}.Debug|Win32.ActiveCfg = Debug|Win32
		{6F72CF1B-6122-4D8D-BE0B-C0F4E4CBCD54}.Debug|Win32.Build.0 = Debug|Win32
		{6F72CF1B-6122-4D8D-BE0B-C0F4E4CBCD54}.Release|Win32.ActiveCfg = Release|Win32
		{6F72CF1B-6122-4D8D-BE0B-C0F4E4CBCD54}.Release|Win32.Build.0 = Release|Win32
		{6F72CF1B-6122-4D8D-BE0B-C0F4E4CBCD54}.MinSizeRel|Win32.ActiveCfg = MinSizeRel|Win32
		{6F72CF1B-6122-4D8D-BE0B-C0F4E4CBCD54}.MinSizeRel|Win32.Build.0 = MinSizeRel|Win32
		{6F72CF1B-6122-4D8D-BE0B-C0F4E4CBCD54}.RelWithDebInfo|Win32.ActiveCfg = RelWithDebInfo|Win32
		{6F72CF1B-6122-4D8D-BE0B-C0F4E4CBCD54}.RelWithDebInfo|Win32.Build.0 = RelWithDebInfo|Win32
		{27DD94CF-76A8-4875-8370-B3139D528C1C}.Debug|Win32.ActiveCfg = Debug|Win32
		{27DD94CF-76A8-4875-8370-B3139D528C1C}.Debug|Win32.Build.0 = Debug|Win32
		{27DD94CF-76A8-4875-8370-B3139D528C1C}.Release|Win32.ActiveCfg = Release|Win32
		{27DD94CF-76A8-4875-8370-B3139D528C1C}.Release|Win32.Build.0 = Release|Win32
		{27DD94CF-76A8-4875-8370-B3139D528C1C}.MinSizeRel|Win32.ActiveCfg = MinSizeRel|Win32
		{27DD94CF-76A8-4875-8370-B3139D528C1C}.MinSizeRel|Win32.Build.0 = MinSizeRel|Win32
		{27DD94CF-76A8-4875-8370-B3139D528C1C}.RelWithDebInfo|Win32.ActiveCfg = RelWithDebInfo|Win32
		{27DD94CF-76A8-4875-8370-B3139D528C1C}.RelWithDebInfo|Win32.Build.0 = RelWithDebInfo|Win32
		{FFB9A3DC-F9EC-4E88-9BE5-D06ADF2A378F}.Debug|Win32.ActiveCfg = Debug|Win32
		{FFB9A3DC-F9EC-4E88-9BE5-D06ADF2A378F}.Debug|Win32.Build.0 = Debug|Win32
		{FFB9A3DC-F9EC-4E88-9BE5-D06ADF2A378F}.Release|Win32.ActiveCfg = Release|Win32
		{FFB9A3DC-F9EC-4E88-9BE5-D06ADF2A378F}.Release|Win32.Build.0 = Release|Win32
		{FFB9A3DC-F9EC-4E88-9BE5-D06ADF2A378F}.MinSizeRel|Win32.ActiveCfg = MinSizeRel|Win32
		{FFB9A3DC-F9EC-4E88-9BE5-D06ADF2A378F}.MinSizeRel|Win32.Build.0 = MinSizeRel|Win32
		{FFB9A3DC-F9EC-4E88-9BE5-D06ADF2A378F}.RelWithDebInfo|Win32.ActiveCfg = RelWithDebInfo|Win32
		{FFB9A3DC-F9EC-4E88-9BE5-D06ADF2A378F}.RelWithDebInfo|Win32.Build.0 = RelWithDebInfo|Win32
		{855E5477-0676-4E1F-9C92-F1578B2C42E3}.Debug|Win32.ActiveCfg = Debug|Win32
		{855E5477-0676-4E1F-9C92-F1578B2C42E3}.Debug|Win32.Build.0 = Debug|Win32
		{855E5477-0676-4E1F-9C92-F1578B2C42E3}.Release|Win32.ActiveCfg = Release|Win32
		{855E5477-0676-4E1F-9C92-F1578B2C42E3}.Release|Win32.Build.0 = Release|Win32
		{855E5477-0676-4E1F-9C92-F1578B2C42E3}.MinSizeRel|Win32.ActiveCfg = MinSizeRel|Win32
		{855E5477-0676-4E1F-9C92-F1578B2C42E3}.MinSizeRel|Win32.Build.0 = MinSizeRel|Win32
		{855E5477-0676-4E1F-9C92-F1578B2C42E3}.RelWithDebInfo|Win32.ActiveCfg = RelWithDebInfo|Win32
		{855E5477-0676-4E1F-9C92-F1578B2C42E3}.RelWithDebInfo|Win32.Build.0 = RelWithDebInfo|Win32
		{D4E04D5C-5E00-479F-B2AC-0E791D2BEC80}.Debug|Win32.ActiveCfg = Debug|Win32
		{D4E04D5C-5E00-479F-B2AC-0E791D2BEC80}.Debug|Win32.Build.0 = Debug|Win32
		{D4E04D5C-5E00-479F-B2AC-0E791D2BEC80}.Release|Win32.ActiveCfg = Release|Win32
		{D4E04D5C-5E00-479F-B2AC-0E791D2BEC80}.Release|Win32.Build.0 = Release|Win32
		{D4E04D5C-5E00-479F-B2AC-0E791D2BEC80}.MinSizeRel|Win32.ActiveCfg = MinSizeRel|Win32
		{D4E04D5C-5E00-479F-B2AC-0E791D2BEC80}.MinSizeRel|Win32.Build.0 = MinSizeRel|Win32
		{D4E04D5C-5E00-479F-B2AC-0E791D2BEC80}.RelWithDebInfo|Win32.ActiveCfg = RelWithDebInfo|Win32
		{D4E04D5C-5E00-479F-B2AC-0E791D2BEC80}.RelWithDebInfo|Win32.Build.0 = RelWithDebInfo|Win32
		{625F3245-E70D-4A54-9DA9-CFA47C095C9E}.Debug|Win32.ActiveCfg = Debug|Win32
		{625F3245-E70D-4A54-9DA9-CFA47C095C9E}.Debug|Win32.Build.0 = Debug|Win32
		{625F3245-E70D-4A54-9DA9-CFA47C095C9E}.Release|Win32.ActiveCfg = Release|Win32
		{625F3245-E70D-4A54-9DA9-CFA47C095C9E}.Release|Win32.Build.0 = Release|Win32
		{625F3245-E70D-4A54-9DA9-CFA47C095C9E}.MinSizeRel|Win32.ActiveCfg = MinSizeRel|Win32
		{625F3245-E70D-4A54-9DA9-CFA47C095C9E}.MinSizeRel|Win32.Build.0 = MinSizeRel|Win32
		{625F3245-E70D-4A54-9DA9-CFA47C095C9E}.RelWithDebInfo|Win32.ActiveCfg = RelWithDebInfo|Win32
		{625F3245-E70D-4A54-9DA9-CFA47C095C9E}.RelWithDebInfo|Win32.Build.0 = RelWithDebInfo|Win32
		{B698B960-89AB-4B8C-801A-0BCCB53B4B63}.Debug|Win32.ActiveCfg = Debug|Win32
		{B698B960-89AB-4B8C-801A-0BCCB53B4B63}.Debug|Win32.Build.0 = Debug|Win32
		{B698B960-89AB-4B8C-801A-0BCCB53B4B63}.Release|Win32.ActiveCfg = Release|Win32
		{B698B960-89AB-4B8C-801A-0BCCB53B4B63}.Release|Win32.Build.0 = Release|Win32
		{B698B960-89AB-4B8C-801A-0BCCB53B4B63}.MinSizeRel|Win32.ActiveCfg = MinSizeRel|Win32
		{B698B960-89AB-4B8C-801A-0BCCB53B4B63}.MinSizeRel|Win32.Build.0 = MinSizeRel|Win32
		{B698B960-89AB-4B8C-801A-0BCCB53B4B63}.RelWithDebInfo|Win32.ActiveCfg = RelWithDebInfo|Win32
		{B698B960-89AB-4B8C-801A-0BCCB53B4B63}.RelWithDebInfo|Win32.Build.0 = RelWithDebInfo|Win32
		{369F7691-F952-45C4-BDC7-347322B52B9A}.Debug|Win32.ActiveCfg = Debug|Win32
		{369F7691-F952-45C4-BDC7-347322B52B9A}.Debug|Win32.Build.0 = Debug|Win32
		{369F7691-F952-45C4-BDC7-347322B52B9A}.Release|Win32.ActiveCfg = Release|Win32
		{369F7691-F952-45C4-BDC7-347322B52B9A}.Release|Win32.Build.0 = Release|Win32
		{369F7691-F952-45C4-BDC7-347322B52B9A}.MinSizeRel|Win32.ActiveCfg = MinSizeRel|Win32
		{369F7691-F952-45C4-BDC7-347322B52B9A}.MinSizeRel|Win32.Build.0 = MinSizeRel|Win32
		{369F7691-F952-45C4-BDC7-347322B52B9A}.RelWithDebInfo|Win32.ActiveCfg = RelWithDebInfo|Win32
		{369F7691-F952-45C4-BDC7-347322B52B9A}.RelWithDebInfo|Win32.Build.0 = RelWithDebInfo|Win32
		{8C53F1C5-BF87-40E5-AB7B-760B8279DA61}.Debug|Win32.ActiveCfg = Debug|Win32
		{8C53F1C5-BF87-40E5-AB7B-760B8279DA61}.Debug|Win32.Build.0 = Debug|Win32
		{8C53F1C5-BF87-40E5-AB7B-760B8279DA61}.Release|Win32.ActiveCfg = Release|Win32
		{8C53F1C5-BF87-40E5-AB7B-760B8279DA61}.Release|Win32.Build.0 = Release|Win32
		{8C53F1C5-BF87-40E5-AB7B-760B8279DA61}.MinSizeRel|Win32.ActiveCfg = MinSizeRel|Win32
		{8C53F1C5-BF87-40E5-AB7B-760B8279DA61}.MinSizeRel|Win32.Build.0 = MinSizeRel|Win32
		{8C53F1C5-BF87-40E5-AB7B-760B8279DA61}.RelWithDebInfo|Win32.ActiveCfg = RelWithDebInfo|Win32
		{8C53F1C5-BF87-40E5-AB7B-760B8279DA61}.RelWithDebInfo|Win32.Build.0 = RelWithDebInfo|Win32
		{DAB5DC97-73AA-47C1-A2B4-83D7E2FB430A}.Debug|Win32.ActiveCfg = Debug|Win32
		{DAB5DC97-73AA-47C1-A2B4-83D7E2FB430A}.Debug|Win32.Build.0 = Debug|Win32
		{DAB5DC97-73AA-47C1-A2B4-83D7E2FB430A}.Release|Win32.ActiveCfg = Release|Win32
		{DAB5DC97-73AA-47C1-A2B4-83D7E2FB430A}.Release|Win32.Build.0 = Release|Win32
		{DAB5DC97-73AA-47C1-A2B4-83D7E2FB430A}.MinSizeRel|Win32.ActiveCfg = MinSizeRel|Win32
		{DAB5DC97-73AA-47C1-A2B4-83D7E2FB430A}.MinSizeRel|Win32.Build.0 = MinSizeRel|Win32
		{DAB5DC97-73AA-47C1-A2B4-83D7E2FB430A}.RelWithDebInfo|Win32.ActiveCfg = RelWithDebInfo|Win32
		{DAB5DC97-73AA-47C1-A2B4-83D7E2FB430A}.RelWithDebInfo|Win32.Build.0 = RelWithDebInfo|Win32
		{D30DF97C-270B-4451-9B9B-5CB6C1CB8F2C}.Debug|Win32.ActiveCfg = Debug|Win32
		{D30DF97C-270B-4451-9B9B-5CB6C1CB8F2C}.Debug|Win32.Build.0 = Debug|Win32
		{D30DF97C-270B-4451-9B9B-5CB6C1CB8F2C}.Release|Win32.ActiveCfg = Release|Win32
		{D30DF97C-270B-4451-9B9B-5CB6C1CB8F2C}.Release|Win32.Build.0 = Release|Win32
		{D30DF97C-270B-4451-9B9B-5CB6C1CB8F2C}.MinSizeRel|Win32.ActiveCfg = MinSizeRel|Win32
		{D30DF97C-270B-4451-9B9B-5CB6C1CB8F2C}.MinSizeRel|Win32.Build.0 = MinSizeRel|Win32
		{D30DF97C-270B-4451-9B9B-5CB6C1CB8F2C}.RelWithDebInfo|Win32.ActiveCfg = RelWithDebInfo|Win32
		{D30DF97C-270B-4451-9B9B-5CB6C1CB8F2C}.RelWithDebInfo|Win32.Build.0 = RelWithDebInfo|Win32
		{6466D5B9-E407-490F-AF20-13E310D6BCBB}.Debug|Win32.ActiveCfg = Debug|Win32
		{6466D5B9-E407-490F-AF20-13E310D6BCBB}.Debug|Win32.Build.0 = Debug|Win32
		{6466D5B9-E407-490F-AF20-13E310D6BCBB}.Release|Win32.ActiveCfg = Release|Win32
		{6466D5B9-E407-490F-AF20-13E310D6BCBB}.Release|Win32.Build.0 = Release|Win32
		{6466D5B9-E407-490F-AF20-13E310D6BCBB}.MinSizeRel|Win32.ActiveCfg = MinSizeRel|Win32
		{6466D5B9-E407-490F-AF20-13E310D6BCBB}.MinSizeRel|Win32.Build.0 = MinSizeRel|Win32
		{6466D5B9-E407-490F-AF20-13E310D6BCBB}.RelWithDebInfo|Win32.ActiveCfg = RelWithDebInfo|Win32
		{6466D5B9-E407-490F-AF20-13E310D6BCBB}.RelWithDebInfo|Win32.Build.0 = RelWithDebInfo|Win32
		{D4433D05-B900-415E-962B-1EBB5B943290}.Debug|Win32.ActiveCfg = Debug|Win32
		{D4433D05-B900-415E-962B-1EBB5B943290}.Debug|Win32.Build.0 = Debug|Win32
		{D4433D05-B900-415E-962B-1EBB5B943290}.Release|Win32.ActiveCfg = Release|Win32
		{D4433D05-B900-415E-962B-1EBB5B943290}.Release|Win32.Build.0 = Release|Win32
		{D4433D05-B900-415E-962B-1EBB5B943290}.MinSizeRel|Win32.ActiveCfg = MinSizeRel|Win32
		{D4433D05-B900-415E-962B-1EBB5B943290}.MinSizeRel|Win32.Build.0 = MinSizeRel|Win32
		{D4433D05-B900-415E-962B-1EBB5B943290}.RelWithDebInfo|Win32.ActiveCfg = RelWithDebInfo|Win32
		{D4433D05-B900-415E-962B-1EBB5B943290}.RelWithDebInfo|Win32.Build.0 = RelWithDebInfo|Win32
		{FFBC5AB5-8996-4AF1-867E-603397DA680A}.Debug|Win32.ActiveCfg = Debug|Win32
		{FFBC5AB5-8996-4AF1-867E-603397DA680A}.Debug|Win32.Build.0 = Debug|Win32
		{FFBC5AB5-8996-4AF1-867E-603397DA680A}.Release|Win32.ActiveCfg = Release|Win32
		{FFBC5AB5-8996-4AF1-867E-603397DA680A}.Release|Win32.Build.0 = Release|Win32
		{FFBC5AB5-8996-4AF1-867E-603397DA680A}.MinSizeRel|Win32.ActiveCfg = MinSizeRel|Win32
		{FFBC5AB5-8996-4AF1-867E-603397DA680A}.MinSizeRel|Win32.Build.0 = MinSizeRel|Win32
		{FFBC5AB5-8996-4AF1-867E-603397DA680A}.RelWithDebInfo|Win32.ActiveCfg = RelWithDebInfo|Win32
		{FFBC5AB5-8996-4AF1-867E-603397DA680A}.RelWithDebInfo|Win32.Build.0 = RelWithDebInfo|Win32
		{BD8DE974-A9F3-4E40-BCFC-F6029BC6677D}.Debug|Win32.ActiveCfg = Debug|Win32
		{BD8DE974-A9F3-4E40-BCFC-F6029BC6677D}.Debug|Win32.Build.0 = Debug|Win32
		{BD8DE974-A9F3-4E40-BCFC-F6029BC6677D}.Release|Win32.ActiveCfg = Release|Win32
		{BD8DE974-A9F3-4E40-BCFC-F6029BC6677D}.Release|Win32.Build.0 = Release|Win32
		{BD8DE974-A9F3-4E40-BCFC-F6029BC6677D}.MinSizeRel|Win32.ActiveCfg = MinSizeRel|Win32
		{BD8DE974-A9F3-4E40-BCFC-F6029BC6677D}.MinSizeRel|Win32.Build.0 = MinSizeRel|Win32
		{BD8DE974-A9F3-4E40-BCFC-F6029BC6677D}.RelWithDebInfo|Win32.ActiveCfg = RelWithDebInfo|Win32
		{BD8DE974-A9F3-4E40-BCFC-F6029BC6677D}.RelWithDebInfo|Win32.Build.0 = RelWithDebInfo|Win32
		{77ABFF4B-5173-478E-9B7C-D4C57D0D8B19}.Debug|Win32.ActiveCfg = Debug|Win32
		{77ABFF4B-5173-478E-9B7C-D4C57D0D8B19}.Debug|Win32.Build.0 = Debug|Win32
		{77ABFF4B-5173-478E-9B7C-D4C57D0D8B19}.Release|Win32.ActiveCfg = Release|Win32
		{77ABFF4B-5173-478E-9B7C-D4C57D0D8B19}.Release|Win32.Build.0 = Release|Win32
		{77ABFF4B-5173-478E-9B7C-D4C57D0D8B19}.MinSizeRel|Win32.ActiveCfg = MinSizeRel|Win32
		{77ABFF4B-5173-478E-9B7C-D4C57D0D8B19}.MinSizeRel|Win32.Build.0 = MinSizeRel|Win32
		{77ABFF4B-5173-478E-9B7C-D4C57D0D8B19}.RelWithDebInfo|Win32.ActiveCfg = RelWithDebInfo|Win32
		{77ABFF4B-5173-478E-9B7C-D4C57D0D8B19}.RelWithDebInfo|Win32.Build.0 = RelWithDebInfo|Win32
		{4F0D333E-4601-4FAE-97DE-BF17A6EFCEB2}.Debug|Win32.ActiveCfg = Debug|Win32
		{4F0D333E-4601-4FAE-97DE-BF17A6EFCEB2}.Debug|Win32.Build.0 = Debug|Win32
		{4F0D333E-4601-4FAE-97DE-BF17A6EFCEB2}.Release|Win32.ActiveCfg = Release|Win32
		{4F0D333E-4601-4FAE-97DE-BF17A6EFCEB2}.Release|Win32.Build.0 = Release|Win32
		{4F0D333E-4601-4FAE-97DE-BF17A6EFCEB2}.MinSizeRel|Win32.ActiveCfg = MinSizeRel|Win32
		{4F0D333E-4601-4FAE-97DE-BF17A6EFCEB2}.MinSizeRel|Win32.Build.0 = MinSizeRel|Win32
		{4F0D333E-4601-4FAE-97DE-BF17A6EFCEB2}.RelWithDebInfo|Win32.ActiveCfg = RelWithDebInfo|Win32
		{4F0D333E-4601-4FAE-97DE-BF17A6EFCEB2}.RelWithDebInfo|Win32.Build.0 = RelWithDebInfo|Win32
		{DA27D3B2-5E86-454A-B50A-530463FA0A0F}.Debug|Win32.ActiveCfg = Debug|Win32
		{DA27D3B2-5E86-454A-B50A-530463FA0A0F}.Debug|Win32.Build.0 = Debug|Win32
		{DA27D3B2-5E86-454A-B50A-530463FA0A0F}.Release|Win32.ActiveCfg = Release|Win32
		{DA27D3B2-5E86-454A-B50A-530463FA0A0F}.Release|Win32.Build.0 = Release|Win32
		{DA27D3B2-5E86-454A-B50A-530463FA0A0F}.MinSizeRel|Win32.ActiveCfg = MinSizeRel|Win32
		{DA27D3B2-5E86-454A-B50A-530463FA0A0F}.MinSizeRel|Win32.Build.0 = MinSizeRel|Win32
		{DA27D3B2-5E86-454A-B50A-530463FA0A0F}.RelWithDebInfo|Win32.ActiveCfg = RelWithDebInfo|Win32
		{DA27D3B2-5E86-454A-B50A-530463FA0A0F}.RelWithDebInfo|Win32.Build.0 = RelWithDebInfo|Win32
		{88015B5F-4C87-4296-B3BE-583DC16BF24B}.Debug|Win32.ActiveCfg = Debug|Win32
		{88015B5F-4C87-4296-B3BE-583DC16BF24B}.Debug|Win32.Build.0 = Debug|Win32
		{88015B5F-4C87-4296-B3BE-583DC16BF24B}.Release|Win32.ActiveCfg = Release|Win32
		{88015B5F-4C87-4296-B3BE-583DC16BF24B}.Release|Win32.Build.0 = Release|Win32
		{88015B5F-4C87-4296-B3BE-583DC16BF24B}.MinSizeRel|Win32.ActiveCfg = MinSizeRel|Win32
		{88015B5F-4C87-4296-B3BE-583DC16BF24B}.MinSizeRel|Win32.Build.0 = MinSizeRel|Win32
		{88015B5F-4C87-4296-B3BE-583DC16BF24B}.RelWithDebInfo|Win32.ActiveCfg = RelWithDebInfo|Win32
		{88015B5F-4C87-4296-B3BE-583DC16BF24B}.RelWithDebInfo|Win32.Build.0 = RelWithDebInfo|Win32
		{B766F918-1BBE-45AB-97D7-F1B7E40B3C0E}.Debug|Win32.ActiveCfg = Debug|Win32
		{B766F918-1BBE-45AB-97D7-F1B7E40B3C0E}.Debug|Win32.Build.0 = Debug|Win32
		{B766F918-1BBE-45AB-97D7-F1B7E40B3C0E}.Release|Win32.ActiveCfg = Release|Win32
		{B766F918-1BBE-45AB-97D7-F1B7E40B3C0E}.Release|Win32.Build.0 = Release|Win32
		{B766F918-1BBE-45AB-97D7-F1B7E40B3C0E}.MinSizeRel|Win32.ActiveCfg = MinSizeRel|Win32
		{B766F918-1BBE-45AB-97D7-F1B7E40B3C0E}.MinSizeRel|Win32.Build.0 = MinSizeRel|Win32
		{B766F918-1BBE-45AB-97D7-F1B7E40B3C0E}.RelWithDebInfo|Win32.ActiveCfg = RelWithDebInfo|Win32
		{B766F918-1BBE-45AB-97D7-F1B7E40B3C0E}.RelWithDebInfo|Win32.Build.0 = RelWithDebInfo|Win32
		{F84BAF40-3E36-4DEA-9DEC-64DC45518520}.Debug|Win32.ActiveCfg = Debug|Win32
		{F84BAF40-3E36-4DEA-9DEC-64DC45518520}.Debug|Win32.Build.0 = Debug|Win32
		{F84BAF40-3E36-4DEA-9DEC-64DC45518520}.Release|Win32.ActiveCfg = Release|Win32
		{F84BAF40-3E36-4DEA-9DEC-64DC45518520}.Release|Win32.Build.0 = Release|Win32
		{F84BAF40-3E36-4DEA-9DEC-64DC45518520}.MinSizeRel|Win32.ActiveCfg = MinSizeRel|Win32
		{F84BAF40-3E36-4DEA-9DEC-64DC45518520}.MinSizeRel|Win32.Build.0 = MinSizeRel|Win32
		{F84BAF40-3E36-4DEA-9DEC-64DC45518520}.RelWithDebInfo|Win32.ActiveCfg = RelWithDebInfo|Win32
		{F84BAF40-3E36-4DEA-9DEC-64DC45518520}.RelWithDebInfo|Win32.Build.0 = RelWithDebInfo|Win32
		{329E53AF-7260-4867-AA35-BEB2798B2643}.Debug|Win32.ActiveCfg = Debug|Win32
		{329E53AF-7260-4867-AA35-BEB2798B2643}.Debug|Win32.Build.0 = Debug|Win32
		{329E53AF-7260-4867-AA35-BEB2798B2643}.Release|Win32.ActiveCfg = Release|Win32
		{329E53AF-7260-4867-AA35-BEB2798B2643}.Release|Win32.Build.0 = Release|Win32
		{329E53AF-7260-4867-AA35-BEB2798B2643}.MinSizeRel|Win32.ActiveCfg = MinSizeRel|Win32
		{329E53AF-7260-4867-AA35-BEB2798B2643}.MinSizeRel|Win32.Build.0 = MinSizeRel|Win32
		{329E53AF-7260-4867-AA35-BEB2798B2643}.RelWithDebInfo|Win32.ActiveCfg = RelWithDebInfo|Win32
		{329E53AF-7260-4867-AA35-BEB2798B2643}.RelWithDebInfo|Win32.Build.0 = RelWithDebInfo|Win32
		{2E3C7776-637D-47F3-9D97-D728991DB070}.Debug|Win32.ActiveCfg = Debug|Win32
		{2E3C7776-637D-47F3-9D97-D728991DB070}.Debug|Win32.Build.0 = Debug|Win32
		{2E3C7776-637D-47F3-9D97-D728991DB070}.Release|Win32.ActiveCfg = Release|Win32
		{2E3C7776-637D-47F3-9D97-D728991DB070}.Release|Win32.Build.0 = Release|Win32
		{2E3C7776-637D-47F3-9D97-D728991DB070}.MinSizeRel|Win32.ActiveCfg = MinSizeRel|Win32
		{2E3C7776-637D-47F3-9D97-D728991DB070}.MinSizeRel|Win32.Build.0 = MinSizeRel|Win32
		{2E3C7776-637D-47F3-9D97-D728991DB070}.RelWithDebInfo|Win32.ActiveCfg = RelWithDebInfo|Win32
		{2E3C7776-637D-47F3-9D97-D728991DB070}.RelWithDebInfo|Win32.Build.0 = RelWithDebInfo|Win32
		{A66FE44E-9A9F-46AC-945C-3620ED52F385}.Debug|Win32.ActiveCfg = Debug|Win32
		{A66FE44E-9A9F-46AC-945C-3620ED52F385}.Debug|Win32.Build.0 = Debug|Win32
		{A66FE44E-9A9F-46AC-945C-3620ED52F385}.Release|Win32.ActiveCfg = Release|Win32
		{A66FE44E-9A9F-46AC-945C-3620ED52F385}.Release|Win32.Build.0 = Release|Win32
		{A66FE44E-9A9F-46AC-945C-3620ED52F385}.MinSizeRel|Win32.ActiveCfg = MinSizeRel|Win32
		{A66FE44E-9A9F-46AC-945C-3620ED52F385}.MinSizeRel|Win32.Build.0 = MinSizeRel|Win32
		{A66FE44E-9A9F-46AC-945C-3620ED52F385}.RelWithDebInfo|Win32.ActiveCfg = RelWithDebInfo|Win32
		{A66FE44E-9A9F-46AC-945C-3620ED52F385}.RelWithDebInfo|Win32.Build.0 = RelWithDebInfo|Win32
		{025B165C-4C94-4387-BBE7-B22DC31952BB}.Debug|Win32.ActiveCfg = Debug|Win32
		{025B165C-4C94-4387-BBE7-B22DC31952BB}.Debug|Win32.Build.0 = Debug|Win32
		{025B165C-4C94-4387-BBE7-B22DC31952BB}.Release|Win32.ActiveCfg = Release|Win32
		{025B165C-4C94-4387-BBE7-B22DC31952BB}.Release|Win32.Build.0 = Release|Win32
		{025B165C-4C94-4387-BBE7-B22DC31952BB}.MinSizeRel|Win32.ActiveCfg = MinSizeRel|Win32
		{025B165C-4C94-4387-BBE7-B22DC31952BB}.MinSizeRel|Win32.Build.0 = MinSizeRel|Win32
		{025B165C-4C94-4387-BBE7-B22DC31952BB}.RelWithDebInfo|Win32.ActiveCfg = RelWithDebInfo|Win32
		{025B165C-4C94-4387-BBE7-B22DC31952BB}.RelWithDebInfo|Win32.Build.0 = RelWithDebInfo|Win32
		{74B1879F-26E5-4CA8-8A42-7F059E51951C}.Debug|Win32.ActiveCfg = Debug|Win32
		{74B1879F-26E5-4CA8-8A42-7F059E51951C}.Debug|Win32.Build.0 = Debug|Win32
		{74B1879F-26E5-4CA8-8A42-7F059E51951C}.Release|Win32.ActiveCfg = Release|Win32
		{74B1879F-26E5-4CA8-8A42-7F059E51951C}.Release|Win32.Build.0 = Release|Win32
		{74B1879F-26E5-4CA8-8A42-7F059E51951C}.MinSizeRel|Win32.ActiveCfg = MinSizeRel|Win32
		{74B1879F-26E5-4CA8-8A42-7F059E51951C}.MinSizeRel|Win32.Build.0 = MinSizeRel|Win32
		{74B1879F-26E5-4CA8-8A42-7F059E51951C}.RelWithDebInfo|Win32.ActiveCfg = RelWithDebInfo|Win32
		{74B1879F-26E5-4CA8-8A42-7F059E51951C}.RelWithDebInfo|Win32.Build.0 = RelWithDebInfo|Win32
		{8D580032-BF6F-48CB-BC90-4C300CD1BAC9}.Debug|Win32.ActiveCfg = Debug|Win32
		{8D580032-BF6F-48CB-BC90-4C300CD1BAC9}.Debug|Win32.Build.0 = Debug|Win32
		{8D580032-BF6F-48CB-BC90-4C300CD1BAC9}.Release|Win32.ActiveCfg = Release|Win32
		{8D580032-BF6F-48CB-BC90-4C300CD1BAC9}.Release|Win32.Build.0 = Release|Win32
		{8D580032-BF6F-48CB-BC90-4C300CD1BAC9}.MinSizeRel|Win32.ActiveCfg = MinSizeRel|Win32
		{8D580032-BF6F-48CB-BC90-4C300CD1BAC9}.MinSizeRel|Win32.Build.0 = MinSizeRel|Win32
		{8D580032-BF6F-48CB-BC90-4C300CD1BAC9}.RelWithDebInfo|Win32.ActiveCfg = RelWithDebInfo|Win32
		{8D580032-BF6F-48CB-BC90-4C300CD1BAC9}.RelWithDebInfo|Win32.Build.0 = RelWithDebInfo|Win32
		{BB88005F-F05F-414C-B17B-ED7CAA8F78B8}.Debug|Win32.ActiveCfg = Debug|Win32
		{BB88005F-F05F-414C-B17B-ED7CAA8F78B8}.Debug|Win32.Build.0 = Debug|Win32
		{BB88005F-F05F-414C-B17B-ED7CAA8F78B8}.Release|Win32.ActiveCfg = Release|Win32
		{BB88005F-F05F-414C-B17B-ED7CAA8F78B8}.Release|Win32.Build.0 = Release|Win32
		{BB88005F-F05F-414C-B17B-ED7CAA8F78B8}.MinSizeRel|Win32.ActiveCfg = MinSizeRel|Win32
		{BB88005F-F05F-414C-B17B-ED7CAA8F78B8}.MinSizeRel|Win32.Build.0 = MinSizeRel|Win32
		{BB88005F-F05F-414C-B17B-ED7CAA8F78B8}.RelWithDebInfo|Win32.ActiveCfg = RelWithDebInfo|Win32
		{BB88005F-F05F-414C-B17B-ED7CAA8F78B8}.RelWithDebInfo|Win32.Build.0 = RelWithDebInfo|Win32
		{54AA1735-3316-4BF7-88F1-24B551628BDF}.Debug|Win32.ActiveCfg = Debug|Win32
		{54AA1735-3316-4BF7-88F1-24B551628BDF}.Debug|Win32.Build.0 = Debug|Win32
		{54AA1735-3316-4BF7-88F1-24B551628BDF}.Release|Win32.ActiveCfg = Release|Win32
		{54AA1735-3316-4BF7-88F1-24B551628BDF}.Release|Win32.Build.0 = Release|Win32
		{54AA1735-3316-4BF7-88F1-24B551628BDF}.MinSizeRel|Win32.ActiveCfg = MinSizeRel|Win32
		{54AA1735-3316-4BF7-88F1-24B551628BDF}.MinSizeRel|Win32.Build.0 = MinSizeRel|Win32
		{54AA1735-3316-4BF7-88F1-24B551628BDF}.RelWithDebInfo|Win32.ActiveCfg = RelWithDebInfo|Win32
		{54AA1735-3316-4BF7-88F1-24B551628BDF}.RelWithDebInfo|Win32.Build.0 = RelWithDebInfo|Win32
		{1CEC84EF-A39F-4196-8A5C-2B929A993F00}.Debug|Win32.ActiveCfg = Debug|Win32
		{1CEC84EF-A39F-4196-8A5C-2B929A993F00}.Release|Win32.ActiveCfg = Release|Win32
		{1CEC84EF-A39F-4196-8A5C-2B929A993F00}.MinSizeRel|Win32.ActiveCfg = MinSizeRel|Win32
		{1CEC84EF-A39F-4196-8A5C-2B929A993F00}.RelWithDebInfo|Win32.ActiveCfg = RelWithDebInfo|Win32
		{FF512C42-15BD-4BE0-BD45-0940F6527D04}.Debug|Win32.ActiveCfg = Debug|Win32
		{FF512C42-15BD-4BE0-BD45-0940F6527D04}.Debug|Win32.Build.0 = Debug|Win32
		{FF512C42-15BD-4BE0-BD45-0940F6527D04}.Release|Win32.ActiveCfg = Release|Win32
		{FF512C42-15BD-4BE0-BD45-0940F6527D04}.Release|Win32.Build.0 = Release|Win32
		{FF512C42-15BD-4BE0-BD45-0940F6527D04}.MinSizeRel|Win32.ActiveCfg = MinSizeRel|Win32
		{FF512C42-15BD-4BE0-BD45-0940F6527D04}.MinSizeRel|Win32.Build.0 = MinSizeRel|Win32
		{FF512C42-15BD-4BE0-BD45-0940F6527D04}.RelWithDebInfo|Win32.ActiveCfg = RelWithDebInfo|Win32
		{FF512C42-15BD-4BE0-BD45-0940F6527D04}.RelWithDebInfo|Win32.Build.0 = RelWithDebInfo|Win32
		{071CB40D-5245-4F86-B0E1-E62AE2950192}.Debug|Win32.ActiveCfg = Debug|Win32
		{071CB40D-5245-4F86-B0E1-E62AE2950192}.Debug|Win32.Build.0 = Debug|Win32
		{071CB40D-5245-4F86-B0E1-E62AE2950192}.Release|Win32.ActiveCfg = Release|Win32
		{071CB40D-5245-4F86-B0E1-E62AE2950192}.Release|Win32.Build.0 = Release|Win32
		{071CB40D-5245-4F86-B0E1-E62AE2950192}.MinSizeRel|Win32.ActiveCfg = MinSizeRel|Win32
		{071CB40D-5245-4F86-B0E1-E62AE2950192}.MinSizeRel|Win32.Build.0 = MinSizeRel|Win32
		{071CB40D-5245-4F86-B0E1-E62AE2950192}.RelWithDebInfo|Win32.ActiveCfg = RelWithDebInfo|Win32
		{071CB40D-5245-4F86-B0E1-E62AE2950192}.RelWithDebInfo|Win32.Build.0 = RelWithDebInfo|Win32
		{AB938CD2-B646-4603-9D04-3054DE9944E2}.Debug|Win32.ActiveCfg = Debug|Win32
		{AB938CD2-B646-4603-9D04-3054DE9944E2}.Debug|Win32.Build.0 = Debug|Win32
		{AB938CD2-B646-4603-9D04-3054DE9944E2}.Release|Win32.ActiveCfg = Release|Win32
		{AB938CD2-B646-4603-9D04-3054DE9944E2}.Release|Win32.Build.0 = Release|Win32
		{AB938CD2-B646-4603-9D04-3054DE9944E2}.MinSizeRel|Win32.ActiveCfg = MinSizeRel|Win32
		{AB938CD2-B646-4603-9D04-3054DE9944E2}.MinSizeRel|Win32.Build.0 = MinSizeRel|Win32
		{AB938CD2-B646-4603-9D04-3054DE9944E2}.RelWithDebInfo|Win32.ActiveCfg = RelWithDebInfo|Win32
		{AB938CD2-B646-4603-9D04-3054DE9944E2}.RelWithDebInfo|Win32.Build.0 = RelWithDebInfo|Win32
		{E0364A85-F9D4-4A77-92A4-9F378A0F499A}.Debug|Win32.ActiveCfg = Debug|Win32
		{E0364A85-F9D4-4A77-92A4-9F378A0F499A}.Debug|Win32.Build.0 = Debug|Win32
		{E0364A85-F9D4-4A77-92A4-9F378A0F499A}.Release|Win32.ActiveCfg = Release|Win32
		{E0364A85-F9D4-4A77-92A4-9F378A0F499A}.Release|Win32.Build.0 = Release|Win32
		{E0364A85-F9D4-4A77-92A4-9F378A0F499A}.MinSizeRel|Win32.ActiveCfg = MinSizeRel|Win32
		{E0364A85-F9D4-4A77-92A4-9F378A0F499A}.MinSizeRel|Win32.Build.0 = MinSizeRel|Win32
		{E0364A85-F9D4-4A77-92A4-9F378A0F499A}.RelWithDebInfo|Win32.ActiveCfg = RelWithDebInfo|Win32
		{E0364A85-F9D4-4A77-92A4-9F378A0F499A}.RelWithDebInfo|Win32.Build.0 = RelWithDebInfo|Win32
	EndGlobalSection
	GlobalSection(ExtensibilityGlobals) = postSolution
	EndGlobalSection
	GlobalSection(ExtensibilityAddIns) = postSolution
	EndGlobalSection
EndGlobal
