<?xml version="1.0" encoding="UTF-8"?>
<Project ToolsVersion="12.0" xmlns="http://schemas.microsoft.com/developer/msbuild/2003">
  <ItemGroup>
    <ClCompile Include="C:\Users\rqiu\Desktop\Physics\bullet-2.82-r2704\bullet-2.82-r2704\Demos\DX11ClothDemo\DXUT\Core\DXUT.cpp">
      <Filter>Source Files</Filter>
    </ClCompile>
    <ClCompile Include="C:\Users\rqiu\Desktop\Physics\bullet-2.82-r2704\bullet-2.82-r2704\Demos\DX11ClothDemo\DXUT\Optional\DXUTcamera.cpp">
      <Filter>Source Files</Filter>
    </ClCompile>
    <ClCompile Include="C:\Users\rqiu\Desktop\Physics\bullet-2.82-r2704\bullet-2.82-r2704\Demos\DX11ClothDemo\DXUT\Core\DXUTDevice11.cpp">
      <Filter>Source Files</Filter>
    </ClCompile>
    <ClCompile Include="C:\Users\rqiu\Desktop\Physics\bullet-2.82-r2704\bullet-2.82-r2704\Demos\DX11ClothDemo\DXUT\Core\DXUTDevice9.cpp">
      <Filter>Source Files</Filter>
    </ClCompile>
    <ClCompile Include="C:\Users\rqiu\Desktop\Physics\bullet-2.82-r2704\bullet-2.82-r2704\Demos\DX11ClothDemo\DXUT\Optional\DXUTgui.cpp">
      <Filter>Source Files</Filter>
    </ClCompile>
    <ClCompile Include="C:\Users\rqiu\Desktop\Physics\bullet-2.82-r2704\bullet-2.82-r2704\Demos\DX11ClothDemo\DXUT\Core\DXUTmisc.cpp">
      <Filter>Source Files</Filter>
    </ClCompile>
    <ClCompile Include="C:\Users\rqiu\Desktop\Physics\bullet-2.82-r2704\bullet-2.82-r2704\Demos\DX11ClothDemo\DXUT\Optional\DXUTres.cpp">
      <Filter>Source Files</Filter>
    </ClCompile>
    <ClCompile Include="C:\Users\rqiu\Desktop\Physics\bullet-2.82-r2704\bullet-2.82-r2704\Demos\DX11ClothDemo\DXUT\Optional\DXUTsettingsdlg.cpp">
      <Filter>Source Files</Filter>
    </ClCompile>
    <ClCompile Include="C:\Users\rqiu\Desktop\Physics\bullet-2.82-r2704\bullet-2.82-r2704\Demos\DX11ClothDemo\DXUT\Optional\SDKmesh.cpp">
      <Filter>Source Files</Filter>
    </ClCompile>
    <ClCompile Include="C:\Users\rqiu\Desktop\Physics\bullet-2.82-r2704\bullet-2.82-r2704\Demos\DX11ClothDemo\DXUT\Optional\SDKmisc.cpp">
      <Filter>Source Files</Filter>
    </ClCompile>
    <ClCompile Include="C:\Users\rqiu\Desktop\Physics\bullet-2.82-r2704\bullet-2.82-r2704\Demos\DX11ClothDemo\cloth_renderer.cpp">
      <Filter>Source Files</Filter>
    </ClCompile>
  </ItemGroup>
  <ItemGroup>
    <ClInclude Include="C:\Users\rqiu\Desktop\Physics\bullet-2.82-r2704\bullet-2.82-r2704\Demos\DX11ClothDemo\DXUT\Core\DXUT.h">
      <Filter>Header Files</Filter>
    </ClInclude>
    <ClInclude Include="C:\Users\rqiu\Desktop\Physics\bullet-2.82-r2704\bullet-2.82-r2704\Demos\DX11ClothDemo\DXUT\Optional\DXUTcamera.h">
      <Filter>Header Files</Filter>
    </ClInclude>
    <ClInclude Include="C:\Users\rqiu\Desktop\Physics\bullet-2.82-r2704\bullet-2.82-r2704\Demos\DX11ClothDemo\DXUT\Core\DXUTDevice11.h">
      <Filter>Header Files</Filter>
    </ClInclude>
    <ClInclude Include="C:\Users\rqiu\Desktop\Physics\bullet-2.82-r2704\bullet-2.82-r2704\Demos\DX11ClothDemo\DXUT\Core\DXUTDevice9.h">
      <Filter>Header Files</Filter>
    </ClInclude>
    <ClInclude Include="C:\Users\rqiu\Desktop\Physics\bullet-2.82-r2704\bullet-2.82-r2704\Demos\DX11ClothDemo\DXUT\Optional\DXUTgui.h">
      <Filter>Header Files</Filter>
    </ClInclude>
    <ClInclude Include="C:\Users\rqiu\Desktop\Physics\bullet-2.82-r2704\bullet-2.82-r2704\Demos\DX11ClothDemo\DXUT\Core\DXUTmisc.h">
      <Filter>Header Files</Filter>
    </ClInclude>
    <ClInclude Include="C:\Users\rqiu\Desktop\Physics\bullet-2.82-r2704\bullet-2.82-r2704\Demos\DX11ClothDemo\DXUT\Optional\DXUTres.h">
      <Filter>Header Files</Filter>
    </ClInclude>
    <ClInclude Include="C:\Users\rqiu\Desktop\Physics\bullet-2.82-r2704\bullet-2.82-r2704\Demos\DX11ClothDemo\DXUT\Optional\DXUTsettingsdlg.h">
      <Filter>Header Files</Filter>
    </ClInclude>
    <ClInclude Include="C:\Users\rqiu\Desktop\Physics\bullet-2.82-r2704\bullet-2.82-r2704\Demos\DX11ClothDemo\DXUT\Optional\SDKmesh.h">
      <Filter>Header Files</Filter>
    </ClInclude>
    <ClInclude Include="C:\Users\rqiu\Desktop\Physics\bullet-2.82-r2704\bullet-2.82-r2704\Demos\DX11ClothDemo\DXUT\Optional\SDKmisc.h">
      <Filter>Header Files</Filter>
    </ClInclude>
    <ClInclude Include="C:\Users\rqiu\Desktop\Physics\bullet-2.82-r2704\bullet-2.82-r2704\Demos\DX11ClothDemo\btDirectComputeSupport.h">
      <Filter>Header Files</Filter>
    </ClInclude>
    <ClInclude Include="C:\Users\rqiu\Desktop\Physics\bullet-2.82-r2704\bullet-2.82-r2704\Demos\DX11ClothDemo\cap.h">
      <Filter>Header Files</Filter>
    </ClInclude>
    <ClInclude Include="C:\Users\rqiu\Desktop\Physics\bullet-2.82-r2704\bullet-2.82-r2704\Demos\DX11ClothDemo\cloth.h">
      <Filter>Header Files</Filter>
    </ClInclude>
    <ClInclude Include="C:\Users\rqiu\Desktop\Physics\bullet-2.82-r2704\bullet-2.82-r2704\Demos\DX11ClothDemo\cylinder.h">
      <Filter>Header Files</Filter>
    </ClInclude>
    <ClInclude Include="C:\Users\rqiu\Desktop\Physics\bullet-2.82-r2704\bullet-2.82-r2704\Demos\DX11ClothDemo\resource.h">
      <Filter>Header Files</Filter>
    </ClInclude>
  </ItemGroup>
  <ItemGroup>
    <CustomBuild Include="C:\Users\rqiu\Desktop\Physics\bullet-2.82-r2704\bullet-2.82-r2704\Demos\DX11ClothDemo\CMakeLists.txt" />
  </ItemGroup>
  <ItemGroup>
    <Filter Include="Source Files">
      <UniqueIdentifier>{55D99810-ED9D-42A0-A0D4-6464558338F0}</UniqueIdentifier>
    </Filter>
    <Filter Include="Header Files">
      <UniqueIdentifier>{1B3F65E2-12DA-400A-924C-64C58895CEEE}</UniqueIdentifier>
    </Filter>
  </ItemGroup>
</Project>
