Microsoft Visual Studio Solution File, Format Version 12.00
# Visual Studio 2013
Project("{8BC9CEB8-8B4A-11D0-8D11-00A0C91BC942}") = "ALL_BUILD", "ALL_BUILD.vcxproj", "{3A3924F9-7B3A-474C-94BF-8EF8E3BD0C17}"
	ProjectSection(ProjectDependencies) = postProject
		{77484277-75D0-45E0-BFD8-C4B2199609FD} = {77484277-75D0-45E0-BFD8-C4B2199609FD}
	EndProjectSection
EndProject
Project("{8BC9CEB8-8B4A-11D0-8D11-00A0C91BC942}") = "AppDX11ClothDemo", "AppDX11ClothDemo.vcxproj", "{77484277-75D0-45E0-BFD8-C4B2199609FD}"
	ProjectSection(ProjectDependencies) = postProject
		{4F0D333E-4601-4FAE-97DE-BF17A6EFCEB2} = {4F0D333E-4601-4FAE-97DE-BF17A6EFCEB2}
		{DA27D3B2-5E86-454A-B50A-530463FA0A0F} = {DA27D3B2-5E86-454A-B50A-530463FA0A0F}
		{F84BAF40-3E36-4DEA-9DEC-64DC45518520} = {F84BAF40-3E36-4DEA-9DEC-64DC45518520}
		{329E53AF-7260-4867-AA35-BEB2798B2643} = {329E53AF-7260-4867-AA35-BEB2798B2643}
		{FF512C42-15BD-4BE0-BD45-0940F6527D04} = {FF512C42-15BD-4BE0-BD45-0940F6527D04}
		{E0364A85-F9D4-4A77-92A4-9F378A0F499A} = {E0364A85-F9D4-4A77-92A4-9F378A0F499A}
	EndProjectSection
EndProject
Project("{8BC9CEB8-8B4A-11D0-8D11-00A0C91BC942}") = "BulletCollision", "..\..\src\BulletCollision\BulletCollision.vcxproj", "{4F0D333E-4601-4FAE-97DE-BF17A6EFCEB2}"
	ProjectSection(ProjectDependencies) = postProject
		{E0364A85-F9D4-4A77-92A4-9F378A0F499A} = {E0364A85-F9D4-4A77-92A4-9F378A0F499A}
	EndProjectSection
EndProject
Project("{8BC9CEB8-8B4A-11D0-8D11-00A0C91BC942}") = "BulletDynamics", "..\..\src\BulletDynamics\BulletDynamics.vcxproj", "{DA27D3B2-5E86-454A-B50A-530463FA0A0F}"
	ProjectSection(ProjectDependencies) = postProject
		{E0364A85-F9D4-4A77-92A4-9F378A0F499A} = {E0364A85-F9D4-4A77-92A4-9F378A0F499A}
	EndProjectSection
EndProject
Project("{8BC9CEB8-8B4A-11D0-8D11-00A0C91BC942}") = "BulletSoftBody", "..\..\src\BulletSoftBody\BulletSoftBody.vcxproj", "{F84BAF40-3E36-4DEA-9DEC-64DC45518520}"
	ProjectSection(ProjectDependencies) = postProject
		{E0364A85-F9D4-4A77-92A4-9F378A0F499A} = {E0364A85-F9D4-4A77-92A4-9F378A0F499A}
	EndProjectSection
EndProject
Project("{8BC9CEB8-8B4A-11D0-8D11-00A0C91BC942}") = "BulletSoftBodySolvers_DX11", "..\..\src\BulletMultiThreaded\GpuSoftBodySolvers\DX11\BulletSoftBodySolvers_DX11.vcxproj", "{329E53AF-7260-4867-AA35-BEB2798B2643}"
	ProjectSection(ProjectDependencies) = postProject
		{E0364A85-F9D4-4A77-92A4-9F378A0F499A} = {E0364A85-F9D4-4A77-92A4-9F378A0F499A}
	EndProjectSection
EndProject
Project("{8BC9CEB8-8B4A-11D0-8D11-00A0C91BC942}") = "INSTALL", "INSTALL.vcxproj", "{1CEC84EF-A39F-4196-8A5C-2B929A993F00}"
	ProjectSection(ProjectDependencies) = postProject
		{3A3924F9-7B3A-474C-94BF-8EF8E3BD0C17} = {3A3924F9-7B3A-474C-94BF-8EF8E3BD0C17}
	EndProjectSection
EndProject
Project("{8BC9CEB8-8B4A-11D0-8D11-00A0C91BC942}") = "LinearMath", "..\..\src\LinearMath\LinearMath.vcxproj", "{FF512C42-15BD-4BE0-BD45-0940F6527D04}"
	ProjectSection(ProjectDependencies) = postProject
		{E0364A85-F9D4-4A77-92A4-9F378A0F499A} = {E0364A85-F9D4-4A77-92A4-9F378A0F499A}
	EndProjectSection
EndProject
Project("{8BC9CEB8-8B4A-11D0-8D11-00A0C91BC942}") = "ZERO_CHECK", "..\..\ZERO_CHECK.vcxproj", "{E0364A85-F9D4-4A77-92A4-9F378A0F499A}"
	ProjectSection(ProjectDependencies) = postProject
	EndProjectSection
EndProject
Global
	GlobalSection(SolutionConfigurationPlatforms) = preSolution
		Debug|Win32 = Debug|Win32
		Release|Win32 = Release|Win32
		MinSizeRel|Win32 = MinSizeRel|Win32
		RelWithDebInfo|Win32 = RelWithDebInfo|Win32
	EndGlobalSection
	GlobalSection(ProjectConfigurationPlatforms) = postSolution
		{3A3924F9-7B3A-474C-94BF-8EF8E3BD0C17}.Debug|Win32.ActiveCfg = Debug|Win32
		{3A3924F9-7B3A-474C-94BF-8EF8E3BD0C17}.Debug|Win32.Build.0 = Debug|Win32
		{3A3924F9-7B3A-474C-94BF-8EF8E3BD0C17}.Release|Win32.ActiveCfg = Release|Win32
		{3A3924F9-7B3A-474C-94BF-8EF8E3BD0C17}.Release|Win32.Build.0 = Release|Win32
		{3A3924F9-7B3A-474C-94BF-8EF8E3BD0C17}.MinSizeRel|Win32.ActiveCfg = MinSizeRel|Win32
		{3A3924F9-7B3A-474C-94BF-8EF8E3BD0C17}.MinSizeRel|Win32.Build.0 = MinSizeRel|Win32
		{3A3924F9-7B3A-474C-94BF-8EF8E3BD0C17}.RelWithDebInfo|Win32.ActiveCfg = RelWithDebInfo|Win32
		{3A3924F9-7B3A-474C-94BF-8EF8E3BD0C17}.RelWithDebInfo|Win32.Build.0 = RelWithDebInfo|Win32
		{77484277-75D0-45E0-BFD8-C4B2199609FD}.Debug|Win32.ActiveCfg = Debug|Win32
		{77484277-75D0-45E0-BFD8-C4B2199609FD}.Debug|Win32.Build.0 = Debug|Win32
		{77484277-75D0-45E0-BFD8-C4B2199609FD}.Release|Win32.ActiveCfg = Release|Win32
		{77484277-75D0-45E0-BFD8-C4B2199609FD}.Release|Win32.Build.0 = Release|Win32
		{77484277-75D0-45E0-BFD8-C4B2199609FD}.MinSizeRel|Win32.ActiveCfg = MinSizeRel|Win32
		{77484277-75D0-45E0-BFD8-C4B2199609FD}.MinSizeRel|Win32.Build.0 = MinSizeRel|Win32
		{77484277-75D0-45E0-BFD8-C4B2199609FD}.RelWithDebInfo|Win32.ActiveCfg = RelWithDebInfo|Win32
		{77484277-75D0-45E0-BFD8-C4B2199609FD}.RelWithDebInfo|Win32.Build.0 = RelWithDebInfo|Win32
		{4F0D333E-4601-4FAE-97DE-BF17A6EFCEB2}.Debug|Win32.ActiveCfg = Debug|Win32
		{4F0D333E-4601-4FAE-97DE-BF17A6EFCEB2}.Debug|Win32.Build.0 = Debug|Win32
		{4F0D333E-4601-4FAE-97DE-BF17A6EFCEB2}.Release|Win32.ActiveCfg = Release|Win32
		{4F0D333E-4601-4FAE-97DE-BF17A6EFCEB2}.Release|Win32.Build.0 = Release|Win32
		{4F0D333E-4601-4FAE-97DE-BF17A6EFCEB2}.MinSizeRel|Win32.ActiveCfg = MinSizeRel|Win32
		{4F0D333E-4601-4FAE-97DE-BF17A6EFCEB2}.MinSizeRel|Win32.Build.0 = MinSizeRel|Win32
		{4F0D333E-4601-4FAE-97DE-BF17A6EFCEB2}.RelWithDebInfo|Win32.ActiveCfg = RelWithDebInfo|Win32
		{4F0D333E-4601-4FAE-97DE-BF17A6EFCEB2}.RelWithDebInfo|Win32.Build.0 = RelWithDebInfo|Win32
		{DA27D3B2-5E86-454A-B50A-530463FA0A0F}.Debug|Win32.ActiveCfg = Debug|Win32
		{DA27D3B2-5E86-454A-B50A-530463FA0A0F}.Debug|Win32.Build.0 = Debug|Win32
		{DA27D3B2-5E86-454A-B50A-530463FA0A0F}.Release|Win32.ActiveCfg = Release|Win32
		{DA27D3B2-5E86-454A-B50A-530463FA0A0F}.Release|Win32.Build.0 = Release|Win32
		{DA27D3B2-5E86-454A-B50A-530463FA0A0F}.MinSizeRel|Win32.ActiveCfg = MinSizeRel|Win32
		{DA27D3B2-5E86-454A-B50A-530463FA0A0F}.MinSizeRel|Win32.Build.0 = MinSizeRel|Win32
		{DA27D3B2-5E86-454A-B50A-530463FA0A0F}.RelWithDebInfo|Win32.ActiveCfg = RelWithDebInfo|Win32
		{DA27D3B2-5E86-454A-B50A-530463FA0A0F}.RelWithDebInfo|Win32.Build.0 = RelWithDebInfo|Win32
		{F84BAF40-3E36-4DEA-9DEC-64DC45518520}.Debug|Win32.ActiveCfg = Debug|Win32
		{F84BAF40-3E36-4DEA-9DEC-64DC45518520}.Debug|Win32.Build.0 = Debug|Win32
		{F84BAF40-3E36-4DEA-9DEC-64DC45518520}.Release|Win32.ActiveCfg = Release|Win32
		{F84BAF40-3E36-4DEA-9DEC-64DC45518520}.Release|Win32.Build.0 = Release|Win32
		{F84BAF40-3E36-4DEA-9DEC-64DC45518520}.MinSizeRel|Win32.ActiveCfg = MinSizeRel|Win32
		{F84BAF40-3E36-4DEA-9DEC-64DC45518520}.MinSizeRel|Win32.Build.0 = MinSizeRel|Win32
		{F84BAF40-3E36-4DEA-9DEC-64DC45518520}.RelWithDebInfo|Win32.ActiveCfg = RelWithDebInfo|Win32
		{F84BAF40-3E36-4DEA-9DEC-64DC45518520}.RelWithDebInfo|Win32.Build.0 = RelWithDebInfo|Win32
		{329E53AF-7260-4867-AA35-BEB2798B2643}.Debug|Win32.ActiveCfg = Debug|Win32
		{329E53AF-7260-4867-AA35-BEB2798B2643}.Debug|Win32.Build.0 = Debug|Win32
		{329E53AF-7260-4867-AA35-BEB2798B2643}.Release|Win32.ActiveCfg = Release|Win32
		{329E53AF-7260-4867-AA35-BEB2798B2643}.Release|Win32.Build.0 = Release|Win32
		{329E53AF-7260-4867-AA35-BEB2798B2643}.MinSizeRel|Win32.ActiveCfg = MinSizeRel|Win32
		{329E53AF-7260-4867-AA35-BEB2798B2643}.MinSizeRel|Win32.Build.0 = MinSizeRel|Win32
		{329E53AF-7260-4867-AA35-BEB2798B2643}.RelWithDebInfo|Win32.ActiveCfg = RelWithDebInfo|Win32
		{329E53AF-7260-4867-AA35-BEB2798B2643}.RelWithDebInfo|Win32.Build.0 = RelWithDebInfo|Win32
		{1CEC84EF-A39F-4196-8A5C-2B929A993F00}.Debug|Win32.ActiveCfg = Debug|Win32
		{1CEC84EF-A39F-4196-8A5C-2B929A993F00}.Release|Win32.ActiveCfg = Release|Win32
		{1CEC84EF-A39F-4196-8A5C-2B929A993F00}.MinSizeRel|Win32.ActiveCfg = MinSizeRel|Win32
		{1CEC84EF-A39F-4196-8A5C-2B929A993F00}.RelWithDebInfo|Win32.ActiveCfg = RelWithDebInfo|Win32
		{FF512C42-15BD-4BE0-BD45-0940F6527D04}.Debug|Win32.ActiveCfg = Debug|Win32
		{FF512C42-15BD-4BE0-BD45-0940F6527D04}.Debug|Win32.Build.0 = Debug|Win32
		{FF512C42-15BD-4BE0-BD45-0940F6527D04}.Release|Win32.ActiveCfg = Release|Win32
		{FF512C42-15BD-4BE0-BD45-0940F6527D04}.Release|Win32.Build.0 = Release|Win32
		{FF512C42-15BD-4BE0-BD45-0940F6527D04}.MinSizeRel|Win32.ActiveCfg = MinSizeRel|Win32
		{FF512C42-15BD-4BE0-BD45-0940F6527D04}.MinSizeRel|Win32.Build.0 = MinSizeRel|Win32
		{FF512C42-15BD-4BE0-BD45-0940F6527D04}.RelWithDebInfo|Win32.ActiveCfg = RelWithDebInfo|Win32
		{FF512C42-15BD-4BE0-BD45-0940F6527D04}.RelWithDebInfo|Win32.Build.0 = RelWithDebInfo|Win32
		{E0364A85-F9D4-4A77-92A4-9F378A0F499A}.Debug|Win32.ActiveCfg = Debug|Win32
		{E0364A85-F9D4-4A77-92A4-9F378A0F499A}.Debug|Win32.Build.0 = Debug|Win32
		{E0364A85-F9D4-4A77-92A4-9F378A0F499A}.Release|Win32.ActiveCfg = Release|Win32
		{E0364A85-F9D4-4A77-92A4-9F378A0F499A}.Release|Win32.Build.0 = Release|Win32
		{E0364A85-F9D4-4A77-92A4-9F378A0F499A}.MinSizeRel|Win32.ActiveCfg = MinSizeRel|Win32
		{E0364A85-F9D4-4A77-92A4-9F378A0F499A}.MinSizeRel|Win32.Build.0 = MinSizeRel|Win32
		{E0364A85-F9D4-4A77-92A4-9F378A0F499A}.RelWithDebInfo|Win32.ActiveCfg = RelWithDebInfo|Win32
		{E0364A85-F9D4-4A77-92A4-9F378A0F499A}.RelWithDebInfo|Win32.Build.0 = RelWithDebInfo|Win32
	EndGlobalSection
	GlobalSection(ExtensibilityGlobals) = postSolution
	EndGlobalSection
	GlobalSection(ExtensibilityAddIns) = postSolution
	EndGlobalSection
EndGlobal
