<?xml version="1.0" encoding="utf-8"?>
<Project ToolsVersion="4.0" xmlns="http://schemas.microsoft.com/developer/msbuild/2003">
  <ItemGroup>
    <Filter Include="Generated Files">
      <UniqueIdentifier>{71ED8ED8-ACB9-4CE9-BBE1-E00B30144E11}</UniqueIdentifier>
      <Extensions>cpp;c;cxx;moc;h;def;odl;idl;res;</Extensions>
    </Filter>
    <Filter Include="Generated Files">
      <UniqueIdentifier>{71ED8ED8-ACB9-4CE9-BBE1-E00B30144E11}</UniqueIdentifier>
      <Extensions>cpp;c;cxx;moc;h;def;odl;idl;res;</Extensions>
    </Filter>
    <Filter Include="Header Files">
      <UniqueIdentifier>{93995380-89BD-4b04-88EB-625FBE52EBFB}</UniqueIdentifier>
      <Extensions>h;hpp;hxx;hm;inl;inc;xsd</Extensions>
    </Filter>
    <Filter Include="Header Files">
      <UniqueIdentifier>{93995380-89BD-4b04-88EB-625FBE52EBFB}</UniqueIdentifier>
      <Extensions>h;hpp;hxx;hm;inl;inc;xsd</Extensions>
    </Filter>
    <Filter Include="Source Files">
      <UniqueIdentifier>{4FC737F1-C7A5-4376-A066-2A32D752A2FF}</UniqueIdentifier>
      <Extensions>cpp;c;cxx;def;odl;idl;hpj;bat;asm;asmx</Extensions>
    </Filter>
    <Filter Include="Source Files">
      <UniqueIdentifier>{4FC737F1-C7A5-4376-A066-2A32D752A2FF}</UniqueIdentifier>
      <Extensions>cpp;c;cxx;def;odl;idl;hpj;bat;asm;asmx</Extensions>
    </Filter>
    <Filter Include="Generated Files\Debug">
      <UniqueIdentifier>{8cca8053-6ff4-4768-b635-eea5763f06f0}</UniqueIdentifier>
      <Extensions>cpp;moc</Extensions>
      <SourceControlFiles>False</SourceControlFiles>
    </Filter>
    <Filter Include="Generated Files\Release">
      <UniqueIdentifier>{960b9e0e-f6a5-48a1-b514-f03934cc7d24}</UniqueIdentifier>
      <Extensions>cpp;moc</Extensions>
      <SourceControlFiles>False</SourceControlFiles>
    </Filter>
    <Filter Include="Header Files\GUI">
      <UniqueIdentifier>{dc337da9-00b0-4b1a-a38a-4c314e27aa97}</UniqueIdentifier>
    </Filter>
    <Filter Include="Source Files\GUI">
      <UniqueIdentifier>{abf1ab3d-a64b-422b-92d0-d275b55b57ec}</UniqueIdentifier>
    </Filter>
    <Filter Include="Source Files\Graphics">
      <UniqueIdentifier>{e42a8ad3-5bfe-4440-9b76-367dac24c039}</UniqueIdentifier>
    </Filter>
    <Filter Include="Source Files\Graphics\Component">
      <UniqueIdentifier>{bfbae7a2-5c3b-450c-a630-8e60f2ae4dfc}</UniqueIdentifier>
    </Filter>
    <Filter Include="Source Files\Graphics\GamePlayer">
      <UniqueIdentifier>{6e386574-9987-40ee-a541-137f0ee5ab02}</UniqueIdentifier>
    </Filter>
    <Filter Include="Source Files\Graphics\Geometry">
      <UniqueIdentifier>{04a686a4-c57d-4057-8153-bc79404a0446}</UniqueIdentifier>
    </Filter>
    <Filter Include="Source Files\Graphics\Input">
      <UniqueIdentifier>{f67807d0-fd98-44ce-a4b5-1d73a9f3f21f}</UniqueIdentifier>
    </Filter>
    <Filter Include="Source Files\Graphics\NetPacket">
      <UniqueIdentifier>{ce25a65d-7bba-42b9-aa46-6904e9c0f226}</UniqueIdentifier>
    </Filter>
    <Filter Include="Source Files\Graphics\GameView">
      <UniqueIdentifier>{113315b1-6e77-41d7-9594-081c21f2edeb}</UniqueIdentifier>
    </Filter>
    <Filter Include="Source Files\Graphics\Utility">
      <UniqueIdentifier>{ff50feda-18ad-4496-b27d-bb11cfa60651}</UniqueIdentifier>
    </Filter>
    <Filter Include="Third Party">
      <UniqueIdentifier>{2d4505c1-5a37-41ca-9057-b5890fc0d0c5}</UniqueIdentifier>
    </Filter>
    <Filter Include="Third Party\headers">
      <UniqueIdentifier>{f5e0eb64-11be-400f-9934-25eefeeafd73}</UniqueIdentifier>
    </Filter>
  </ItemGroup>
  <ItemGroup>
    <ClCompile Include="Debug\moc_glwidget.cpp">
      <Filter>Generated Files\Debug</Filter>
    </ClCompile>
    <ClCompile Include="Release\moc_glwidget.cpp">
      <Filter>Generated Files\Release</Filter>
    </ClCompile>
    <ClCompile Include="Debug\moc_mainwindow.cpp">
      <Filter>Generated Files\Debug</Filter>
    </ClCompile>
    <ClCompile Include="Release\moc_mainwindow.cpp">
      <Filter>Generated Files\Release</Filter>
    </ClCompile>
    <ClCompile Include="Debug\moc_window.cpp">
      <Filter>Generated Files\Debug</Filter>
    </ClCompile>
    <ClCompile Include="Release\moc_window.cpp">
      <Filter>Generated Files\Release</Filter>
    </ClCompile>
    <ClCompile Include="GUI\battlefieldView.cpp">
      <Filter>Source Files\GUI</Filter>
    </ClCompile>
    <ClCompile Include="GUI\buildView.cpp">
      <Filter>Source Files\GUI</Filter>
    </ClCompile>
    <ClCompile Include="GUI\glwidget.cpp">
      <Filter>Source Files\GUI</Filter>
    </ClCompile>
    <ClCompile Include="GUI\helpmenu.cpp">
      <Filter>Source Files\GUI</Filter>
    </ClCompile>
    <ClCompile Include="GUI\logo.cpp">
      <Filter>Source Files\GUI</Filter>
    </ClCompile>
    <ClCompile Include="GUI\main.cpp">
      <Filter>Source Files\GUI</Filter>
    </ClCompile>
    <ClCompile Include="GUI\mainMenu.cpp">
      <Filter>Source Files\GUI</Filter>
    </ClCompile>
    <ClCompile Include="GUI\mainwindow.cpp">
      <Filter>Source Files\GUI</Filter>
    </ClCompile>
    <ClCompile Include="GUI\window.cpp">
      <Filter>Source Files\GUI</Filter>
    </ClCompile>
    <ClCompile Include="Graphics\ComponentNode.cpp">
      <Filter>Source Files\Graphics\Component</Filter>
    </ClCompile>
    <ClCompile Include="Graphics\GamePlayer.cpp">
      <Filter>Source Files\Graphics\GamePlayer</Filter>
    </ClCompile>
    <ClCompile Include="Graphics\GameView.cpp">
      <Filter>Source Files\Graphics\GameView</Filter>
    </ClCompile>
    <ClCompile Include="Graphics\Camera.cpp">
      <Filter>Source Files\Graphics\Geometry</Filter>
    </ClCompile>
    <ClCompile Include="Graphics\Cube.cpp">
      <Filter>Source Files\Graphics\Geometry</Filter>
    </ClCompile>
    <ClCompile Include="Graphics\GeoNode.cpp">
      <Filter>Source Files\Graphics\Geometry</Filter>
    </ClCompile>
    <ClCompile Include="Graphics\Model3D.cpp">
      <Filter>Source Files\Graphics\Geometry</Filter>
    </ClCompile>
    <ClCompile Include="Graphics\GameInputInterface.cpp">
      <Filter>Source Files\Graphics\Input</Filter>
    </ClCompile>
    <ClCompile Include="Graphics\StandardGameInput.cpp">
      <Filter>Source Files\Graphics\Input</Filter>
    </ClCompile>
    <ClCompile Include="Graphics\ClientGame.cpp">
      <Filter>Source Files\Graphics\NetPacket</Filter>
    </ClCompile>
    <ClCompile Include="Graphics\ClientNetwork.cpp">
      <Filter>Source Files\Graphics\NetPacket</Filter>
    </ClCompile>
    <ClCompile Include="Graphics\GameInfoPacket.cpp">
      <Filter>Source Files\Graphics\NetPacket</Filter>
    </ClCompile>
    <ClCompile Include="Graphics\GamePacketManager.cpp">
      <Filter>Source Files\Graphics\NetPacket</Filter>
    </ClCompile>
    <ClCompile Include="Graphics\NetworkServices.cpp">
      <Filter>Source Files\Graphics\NetPacket</Filter>
    </ClCompile>
    <ClCompile Include="Graphics\PlayerInfo.cpp">
      <Filter>Source Files\Graphics\NetPacket</Filter>
    </ClCompile>
    <ClCompile Include="Graphics\Matrix4.cpp">
      <Filter>Source Files\Graphics\Utility</Filter>
    </ClCompile>
    <ClCompile Include="Graphics\StdAfx.cpp">
      <Filter>Source Files\Graphics\Utility</Filter>
    </ClCompile>
    <ClCompile Include="Graphics\Transform.cpp">
      <Filter>Source Files\Graphics\Utility</Filter>
    </ClCompile>
    <ClCompile Include="Graphics\Vector3.cpp">
      <Filter>Source Files\Graphics\Utility</Filter>
    </ClCompile>
    <ClCompile Include="Graphics\Vector4.cpp">
      <Filter>Source Files\Graphics\Utility</Filter>
    </ClCompile>
    <ClCompile Include="Graphics\graphicsWindow.cpp">
      <Filter>Source Files\Graphics</Filter>
    </ClCompile>
    <ClCompile Include="Graphics\stb_image_aug.c">
      <Filter>Third Party</Filter>
    </ClCompile>
    <ClCompile Include="Graphics\image_DXT.c">
      <Filter>Third Party</Filter>
    </ClCompile>
    <ClCompile Include="Graphics\image_helper.c">
      <Filter>Third Party</Filter>
    </ClCompile>
    <ClCompile Include="Graphics\SOIL.c">
      <Filter>Third Party</Filter>
    </ClCompile>
    <ClCompile Include="Graphics\tiny_obj_loader.cc">
      <Filter>Third Party</Filter>
    </ClCompile>
  </ItemGroup>
  <ItemGroup>
    <ClInclude Include="GUI\battlefieldView.h">
      <Filter>Header Files\GUI</Filter>
    </ClInclude>
    <ClInclude Include="GUI\helpmenu.h">
      <Filter>Header Files\GUI</Filter>
    </ClInclude>
    <ClInclude Include="GUI\mainMenu.h">
      <Filter>Header Files\GUI</Filter>
    </ClInclude>
    <ClInclude Include="GUI\view.h">
      <Filter>Header Files\GUI</Filter>
    </ClInclude>
    <ClInclude Include="Graphics\ComponentNode.h">
      <Filter>Source Files\Graphics\Component</Filter>
    </ClInclude>
    <ClInclude Include="Graphics\GamePlayer.h">
      <Filter>Source Files\Graphics\GamePlayer</Filter>
    </ClInclude>
    <ClInclude Include="Graphics\GameView.h">
      <Filter>Source Files\Graphics\GameView</Filter>
    </ClInclude>
    <ClInclude Include="Graphics\Camera.h">
      <Filter>Source Files\Graphics\Geometry</Filter>
    </ClInclude>
    <ClInclude Include="Graphics\Cube.h">
      <Filter>Source Files\Graphics\Geometry</Filter>
    </ClInclude>
    <ClInclude Include="Graphics\GeoNode.h">
      <Filter>Source Files\Graphics\Geometry</Filter>
    </ClInclude>
    <ClInclude Include="Graphics\Model3D.h">
      <Filter>Source Files\Graphics\Geometry</Filter>
    </ClInclude>
    <ClInclude Include="Graphics\GameInputInterface.h">
      <Filter>Source Files\Graphics\Input</Filter>
    </ClInclude>
    <ClInclude Include="Graphics\StandardGameInput.h">
      <Filter>Source Files\Graphics\Input</Filter>
    </ClInclude>
    <ClInclude Include="Graphics\ClientGame.h">
      <Filter>Source Files\Graphics\NetPacket</Filter>
    </ClInclude>
    <ClInclude Include="Graphics\ClientNetwork.h">
      <Filter>Source Files\Graphics\NetPacket</Filter>
    </ClInclude>
    <ClInclude Include="Graphics\GameInfoPacket.h">
      <Filter>Source Files\Graphics\NetPacket</Filter>
    </ClInclude>
    <ClInclude Include="Graphics\GamePacketManager.h">
      <Filter>Source Files\Graphics\NetPacket</Filter>
    </ClInclude>
    <ClInclude Include="Graphics\NetworkData.h">
      <Filter>Source Files\Graphics\NetPacket</Filter>
    </ClInclude>
    <ClInclude Include="Graphics\NetworkServices.h">
      <Filter>Source Files\Graphics\NetPacket</Filter>
    </ClInclude>
    <ClInclude Include="Graphics\PlayerInfo.h">
      <Filter>Source Files\Graphics\NetPacket</Filter>
    </ClInclude>
    <ClInclude Include="Graphics\Matrix4.h">
      <Filter>Source Files\Graphics\Utility</Filter>
    </ClInclude>
    <ClInclude Include="Graphics\Transform.h">
      <Filter>Source Files\Graphics\Utility</Filter>
    </ClInclude>
    <ClInclude Include="Graphics\Vector3.h">
      <Filter>Source Files\Graphics\Utility</Filter>
    </ClInclude>
    <ClInclude Include="Graphics\Vector4.h">
      <Filter>Source Files\Graphics\Utility</Filter>
    </ClInclude>
    <ClInclude Include="Graphics\Definition.h">
      <Filter>Header Files</Filter>
    </ClInclude>
    <ClInclude Include="Graphics\StdAfx.h">
      <Filter>Header Files</Filter>
    </ClInclude>
    <ClInclude Include="Graphics\graphicsWindow.h">
      <Filter>Source Files\Graphics</Filter>
    </ClInclude>
    <ClInclude Include="Graphics\image_DXT.h">
      <Filter>Third Party\headers</Filter>
    </ClInclude>
    <ClInclude Include="Graphics\image_helper.h">
      <Filter>Third Party\headers</Filter>
    </ClInclude>
    <ClInclude Include="Graphics\SOIL.h">
      <Filter>Third Party\headers</Filter>
    </ClInclude>
    <ClInclude Include="Graphics\stb_image_aug.h">
      <Filter>Third Party\headers</Filter>
    </ClInclude>
    <ClInclude Include="Graphics\stbi_DDS_aug_c.h">
      <Filter>Third Party\headers</Filter>
    </ClInclude>
    <ClInclude Include="Graphics\stbi_DDS_aug.h">
      <Filter>Third Party\headers</Filter>
    </ClInclude>
    <ClInclude Include="Graphics\tiny_obj_loader.h">
      <Filter>Third Party\headers</Filter>
    </ClInclude>
  </ItemGroup>
  <ItemGroup>
    <ClInclude Include="GUI\buildView.h">
      <Filter>Header Files\GUI</Filter>
    </ClInclude>
    <ClInclude Include="GUI\logo.h">
      <Filter>Header Files\GUI</Filter>
    </ClInclude>
  </ItemGroup>
  <ItemGroup>
    <CustomBuild Include="GUI\glwidget.h">
      <Filter>Header Files\GUI</Filter>
    </CustomBuild>
    <CustomBuild Include="GUI\window.h">
      <Filter>Header Files\GUI</Filter>
    </CustomBuild>
    <CustomBuild Include="GUI\mainwindow.h">
      <Filter>Header Files\GUI</Filter>
    </CustomBuild>
  </ItemGroup>
</Project>