<?xml version="1.0" encoding="utf-8"?>
<Project ToolsVersion="4.0" xmlns="http://schemas.microsoft.com/developer/msbuild/2003">
  <ItemGroup>
    <Filter Include="Generated Files">
      <UniqueIdentifier>{71ED8ED8-ACB9-4CE9-BBE1-E00B30144E11}</UniqueIdentifier>
      <Extensions>cpp;c;cxx;moc;h;def;odl;idl;res;</Extensions>
    </Filter>
    <Filter Include="Generated Files">
      <UniqueIdentifier>{71ED8ED8-ACB9-4CE9-BBE1-E00B30144E11}</UniqueIdentifier>
      <Extensions>cpp;c;cxx;moc;h;def;odl;idl;res;</Extensions>
    </Filter>
    <Filter Include="Header Files">
      <UniqueIdentifier>{93995380-89BD-4b04-88EB-625FBE52EBFB}</UniqueIdentifier>
      <Extensions>h;hpp;hxx;hm;inl;inc;xsd</Extensions>
    </Filter>
    <Filter Include="Header Files">
      <UniqueIdentifier>{93995380-89BD-4b04-88EB-625FBE52EBFB}</UniqueIdentifier>
      <Extensions>h;hpp;hxx;hm;inl;inc;xsd</Extensions>
    </Filter>
    <Filter Include="Source Files">
      <UniqueIdentifier>{4FC737F1-C7A5-4376-A066-2A32D752A2FF}</UniqueIdentifier>
      <Extensions>cpp;c;cxx;def;odl;idl;hpj;bat;asm;asmx</Extensions>
    </Filter>
    <Filter Include="Source Files">
      <UniqueIdentifier>{4FC737F1-C7A5-4376-A066-2A32D752A2FF}</UniqueIdentifier>
      <Extensions>cpp;c;cxx;def;odl;idl;hpj;bat;asm;asmx</Extensions>
    </Filter>
    <Filter Include="Generated Files\Debug">
      <UniqueIdentifier>{f8b54f7e-5601-4548-8131-de61f83fc50b}</UniqueIdentifier>
      <Extensions>cpp;moc</Extensions>
      <SourceControlFiles>False</SourceControlFiles>
    </Filter>
    <Filter Include="Generated Files\Release">
      <UniqueIdentifier>{cee6c352-14e5-4dcf-a780-5a70929ce6f3}</UniqueIdentifier>
      <Extensions>cpp;moc</Extensions>
      <SourceControlFiles>False</SourceControlFiles>
    </Filter>
  </ItemGroup>
  <ItemGroup>
    <ClCompile Include="Graphics\CSE125Console\CSE125Console\CSE125Console.cpp">
      <Filter>Source Files</Filter>
    </ClCompile>
    <ClCompile Include="Graphics\CSE125Console\CSE125Console\Camera.cpp">
      <Filter>Source Files</Filter>
    </ClCompile>
    <ClCompile Include="Graphics\CSE125Console\CSE125Console\ClientGame.cpp">
      <Filter>Source Files</Filter>
    </ClCompile>
    <ClCompile Include="Graphics\CSE125Console\CSE125Console\ClientNetwork.cpp">
      <Filter>Source Files</Filter>
    </ClCompile>
    <ClCompile Include="Graphics\CSE125Console\CSE125Console\ComponentNode.cpp">
      <Filter>Source Files</Filter>
    </ClCompile>
    <ClCompile Include="Graphics\CSE125Console\CSE125Console\Cube.cpp">
      <Filter>Source Files</Filter>
    </ClCompile>
    <ClCompile Include="Graphics\CSE125Console\CSE125Console\GameCore.cpp">
      <Filter>Source Files</Filter>
    </ClCompile>
    <ClCompile Include="Graphics\CSE125Console\CSE125Console\GameInfoPacket.cpp">
      <Filter>Source Files</Filter>
    </ClCompile>
    <ClCompile Include="Graphics\CSE125Console\CSE125Console\GameInputInterface.cpp">
      <Filter>Source Files</Filter>
    </ClCompile>
    <ClCompile Include="Graphics\CSE125Console\CSE125Console\GamePacketManager.cpp">
      <Filter>Source Files</Filter>
    </ClCompile>
    <ClCompile Include="Graphics\CSE125Console\CSE125Console\GamePlayer.cpp">
      <Filter>Source Files</Filter>
    </ClCompile>
    <ClCompile Include="Graphics\CSE125Console\CSE125Console\GameView.cpp">
      <Filter>Source Files</Filter>
    </ClCompile>
    <ClCompile Include="Graphics\CSE125Console\CSE125Console\GeoNode.cpp">
      <Filter>Source Files</Filter>
    </ClCompile>
    <ClCompile Include="Graphics\CSE125Console\CSE125Console\Matrix4.cpp">
      <Filter>Source Files</Filter>
    </ClCompile>
    <ClCompile Include="Graphics\CSE125Console\CSE125Console\Model3D.cpp">
      <Filter>Source Files</Filter>
    </ClCompile>
    <ClCompile Include="Graphics\CSE125Console\CSE125Console\NetworkServices.cpp">
      <Filter>Source Files</Filter>
    </ClCompile>
    <ClCompile Include="Graphics\CSE125Console\CSE125Console\PlayerInfo.cpp">
      <Filter>Source Files</Filter>
    </ClCompile>
    <ClCompile Include="Graphics\CSE125Console\CSE125Console\SOIL.c">
      <Filter>Source Files</Filter>
    </ClCompile>
    <ClCompile Include="Graphics\CSE125Console\CSE125Console\Network\ServerGame.cpp">
      <Filter>Source Files</Filter>
    </ClCompile>
    <ClCompile Include="Graphics\CSE125Console\CSE125Console\Network\ServerNetwork.cpp">
      <Filter>Source Files</Filter>
    </ClCompile>
    <ClCompile Include="Graphics\CSE125Console\CSE125Console\StandardGameInput.cpp">
      <Filter>Source Files</Filter>
    </ClCompile>
    <ClCompile Include="Graphics\CSE125Console\CSE125Console\StdAfx.cpp">
      <Filter>Source Files</Filter>
    </ClCompile>
    <ClCompile Include="Graphics\CSE125Console\CSE125Console\Transform.cpp">
      <Filter>Source Files</Filter>
    </ClCompile>
    <ClCompile Include="Graphics\CSE125Console\CSE125Console\Vector3.cpp">
      <Filter>Source Files</Filter>
    </ClCompile>
    <ClCompile Include="Graphics\CSE125Console\CSE125Console\Vector4.cpp">
      <Filter>Source Files</Filter>
    </ClCompile>
    <ClCompile Include="GUI\battlefieldView.cpp">
      <Filter>Source Files</Filter>
    </ClCompile>
    <ClCompile Include="GUI\buildView.cpp">
      <Filter>Source Files</Filter>
    </ClCompile>
    <ClCompile Include="GUI\glwidget.cpp">
      <Filter>Source Files</Filter>
    </ClCompile>
    <ClCompile Include="GUI\helpmenu.cpp">
      <Filter>Source Files</Filter>
    </ClCompile>
    <ClCompile Include="Graphics\CSE125Console\CSE125Console\image_DXT.c">
      <Filter>Source Files</Filter>
    </ClCompile>
    <ClCompile Include="Graphics\CSE125Console\CSE125Console\image_helper.c">
      <Filter>Source Files</Filter>
    </ClCompile>
    <ClCompile Include="GUI\logo.cpp">
      <Filter>Source Files</Filter>
    </ClCompile>
    <ClCompile Include="GUI\main.cpp">
      <Filter>Source Files</Filter>
    </ClCompile>
    <ClCompile Include="GUI\mainMenu.cpp">
      <Filter>Source Files</Filter>
    </ClCompile>
    <ClCompile Include="GUI\mainwindow.cpp">
      <Filter>Source Files</Filter>
    </ClCompile>
    <ClCompile Include="Graphics\CSE125Console\CSE125Console\stb_image_aug.c">
      <Filter>Source Files</Filter>
    </ClCompile>
    <ClCompile Include="Graphics\CSE125Console\CSE125Console\test_SOIL.cpp">
      <Filter>Source Files</Filter>
    </ClCompile>
    <ClCompile Include="Graphics\CSE125Console\CSE125Console\tiny_obj_loader.cc">
      <Filter>Source Files</Filter>
    </ClCompile>
    <ClCompile Include="GUI\window.cpp">
      <Filter>Source Files</Filter>
    </ClCompile>
    <ClCompile Include="Debug\moc_glwidget.cpp">
      <Filter>Generated Files\Debug</Filter>
    </ClCompile>
    <ClCompile Include="Release\moc_glwidget.cpp">
      <Filter>Generated Files\Release</Filter>
    </ClCompile>
    <ClCompile Include="Debug\moc_mainwindow.cpp">
      <Filter>Generated Files\Debug</Filter>
    </ClCompile>
    <ClCompile Include="Release\moc_mainwindow.cpp">
      <Filter>Generated Files\Release</Filter>
    </ClCompile>
    <ClCompile Include="Debug\moc_window.cpp">
      <Filter>Generated Files\Debug</Filter>
    </ClCompile>
    <ClCompile Include="Release\moc_window.cpp">
      <Filter>Generated Files\Release</Filter>
    </ClCompile>
  </ItemGroup>
  <ItemGroup>
    <ClInclude Include="Graphics\CSE125Console\CSE125Console\Camera.h">
      <Filter>Header Files</Filter>
    </ClInclude>
    <ClInclude Include="Graphics\CSE125Console\CSE125Console\ClientGame.h">
      <Filter>Header Files</Filter>
    </ClInclude>
    <ClInclude Include="Graphics\CSE125Console\CSE125Console\ClientNetwork.h">
      <Filter>Header Files</Filter>
    </ClInclude>
    <ClInclude Include="Graphics\CSE125Console\CSE125Console\ComponentNode.h">
      <Filter>Header Files</Filter>
    </ClInclude>
    <ClInclude Include="Graphics\CSE125Console\CSE125Console\Cube.h">
      <Filter>Header Files</Filter>
    </ClInclude>
    <ClInclude Include="Graphics\CSE125Console\CSE125Console\Definition.h">
      <Filter>Header Files</Filter>
    </ClInclude>
    <ClInclude Include="Graphics\CSE125Console\CSE125Console\GameCore.h">
      <Filter>Header Files</Filter>
    </ClInclude>
    <ClInclude Include="Graphics\CSE125Console\CSE125Console\GameInfoPacket.h">
      <Filter>Header Files</Filter>
    </ClInclude>
    <ClInclude Include="Graphics\CSE125Console\CSE125Console\GameInputInterface.h">
      <Filter>Header Files</Filter>
    </ClInclude>
    <ClInclude Include="Graphics\CSE125Console\CSE125Console\GamePacketManager.h">
      <Filter>Header Files</Filter>
    </ClInclude>
    <ClInclude Include="Graphics\CSE125Console\CSE125Console\GamePlayer.h">
      <Filter>Header Files</Filter>
    </ClInclude>
    <ClInclude Include="Graphics\CSE125Console\CSE125Console\GameView.h">
      <Filter>Header Files</Filter>
    </ClInclude>
    <ClInclude Include="Graphics\CSE125Console\CSE125Console\GeoNode.h">
      <Filter>Header Files</Filter>
    </ClInclude>
    <ClInclude Include="Graphics\CSE125Console\CSE125Console\Matrix4.h">
      <Filter>Header Files</Filter>
    </ClInclude>
    <ClInclude Include="Graphics\CSE125Console\CSE125Console\Model3D.h">
      <Filter>Header Files</Filter>
    </ClInclude>
    <ClInclude Include="Graphics\CSE125Console\CSE125Console\NetworkData.h">
      <Filter>Header Files</Filter>
    </ClInclude>
    <ClInclude Include="Graphics\CSE125Console\CSE125Console\NetworkServices.h">
      <Filter>Header Files</Filter>
    </ClInclude>
    <ClInclude Include="Graphics\CSE125Console\CSE125Console\PlayerInfo.h">
      <Filter>Header Files</Filter>
    </ClInclude>
    <ClInclude Include="Graphics\CSE125Console\CSE125Console\SOIL.h">
      <Filter>Header Files</Filter>
    </ClInclude>
    <ClInclude Include="Graphics\CSE125Console\CSE125Console\Network\ServerGame.h">
      <Filter>Header Files</Filter>
    </ClInclude>
    <ClInclude Include="Graphics\CSE125Console\CSE125Console\Network\ServerNetwork.h">
      <Filter>Header Files</Filter>
    </ClInclude>
    <ClInclude Include="Graphics\CSE125Console\CSE125Console\StandardGameInput.h">
      <Filter>Header Files</Filter>
    </ClInclude>
    <ClInclude Include="Graphics\CSE125Console\CSE125Console\Transform.h">
      <Filter>Header Files</Filter>
    </ClInclude>
    <ClInclude Include="Graphics\CSE125Console\CSE125Console\Vector3.h">
      <Filter>Header Files</Filter>
    </ClInclude>
    <ClInclude Include="Graphics\CSE125Console\CSE125Console\Vector4.h">
      <Filter>Header Files</Filter>
    </ClInclude>
    <ClInclude Include="GUI\battlefieldView.h">
      <Filter>Header Files</Filter>
    </ClInclude>
    <ClInclude Include="GUI\buildView.h">
      <Filter>Header Files</Filter>
    </ClInclude>
    <CustomBuild Include="GUI\glwidget.h">
      <Filter>Header Files</Filter>
    </CustomBuild>
    <ClInclude Include="GUI\helpmenu.h">
      <Filter>Header Files</Filter>
    </ClInclude>
    <ClInclude Include="Graphics\CSE125Console\CSE125Console\image_DXT.h">
      <Filter>Header Files</Filter>
    </ClInclude>
    <ClInclude Include="Graphics\CSE125Console\CSE125Console\image_helper.h">
      <Filter>Header Files</Filter>
    </ClInclude>
    <ClInclude Include="GUI\logo.h">
      <Filter>Header Files</Filter>
    </ClInclude>
    <ClInclude Include="GUI\mainMenu.h">
      <Filter>Header Files</Filter>
    </ClInclude>
    <CustomBuild Include="GUI\mainwindow.h">
      <Filter>Header Files</Filter>
    </CustomBuild>
    <ClInclude Include="Graphics\CSE125Console\CSE125Console\stb_image_aug.h">
      <Filter>Header Files</Filter>
    </ClInclude>
    <ClInclude Include="Graphics\CSE125Console\CSE125Console\stbi_DDS_aug.h">
      <Filter>Header Files</Filter>
    </ClInclude>
    <ClInclude Include="Graphics\CSE125Console\CSE125Console\stbi_DDS_aug_c.h">
      <Filter>Header Files</Filter>
    </ClInclude>
    <ClInclude Include="Graphics\CSE125Console\CSE125Console\Network\targetver.h">
      <Filter>Header Files</Filter>
    </ClInclude>
    <ClInclude Include="Graphics\CSE125Console\CSE125Console\targetver.h">
      <Filter>Header Files</Filter>
    </ClInclude>
    <ClInclude Include="Graphics\CSE125Console\CSE125Console\tiny_obj_loader.h">
      <Filter>Header Files</Filter>
    </ClInclude>
    <ClInclude Include="GUI\view.h">
      <Filter>Header Files</Filter>
    </ClInclude>
    <CustomBuild Include="GUI\window.h">
      <Filter>Header Files</Filter>
    </CustomBuild>
    <ClInclude Include="Graphics\CSE125Console\CSE125Console\StdAfx.h">
      <Filter>Header Files</Filter>
    </ClInclude>
  </ItemGroup>
</Project>