<?xml version="1.0" encoding="UTF-8"?>
<Project ToolsVersion="12.0" xmlns="http://schemas.microsoft.com/developer/msbuild/2003">
  <ItemGroup>
    <CustomBuild Include="C:\Users\rqiu\Desktop\Physics\bullet-2.82-r2704\bullet-2.82-r2704\BulletBuild\CMakeFiles\0c3c6840a5f3815e6bd930ca9d7fe38b\INSTALL_force.rule">
      <Filter>CMake Rules</Filter>
    </CustomBuild>
  </ItemGroup>
  <ItemGroup>
    <Filter Include="CMake Rules">
      <UniqueIdentifier>{42D40F6E-1D24-4BF9-B65E-5FF814FFAA7D}</UniqueIdentifier>
    </Filter>
  </ItemGroup>
</Project>
