
Microsoft Visual Studio Solution File, Format Version 12.00
# Visual Studio 2013
VisualStudioVersion = 12.0.21005.1
MinimumVisualStudioVersion = 10.0.40219.1
Project("{8BC9CEB8-8B4A-11D0-8D11-00A0C91BC942}") = "ConsoleApplication1", "ConsoleApplication1\ConsoleApplication1.vcxproj", "{1FE13DE8-D67A-4E3C-8AB6-C9B9EBA593E3}"
EndProject
Project("{8BC9CEB8-8B4A-11D0-8D11-00A0C91BC942}") = "BulletCollision", "..\B\src\BulletCollision\BulletCollision.vcxproj", "{095762EA-2AD8-47FF-AFA7-4A0C423C71D0}"
EndProject
Project("{8BC9CEB8-8B4A-11D0-8D11-00A0C91BC942}") = "BulletDynamics", "..\B\src\BulletDynamics\BulletDynamics.vcxproj", "{C3EB8696-9978-4119-8592-6CB5F8C8BB6B}"
EndProject
Project("{8BC9CEB8-8B4A-11D0-8D11-00A0C91BC942}") = "LinearMath", "..\B\src\LinearMath\LinearMath.vcxproj", "{3C13529C-CB37-4913-A5C8-FE6E8099FCAA}"
EndProject
Global
	GlobalSection(SolutionConfigurationPlatforms) = preSolution
		Debug|Win32 = Debug|Win32
		MinSizeRel|Win32 = MinSizeRel|Win32
		Release|Win32 = Release|Win32
		RelWithDebInfo|Win32 = RelWithDebInfo|Win32
	EndGlobalSection
	GlobalSection(ProjectConfigurationPlatforms) = postSolution
		{1FE13DE8-D67A-4E3C-8AB6-C9B9EBA593E3}.Debug|Win32.ActiveCfg = Debug|Win32
		{1FE13DE8-D67A-4E3C-8AB6-C9B9EBA593E3}.Debug|Win32.Build.0 = Debug|Win32
		{1FE13DE8-D67A-4E3C-8AB6-C9B9EBA593E3}.MinSizeRel|Win32.ActiveCfg = Release|Win32
		{1FE13DE8-D67A-4E3C-8AB6-C9B9EBA593E3}.MinSizeRel|Win32.Build.0 = Release|Win32
		{1FE13DE8-D67A-4E3C-8AB6-C9B9EBA593E3}.Release|Win32.ActiveCfg = Release|Win32
		{1FE13DE8-D67A-4E3C-8AB6-C9B9EBA593E3}.Release|Win32.Build.0 = Release|Win32
		{1FE13DE8-D67A-4E3C-8AB6-C9B9EBA593E3}.RelWithDebInfo|Win32.ActiveCfg = Release|Win32
		{1FE13DE8-D67A-4E3C-8AB6-C9B9EBA593E3}.RelWithDebInfo|Win32.Build.0 = Release|Win32
		{095762EA-2AD8-47FF-AFA7-4A0C423C71D0}.Debug|Win32.ActiveCfg = Debug|Win32
		{095762EA-2AD8-47FF-AFA7-4A0C423C71D0}.Debug|Win32.Build.0 = Debug|Win32
		{095762EA-2AD8-47FF-AFA7-4A0C423C71D0}.MinSizeRel|Win32.ActiveCfg = MinSizeRel|Win32
		{095762EA-2AD8-47FF-AFA7-4A0C423C71D0}.MinSizeRel|Win32.Build.0 = MinSizeRel|Win32
		{095762EA-2AD8-47FF-AFA7-4A0C423C71D0}.Release|Win32.ActiveCfg = Release|Win32
		{095762EA-2AD8-47FF-AFA7-4A0C423C71D0}.Release|Win32.Build.0 = Release|Win32
		{095762EA-2AD8-47FF-AFA7-4A0C423C71D0}.RelWithDebInfo|Win32.ActiveCfg = RelWithDebInfo|Win32
		{095762EA-2AD8-47FF-AFA7-4A0C423C71D0}.RelWithDebInfo|Win32.Build.0 = RelWithDebInfo|Win32
		{C3EB8696-9978-4119-8592-6CB5F8C8BB6B}.Debug|Win32.ActiveCfg = Debug|Win32
		{C3EB8696-9978-4119-8592-6CB5F8C8BB6B}.Debug|Win32.Build.0 = Debug|Win32
		{C3EB8696-9978-4119-8592-6CB5F8C8BB6B}.MinSizeRel|Win32.ActiveCfg = MinSizeRel|Win32
		{C3EB8696-9978-4119-8592-6CB5F8C8BB6B}.MinSizeRel|Win32.Build.0 = MinSizeRel|Win32
		{C3EB8696-9978-4119-8592-6CB5F8C8BB6B}.Release|Win32.ActiveCfg = Release|Win32
		{C3EB8696-9978-4119-8592-6CB5F8C8BB6B}.Release|Win32.Build.0 = Release|Win32
		{C3EB8696-9978-4119-8592-6CB5F8C8BB6B}.RelWithDebInfo|Win32.ActiveCfg = RelWithDebInfo|Win32
		{C3EB8696-9978-4119-8592-6CB5F8C8BB6B}.RelWithDebInfo|Win32.Build.0 = RelWithDebInfo|Win32
		{3C13529C-CB37-4913-A5C8-FE6E8099FCAA}.Debug|Win32.ActiveCfg = Debug|Win32
		{3C13529C-CB37-4913-A5C8-FE6E8099FCAA}.Debug|Win32.Build.0 = Debug|Win32
		{3C13529C-CB37-4913-A5C8-FE6E8099FCAA}.MinSizeRel|Win32.ActiveCfg = MinSizeRel|Win32
		{3C13529C-CB37-4913-A5C8-FE6E8099FCAA}.MinSizeRel|Win32.Build.0 = MinSizeRel|Win32
		{3C13529C-CB37-4913-A5C8-FE6E8099FCAA}.Release|Win32.ActiveCfg = Release|Win32
		{3C13529C-CB37-4913-A5C8-FE6E8099FCAA}.Release|Win32.Build.0 = Release|Win32
		{3C13529C-CB37-4913-A5C8-FE6E8099FCAA}.RelWithDebInfo|Win32.ActiveCfg = RelWithDebInfo|Win32
		{3C13529C-CB37-4913-A5C8-FE6E8099FCAA}.RelWithDebInfo|Win32.Build.0 = RelWithDebInfo|Win32
	EndGlobalSection
	GlobalSection(SolutionProperties) = preSolution
		HideSolutionNode = FALSE
	EndGlobalSection
EndGlobal
