<?xml version="1.0" encoding="utf-8"?>
<Project ToolsVersion="4.0" xmlns="http://schemas.microsoft.com/developer/msbuild/2003">
  <ItemGroup>
    <Filter Include="Source Files">
      <UniqueIdentifier>{4FC737F1-C7A5-4376-A066-2A32D752A2FF}</UniqueIdentifier>
      <Extensions>cpp;c;cc;cxx;def;odl;idl;hpj;bat;asm;asmx</Extensions>
    </Filter>
    <Filter Include="Header Files">
      <UniqueIdentifier>{93995380-89BD-4b04-88EB-625FBE52EBFB}</UniqueIdentifier>
      <Extensions>h;hh;hpp;hxx;hm;inl;inc;xsd</Extensions>
    </Filter>
    <Filter Include="Resource Files">
      <UniqueIdentifier>{67DA6AB6-F800-4c08-8B7A-83BB121AAD01}</UniqueIdentifier>
      <Extensions>rc;ico;cur;bmp;dlg;rc2;rct;bin;rgs;gif;jpg;jpeg;jpe;resx;tiff;tif;png;wav;mfcribbon-ms</Extensions>
    </Filter>
    <Filter Include="Source Files\Utility">
      <UniqueIdentifier>{63a910d6-e3bf-4e66-be67-d4515c6cfc7f}</UniqueIdentifier>
    </Filter>
    <Filter Include="Source Files\Geometry">
      <UniqueIdentifier>{18e80191-7d11-4eee-bb41-d3afd4dbe60d}</UniqueIdentifier>
    </Filter>
    <Filter Include="Source Files\Component">
      <UniqueIdentifier>{a84e6ebc-4602-4093-b8c8-e2eb32229f82}</UniqueIdentifier>
    </Filter>
    <Filter Include="Source Files\NetPacket">
      <UniqueIdentifier>{b8220315-e562-42ce-8386-9499402285bc}</UniqueIdentifier>
    </Filter>
    <Filter Include="Source Files\GameView">
      <UniqueIdentifier>{feb90d39-46c6-4cb5-a527-8f8905897ae0}</UniqueIdentifier>
    </Filter>
    <Filter Include="Source Files\GamePlayer">
      <UniqueIdentifier>{2923743c-189a-46eb-b937-8c2cf5ebbc82}</UniqueIdentifier>
    </Filter>
    <Filter Include="Source Files\Input">
      <UniqueIdentifier>{9b7a4e3a-22ff-486c-844c-8d6ae90bd181}</UniqueIdentifier>
    </Filter>
    <Filter Include="Third Party">
      <UniqueIdentifier>{6a6e0345-1ec5-4180-9a7d-168ecb08ff3f}</UniqueIdentifier>
    </Filter>
    <Filter Include="Source Files\Shader">
      <UniqueIdentifier>{96fe5bb7-8212-4286-ad15-7827028bef4d}</UniqueIdentifier>
    </Filter>
    <Filter Include="Source Files\GUI">
      <UniqueIdentifier>{f185199d-8262-43ae-b8b9-0c9d1d18a112}</UniqueIdentifier>
    </Filter>
    <Filter Include="Source Files\buildMode">
      <UniqueIdentifier>{5cf7a510-31f9-4194-a05b-17b1517a8a9c}</UniqueIdentifier>
    </Filter>
    <Filter Include="Source Files\GameView\GuiViews">
      <UniqueIdentifier>{a320b1df-4e52-4874-a987-93cc06a6f01a}</UniqueIdentifier>
    </Filter>
    <Filter Include="Source Files\Shader\Group">
      <UniqueIdentifier>{70a9b502-6ec6-4268-92fb-a749441f3a4d}</UniqueIdentifier>
    </Filter>
    <Filter Include="Source Files\ParticleEffect">
      <UniqueIdentifier>{94488061-5153-4357-a150-1d0805c0f161}</UniqueIdentifier>
    </Filter>
    <Filter Include="Source Files\Event">
      <UniqueIdentifier>{c8f144b4-992f-4352-854e-a927d33f25e5}</UniqueIdentifier>
    </Filter>
    <Filter Include="Source Files\Event\EventPacket">
      <UniqueIdentifier>{bde6598f-3c2e-475b-ad5e-668a6b7ad690}</UniqueIdentifier>
    </Filter>
    <Filter Include="Source Files\GraphicsTest">
      <UniqueIdentifier>{3f6bc74a-c2f8-452a-9991-7a67030290f8}</UniqueIdentifier>
    </Filter>
    <Filter Include="Source Files\Sound">
      <UniqueIdentifier>{176f2cd1-fbf5-4541-a873-694473cd595b}</UniqueIdentifier>
    </Filter>
  </ItemGroup>
  <ItemGroup>
    <Text Include="ReadMe.txt" />
  </ItemGroup>
  <ItemGroup>
    <ClInclude Include="stdafx.h">
      <Filter>Header Files</Filter>
    </ClInclude>
    <ClInclude Include="targetver.h">
      <Filter>Header Files</Filter>
    </ClInclude>
    <ClInclude Include="Window.h">
      <Filter>Source Files</Filter>
    </ClInclude>
    <ClInclude Include="Vector4.h">
      <Filter>Source Files\Utility</Filter>
    </ClInclude>
    <ClInclude Include="Vector3.h">
      <Filter>Source Files\Utility</Filter>
    </ClInclude>
    <ClInclude Include="Matrix4.h">
      <Filter>Source Files\Utility</Filter>
    </ClInclude>
    <ClInclude Include="ComponentNode.h">
      <Filter>Source Files\Component</Filter>
    </ClInclude>
    <ClInclude Include="GeoNode.h">
      <Filter>Source Files\Geometry</Filter>
    </ClInclude>
    <ClInclude Include="Cube.h">
      <Filter>Source Files\Geometry</Filter>
    </ClInclude>
    <ClInclude Include="Transform.h">
      <Filter>Source Files\Utility</Filter>
    </ClInclude>
    <ClInclude Include="GameInfoPacket.h">
      <Filter>Source Files\NetPacket</Filter>
    </ClInclude>
    <ClInclude Include="Definition.h">
      <Filter>Header Files</Filter>
    </ClInclude>
    <ClInclude Include="GameView.h">
      <Filter>Source Files\GameView</Filter>
    </ClInclude>
    <ClInclude Include="PlayerInfo.h">
      <Filter>Source Files\NetPacket</Filter>
    </ClInclude>
    <ClInclude Include="ClientGame.h">
      <Filter>Source Files\NetPacket</Filter>
    </ClInclude>
    <ClInclude Include="ClientNetwork.h">
      <Filter>Source Files\NetPacket</Filter>
    </ClInclude>
    <ClInclude Include="NetworkData.h">
      <Filter>Source Files\NetPacket</Filter>
    </ClInclude>
    <ClInclude Include="NetworkServices.h">
      <Filter>Source Files\NetPacket</Filter>
    </ClInclude>
    <ClInclude Include="GamePacketManager.h">
      <Filter>Source Files\NetPacket</Filter>
    </ClInclude>
    <ClInclude Include="GameCore.h">
      <Filter>Source Files</Filter>
    </ClInclude>
    <ClInclude Include="GamePlayer.h">
      <Filter>Source Files\GamePlayer</Filter>
    </ClInclude>
    <ClInclude Include="GameInputInterface.h">
      <Filter>Source Files\Input</Filter>
    </ClInclude>
    <ClInclude Include="StandardGameInput.h">
      <Filter>Source Files\Input</Filter>
    </ClInclude>
    <ClInclude Include="Camera.h">
      <Filter>Source Files\Geometry</Filter>
    </ClInclude>
    <ClInclude Include="tiny_obj_loader.h">
      <Filter>Third Party</Filter>
    </ClInclude>
    <ClInclude Include="Model3D.h">
      <Filter>Source Files\Geometry</Filter>
    </ClInclude>
    <ClInclude Include="SOIL.h">
      <Filter>Third Party</Filter>
    </ClInclude>
    <ClInclude Include="stb_image_aug.h">
      <Filter>Third Party</Filter>
    </ClInclude>
    <ClInclude Include="stbi_DDS_aug.h">
      <Filter>Third Party</Filter>
    </ClInclude>
    <ClInclude Include="stbi_DDS_aug_c.h">
      <Filter>Third Party</Filter>
    </ClInclude>
    <ClInclude Include="image_DXT.h">
      <Filter>Third Party</Filter>
    </ClInclude>
    <ClInclude Include="image_helper.h">
      <Filter>Third Party</Filter>
    </ClInclude>
    <ClInclude Include="SkyBox.h">
      <Filter>Source Files\Geometry</Filter>
    </ClInclude>
    <ClInclude Include="resource.h">
      <Filter>Header Files</Filter>
    </ClInclude>
    <ClInclude Include="Plane.h">
      <Filter>Source Files\Geometry</Filter>
    </ClInclude>
    <ClInclude Include="guiGameInput.h">
      <Filter>Source Files\Input</Filter>
    </ClInclude>
    <ClInclude Include="Shader.h">
      <Filter>Source Files\Shader</Filter>
    </ClInclude>
    <ClInclude Include="robot.h">
      <Filter>Source Files\buildMode</Filter>
    </ClInclude>
    <ClInclude Include="block.h">
      <Filter>Source Files\buildMode</Filter>
    </ClInclude>
    <ClInclude Include="battleView.h">
      <Filter>Source Files\GameView\GuiViews</Filter>
    </ClInclude>
    <ClInclude Include="helpMenu.h">
      <Filter>Source Files\GameView\GuiViews</Filter>
    </ClInclude>
    <ClInclude Include="buildView.h">
      <Filter>Source Files\GameView\GuiViews</Filter>
    </ClInclude>
    <ClInclude Include="mainmenu.h">
      <Filter>Source Files\GameView\GuiViews</Filter>
    </ClInclude>
    <ClInclude Include="gui.h">
      <Filter>Source Files\GameView\GuiViews</Filter>
    </ClInclude>
    <ClInclude Include="TestView.h">
      <Filter>Header Files</Filter>
    </ClInclude>
    <ClInclude Include="Teapot.h">
      <Filter>Header Files</Filter>
    </ClInclude>
    <ClInclude Include="Light.h">
      <Filter>Header Files</Filter>
    </ClInclude>
    <ClInclude Include="background.h">
      <Filter>Source Files\GUI</Filter>
    </ClInclude>
    <ClInclude Include="buildTimer.h">
      <Filter>Source Files\GUI</Filter>
    </ClInclude>
    <ClInclude Include="button.h">
      <Filter>Source Files\GUI</Filter>
    </ClInclude>
    <ClInclude Include="guiItem.h">
      <Filter>Source Files\GUI</Filter>
    </ClInclude>
    <ClInclude Include="listItem.h">
      <Filter>Source Files\GUI</Filter>
    </ClInclude>
    <ClInclude Include="HardShadowView.h">
      <Filter>Source Files\GameView</Filter>
    </ClInclude>
    <ClInclude Include="TestView.h">
      <Filter>Source Files\GameView</Filter>
    </ClInclude>
    <ClInclude Include="Teapot.h">
      <Filter>Source Files\Geometry</Filter>
    </ClInclude>
    <ClInclude Include="Light.h">
      <Filter>Source Files\Geometry</Filter>
    </ClInclude>
    <ClInclude Include="scoreBox.h">
      <Filter>Source Files\GUI</Filter>
    </ClInclude>
    <ClInclude Include="scrollBox.h">
      <Filter>Source Files\GUI</Filter>
    </ClInclude>
    <ClInclude Include="viewFactory.h">
      <Filter>Source Files\GameView</Filter>
    </ClInclude>
    <ClInclude Include="numbers.h">
      <Filter>Source Files\GUI</Filter>
    </ClInclude>
    <ClInclude Include="buildViewInput.h">
      <Filter>Source Files\Input</Filter>
    </ClInclude>
    <ClInclude Include="letters.h">
      <Filter>Source Files\GUI</Filter>
    </ClInclude>
    <ClInclude Include="mainmenuinput.h">
      <Filter>Header Files</Filter>
    </ClInclude>
    <ClInclude Include="Model3DFactory.h">
      <Filter>Header Files</Filter>
    </ClInclude>
    <ClInclude Include="PacketDecoder.h">
      <Filter>Source Files\NetPacket</Filter>
    </ClInclude>
    <ClInclude Include="battletimer.h">
      <Filter>Source Files\GUI</Filter>
    </ClInclude>
    <ClInclude Include="RenderObject.h">
      <Filter>Source Files\Geometry</Filter>
    </ClInclude>
    <ClInclude Include="ShaderSystem.h">
      <Filter>Source Files\Shader</Filter>
    </ClInclude>
    <ClInclude Include="Fire.h">
      <Filter>Source Files\ParticleEffect</Filter>
    </ClInclude>
    <ClInclude Include="Particles.h">
      <Filter>Source Files\ParticleEffect</Filter>
    </ClInclude>
    <ClInclude Include="Grass.h">
      <Filter>Source Files\Geometry</Filter>
    </ClInclude>
    <ClInclude Include="Model3DGroup.h">
      <Filter>Source Files\Geometry</Filter>
    </ClInclude>
    <ClInclude Include="EventInfo.h">
      <Filter>Source Files\Event\EventPacket</Filter>
    </ClInclude>
    <ClInclude Include="EventDeath.h">
      <Filter>Source Files\Event\EventPacket</Filter>
    </ClInclude>
    <ClInclude Include="EventSystem.h">
      <Filter>Source Files\Event</Filter>
    </ClInclude>
    <ClInclude Include="EventParticle.h">
      <Filter>Source Files\Event\EventPacket</Filter>
    </ClInclude>
    <ClInclude Include="EventTimer.h">
      <Filter>Source Files\Event\EventPacket</Filter>
    </ClInclude>
    <ClInclude Include="EventScoreboard.h">
      <Filter>Source Files\Event\EventPacket</Filter>
    </ClInclude>
    <ClInclude Include="GraphicsTest.h">
      <Filter>Source Files\GraphicsTest</Filter>
    </ClInclude>
    <ClInclude Include="sound.h">
      <Filter>Source Files\Sound</Filter>
    </ClInclude>
    <ClInclude Include="numDisplay.h">
      <Filter>Source Files\GUI</Filter>
    </ClInclude>
    <ClInclude Include="healthBar.h">
      <Filter>Source Files\GUI</Filter>
    </ClInclude>
    <ClInclude Include="EventHealth.h">
      <Filter>Source Files\Event\EventPacket</Filter>
    </ClInclude>
    <ClInclude Include="EventCollision.h">
      <Filter>Source Files\Event\EventPacket</Filter>
    </ClInclude>
    <ClInclude Include="EventEmergency.h">
      <Filter>Source Files\Event\EventPacket</Filter>
    </ClInclude>
    <ClInclude Include="EventWaiting.h">
      <Filter>Source Files\Event\EventPacket</Filter>
    </ClInclude>
  </ItemGroup>
  <ItemGroup>
    <ClCompile Include="stdafx.cpp">
      <Filter>Source Files</Filter>
    </ClCompile>
    <ClCompile Include="CSE125Console.cpp">
      <Filter>Source Files</Filter>
    </ClCompile>
    <ClCompile Include="Window.cpp">
      <Filter>Source Files</Filter>
    </ClCompile>
    <ClCompile Include="Vector4.cpp">
      <Filter>Source Files\Utility</Filter>
    </ClCompile>
    <ClCompile Include="Vector3.cpp">
      <Filter>Source Files\Utility</Filter>
    </ClCompile>
    <ClCompile Include="Matrix4.cpp">
      <Filter>Source Files\Utility</Filter>
    </ClCompile>
    <ClCompile Include="ComponentNode.cpp">
      <Filter>Source Files\Component</Filter>
    </ClCompile>
    <ClCompile Include="GeoNode.cpp">
      <Filter>Source Files\Geometry</Filter>
    </ClCompile>
    <ClCompile Include="Cube.cpp">
      <Filter>Source Files\Geometry</Filter>
    </ClCompile>
    <ClCompile Include="Transform.cpp">
      <Filter>Source Files\Utility</Filter>
    </ClCompile>
    <ClCompile Include="GameInfoPacket.cpp">
      <Filter>Source Files\NetPacket</Filter>
    </ClCompile>
    <ClCompile Include="GameView.cpp">
      <Filter>Source Files\GameView</Filter>
    </ClCompile>
    <ClCompile Include="PlayerInfo.cpp">
      <Filter>Source Files\NetPacket</Filter>
    </ClCompile>
    <ClCompile Include="ClientGame.cpp">
      <Filter>Source Files\NetPacket</Filter>
    </ClCompile>
    <ClCompile Include="ClientNetwork.cpp">
      <Filter>Source Files\NetPacket</Filter>
    </ClCompile>
    <ClCompile Include="NetworkServices.cpp">
      <Filter>Source Files\NetPacket</Filter>
    </ClCompile>
    <ClCompile Include="GamePacketManager.cpp">
      <Filter>Source Files\NetPacket</Filter>
    </ClCompile>
    <ClCompile Include="GameCore.cpp">
      <Filter>Source Files</Filter>
    </ClCompile>
    <ClCompile Include="GamePlayer.cpp">
      <Filter>Source Files\GamePlayer</Filter>
    </ClCompile>
    <ClCompile Include="GameInputInterface.cpp">
      <Filter>Source Files\Input</Filter>
    </ClCompile>
    <ClCompile Include="StandardGameInput.cpp">
      <Filter>Source Files\Input</Filter>
    </ClCompile>
    <ClCompile Include="Camera.cpp">
      <Filter>Source Files\Geometry</Filter>
    </ClCompile>
    <ClCompile Include="tiny_obj_loader.cc">
      <Filter>Third Party</Filter>
    </ClCompile>
    <ClCompile Include="Model3D.cpp">
      <Filter>Source Files\Geometry</Filter>
    </ClCompile>
    <ClCompile Include="SOIL.c">
      <Filter>Third Party</Filter>
    </ClCompile>
    <ClCompile Include="stb_image_aug.c">
      <Filter>Third Party</Filter>
    </ClCompile>
    <ClCompile Include="image_DXT.c">
      <Filter>Third Party</Filter>
    </ClCompile>
    <ClCompile Include="image_helper.c">
      <Filter>Third Party</Filter>
    </ClCompile>
    <ClCompile Include="SkyBox.cpp">
      <Filter>Source Files\Geometry</Filter>
    </ClCompile>
    <ClCompile Include="Plane.cpp">
      <Filter>Source Files\Geometry</Filter>
    </ClCompile>
    <ClCompile Include="guiGameInput.cpp">
      <Filter>Source Files\Input</Filter>
    </ClCompile>
    <ClCompile Include="Shader.cpp">
      <Filter>Source Files\Shader</Filter>
    </ClCompile>
    <ClCompile Include="robot.cpp">
      <Filter>Source Files\buildMode</Filter>
    </ClCompile>
    <ClCompile Include="block.cpp">
      <Filter>Source Files\buildMode</Filter>
    </ClCompile>
    <ClCompile Include="battleView.cpp">
      <Filter>Source Files\GameView\GuiViews</Filter>
    </ClCompile>
    <ClCompile Include="helpMenu.cpp">
      <Filter>Source Files\GameView\GuiViews</Filter>
    </ClCompile>
    <ClCompile Include="buildView.cpp">
      <Filter>Source Files\GameView\GuiViews</Filter>
    </ClCompile>
    <ClCompile Include="mainmenu.cpp">
      <Filter>Source Files\GameView\GuiViews</Filter>
    </ClCompile>
    <ClCompile Include="gui.cpp">
      <Filter>Source Files\GameView\GuiViews</Filter>
    </ClCompile>
    <ClCompile Include="TestView.cpp">
      <Filter>Source Files\GameView</Filter>
    </ClCompile>
    <ClCompile Include="Teapot.cpp">
      <Filter>Source Files\Geometry</Filter>
    </ClCompile>
    <ClCompile Include="Light.cpp">
      <Filter>Source Files\Geometry</Filter>
    </ClCompile>
    <ClCompile Include="background.cpp">
      <Filter>Source Files\GUI</Filter>
    </ClCompile>
    <ClCompile Include="buildTimer.cpp">
      <Filter>Source Files\GUI</Filter>
    </ClCompile>
    <ClCompile Include="button.cpp">
      <Filter>Source Files\GUI</Filter>
    </ClCompile>
    <ClCompile Include="guiItem.cpp">
      <Filter>Source Files\GUI</Filter>
    </ClCompile>
    <ClCompile Include="listItem.cpp">
      <Filter>Source Files\GUI</Filter>
    </ClCompile>
    <ClCompile Include="numbers.cpp">
      <Filter>Source Files\GUI</Filter>
    </ClCompile>
    <ClCompile Include="scoreBox.cpp">
      <Filter>Source Files\GUI</Filter>
    </ClCompile>
    <ClCompile Include="scrollBox.cpp">
      <Filter>Source Files\GUI</Filter>
    </ClCompile>
    <ClCompile Include="viewFactory.cpp">
      <Filter>Source Files\GameView</Filter>
    </ClCompile>
    <ClCompile Include="HardShadowView.cpp">
      <Filter>Source Files</Filter>
    </ClCompile>
    <ClCompile Include="mainmenuinput.cpp">
      <Filter>Source Files\Input</Filter>
    </ClCompile>
    <ClCompile Include="PacketDecoder.cpp">
      <Filter>Source Files\NetPacket</Filter>
    </ClCompile>
    <ClCompile Include="buildViewInput.cpp">
      <Filter>Source Files\Input</Filter>
    </ClCompile>
    <ClCompile Include="letters.cpp">
      <Filter>Source Files\GUI</Filter>
    </ClCompile>
    <ClCompile Include="Model3DFactory.cpp">
      <Filter>Source Files</Filter>
    </ClCompile>
    <ClCompile Include="PacketDecoder.cpp">
      <Filter>Source Files\NetPacket</Filter>
    </ClCompile>
    <ClCompile Include="battletimer.cpp">
      <Filter>Source Files\GUI</Filter>
    </ClCompile>
    <ClCompile Include="RenderObject.cpp">
      <Filter>Source Files\Geometry</Filter>
    </ClCompile>
    <ClCompile Include="ShaderSystem.cpp">
      <Filter>Source Files\Shader</Filter>
    </ClCompile>
    <ClCompile Include="Fire.cpp">
      <Filter>Source Files\ParticleEffect</Filter>
    </ClCompile>
    <ClCompile Include="Particles.cpp">
      <Filter>Source Files\ParticleEffect</Filter>
    </ClCompile>
    <ClCompile Include="Grass.cpp">
      <Filter>Source Files\Geometry</Filter>
    </ClCompile>
    <ClCompile Include="Model3DGroup.cpp">
      <Filter>Source Files\Geometry</Filter>
    </ClCompile>
    <ClCompile Include="EventInfo.cpp">
      <Filter>Source Files\Event\EventPacket</Filter>
    </ClCompile>
    <ClCompile Include="EventDeath.cpp">
      <Filter>Source Files\Event\EventPacket</Filter>
    </ClCompile>
    <ClCompile Include="EventSystem.cpp">
      <Filter>Source Files\Event</Filter>
    </ClCompile>
    <ClCompile Include="EventParticle.cpp">
      <Filter>Source Files\Event\EventPacket</Filter>
    </ClCompile>
    <ClCompile Include="EventTimer.cpp">
      <Filter>Source Files\Event\EventPacket</Filter>
    </ClCompile>
    <ClCompile Include="EventScoreboard.cpp">
      <Filter>Source Files\Event\EventPacket</Filter>
    </ClCompile>
    <ClCompile Include="GraphicsTest.cpp">
      <Filter>Source Files\GraphicsTest</Filter>
    </ClCompile>
    <ClCompile Include="sound.cpp">
      <Filter>Source Files\Sound</Filter>
    </ClCompile>
    <ClCompile Include="numDisplay.cpp">
      <Filter>Source Files\GUI</Filter>
    </ClCompile>
    <ClCompile Include="healthBar.cpp">
      <Filter>Source Files\GUI</Filter>
    </ClCompile>
    <ClCompile Include="EventHealth.cpp">
      <Filter>Source Files\Event\EventPacket</Filter>
    </ClCompile>
    <ClCompile Include="EventCollision.cpp">
      <Filter>Source Files\Event\EventPacket</Filter>
    </ClCompile>
    <ClCompile Include="EventEmergency.cpp">
      <Filter>Source Files\Event\EventPacket</Filter>
    </ClCompile>
    <ClCompile Include="EventWaiting.cpp">
      <Filter>Source Files\Event\EventPacket</Filter>
    </ClCompile>
  </ItemGroup>
  <ItemGroup>
    <ResourceCompile Include="CSE125Console.rc">
      <Filter>Resource Files</Filter>
    </ResourceCompile>
  </ItemGroup>
  <ItemGroup>
    <None Include="FragmentShader.frag">
      <Filter>Source Files\Shader</Filter>
    </None>
    <None Include="hard_shadow.vert">
      <Filter>Source Files\Shader</Filter>
    </None>
    <None Include="hard_shadow.frag">
      <Filter>Source Files\Shader</Filter>
    </None>
    <None Include="better.frag">
      <Filter>Source Files\Shader\Group</Filter>
    </None>
    <None Include="better.vert">
      <Filter>Source Files\Shader\Group</Filter>
    </None>
    <None Include="reflect.vert">
      <Filter>Source Files\Shader\Group</Filter>
    </None>
    <None Include="reflect.frag">
      <Filter>Source Files\Shader\Group</Filter>
    </None>
    <None Include="shadow.frag">
      <Filter>Source Files\Shader\Group</Filter>
    </None>
    <None Include="shadow.vert">
      <Filter>Source Files\Shader\Group</Filter>
    </None>
    <None Include="highlight.vert">
      <Filter>Source Files\Shader\Group</Filter>
    </None>
    <None Include="highlight.frag">
      <Filter>Source Files\Shader\Group</Filter>
    </None>
    <None Include="refract.vert">
      <Filter>Source Files\Shader\Group</Filter>
    </None>
    <None Include="refract.frag">
      <Filter>Source Files\Shader\Group</Filter>
    </None>
    <None Include="grass.frag">
      <Filter>Source Files\Shader</Filter>
    </None>
    <None Include="grass.vert">
      <Filter>Source Files\Shader</Filter>
    </None>
    <None Include="skybox.frag">
      <Filter>Source Files\Shader\Group</Filter>
    </None>
    <None Include="skybox.vert">
      <Filter>Source Files\Shader\Group</Filter>
    </None>
    <None Include="edge.vert">
      <Filter>Source Files\Shader\Group</Filter>
    </None>
    <None Include="edge.frag">
      <Filter>Source Files\Shader\Group</Filter>
    </None>
    <None Include="normal.vert">
      <Filter>Source Files\Shader\Group</Filter>
    </None>
    <None Include="normal.frag">
      <Filter>Source Files\Shader\Group</Filter>
    </None>
    <None Include="blur.vert">
      <Filter>Source Files\Shader\Group</Filter>
    </None>
    <None Include="blur.frag">
      <Filter>Source Files\Shader\Group</Filter>
    </None>
  </ItemGroup>
</Project>